{
	"name": "@loopback/authorization",
	"version": "0.7.7",
	"lockfileVersion": 2,
	"requires": true,
	"packages": {
		"": {
			"name": "@loopback/authorization",
			"version": "0.7.7",
			"license": "MIT",
			"dependencies": {
				"debug": "^4.3.1",
				"tslib": "^2.1.0"
			},
			"devDependencies": {
				"@types/debug": "^4.1.5",
				"@types/node": "10.17.55",
				"casbin": "^5.4.2"
			},
			"engines": {
				"node": "^10.16 || 12 || 14 || 15"
			},
			"peerDependencies": {
				"@loopback/core": "^2.14.1"
			}
		},
		"node_modules/@loopback/context": {
			"version": "3.14.1",
			"resolved": "https://registry.npmjs.org/@loopback/context/-/context-3.14.1.tgz",
			"integrity": "sha512-67uTs4qQqMJMX3uT3MkYad/v17ZDulTtLv9bKP8n9UdO4RUBn2yTdbm3lVf15Wx4FTGdHZDD2Qd/C90YKSNeZQ==",
			"peer": true,
			"dependencies": {
				"@loopback/metadata": "^3.1.1",
				"@types/debug": "^4.1.5",
				"debug": "^4.3.1",
				"hyperid": "^2.1.0",
				"p-event": "^4.2.0",
				"tslib": "^2.1.0",
				"uuid": "^8.3.2"
			},
			"engines": {
				"node": "^10.16 || 12 || 14 || 15"
			}
		},
		"node_modules/@loopback/core": {
			"version": "2.14.1",
			"resolved": "https://registry.npmjs.org/@loopback/core/-/core-2.14.1.tgz",
			"integrity": "sha512-HLNxavnJStikRhFHwaN4oLyuPHpGIDCxJnLlXsC4gv1RorsYMDnE1xxx5Ao+9Xr/JIK4hIA5n77b3uyxrfANqg==",
			"peer": true,
			"dependencies": {
				"@loopback/context": "^3.14.1",
				"debug": "^4.3.1",
				"tslib": "^2.1.0"
			},
			"engines": {
				"node": "^10.16 || 12 || 14 || 15"
			}
		},
		"node_modules/@loopback/metadata": {
			"version": "3.1.1",
			"resolved": "https://registry.npmjs.org/@loopback/metadata/-/metadata-3.1.1.tgz",
			"integrity": "sha512-LvZRVE9Vc72eSmkeQu/dlOuFnxcz4qtpuKInYmEn5Vu1MlQOXUtGq8AvKBiMdwRkRvWtOsfzSPlkqG1do5xgJQ==",
			"peer": true,
			"dependencies": {
				"debug": "^4.3.1",
				"lodash": "^4.17.20",
				"reflect-metadata": "^0.1.13",
				"tslib": "^2.1.0"
			},
			"engines": {
				"node": "^10.16 || 12 || 14 || 15"
			}
		},
		"node_modules/@types/debug": {
			"version": "4.1.5",
			"resolved": "https://registry.npmjs.org/@types/debug/-/debug-4.1.5.tgz",
			"integrity": "sha512-Q1y515GcOdTHgagaVFhHnIFQ38ygs/kmxdNpvpou+raI9UO3YZcHDngBSYKQklcKlvA7iuQlmIKbzvmxcOE9CQ=="
		},
		"node_modules/@types/node": {
			"version": "10.17.55",
			"resolved": "https://registry.npmjs.org/@types/node/-/node-10.17.55.tgz",
			"integrity": "sha512-koZJ89uLZufDvToeWO5BrC4CR4OUfHnUz2qoPs/daQH6qq3IN62QFxCTZ+bKaCE0xaoCAJYE4AXre8AbghCrhg==",
			"dev": true
		},
		"node_modules/await-lock": {
			"version": "2.1.0",
			"resolved": "https://registry.npmjs.org/await-lock/-/await-lock-2.1.0.tgz",
			"integrity": "sha512-t7Zm5YGgEEc/3eYAicF32m/TNvL+XOeYZy9CvBUeJY/szM7frLolFylhrlZNWV/ohWhcUXygrBGjYmoQdxF4CQ==",
			"dev": true
		},
		"node_modules/braces": {
			"version": "3.0.2",
			"resolved": "https://registry.npmjs.org/braces/-/braces-3.0.2.tgz",
			"integrity": "sha512-b8um+L1RzM3WDSzvhm6gIz1yfTbBt6YTlcEKAvsmqCZZFw46z626lVj9j1yEPW33H5H+lBQpZMP1k8l+78Ha0A==",
			"dev": true,
			"dependencies": {
				"fill-range": "^7.0.1"
			},
			"engines": {
				"node": ">=8"
			}
		},
		"node_modules/casbin": {
			"version": "5.4.2",
			"resolved": "https://registry.npmjs.org/casbin/-/casbin-5.4.2.tgz",
			"integrity": "sha512-SYMPq/YvY1Gxkcx+UOo5yKaSeHYPr81Fda4o09g+6RMnfd6qUcMXe57xHgZbIIgUn0buFFr/qE6MBDf8pN2D+A==",
			"dev": true,
			"dependencies": {
				"await-lock": "^2.0.1",
				"csv-parse": "^4.15.3",
				"expression-eval": "^2.0.0",
				"ip": "^1.1.5",
				"micromatch": "^4.0.2"
			}
		},
		"node_modules/csv-parse": {
			"version": "4.15.3",
			"resolved": "https://registry.npmjs.org/csv-parse/-/csv-parse-4.15.3.tgz",
			"integrity": "sha512-jlTqDvLdHnYMSr08ynNfk4IAUSJgJjTKy2U5CQBSu4cN9vQOJonLVZP4Qo4gKKrIgIQ5dr07UwOJdi+lRqT12w==",
			"dev": true
		},
		"node_modules/debug": {
			"version": "4.3.1",
			"resolved": "https://registry.npmjs.org/debug/-/debug-4.3.1.tgz",
			"integrity": "sha512-doEwdvm4PCeK4K3RQN2ZC2BYUBaxwLARCqZmMjtF8a51J2Rb0xpVloFRnCODwqjpwnAoao4pelN8l3RJdv3gRQ==",
			"dependencies": {
				"ms": "2.1.2"
			},
			"engines": {
				"node": ">=6.0"
			},
			"peerDependenciesMeta": {
				"supports-color": {
					"optional": true
				}
			}
		},
		"node_modules/expression-eval": {
			"version": "2.1.0",
			"resolved": "https://registry.npmjs.org/expression-eval/-/expression-eval-2.1.0.tgz",
			"integrity": "sha512-FUJO/Akvl/JOWkvlqZaqbkhsEWlCJWDeZG4tzX96UH68D9FeRgYgtb55C2qtqbORC0Q6x5419EDjWu4IT9kQfg==",
			"dev": true,
			"dependencies": {
				"jsep": "^0.3.0"
			}
		},
		"node_modules/fill-range": {
			"version": "7.0.1",
			"resolved": "https://registry.npmjs.org/fill-range/-/fill-range-7.0.1.tgz",
			"integrity": "sha512-qOo9F+dMUmC2Lcb4BbVvnKJxTPjCm+RRpe4gDuGrzkL7mEVl/djYSu2OdQ2Pa302N4oqkSg9ir6jaLWJ2USVpQ==",
			"dev": true,
			"dependencies": {
				"to-regex-range": "^5.0.1"
			},
			"engines": {
				"node": ">=8"
			}
		},
		"node_modules/hyperid": {
			"version": "2.1.0",
			"resolved": "https://registry.npmjs.org/hyperid/-/hyperid-2.1.0.tgz",
			"integrity": "sha512-cSakhxbUsaIuqjfvvcUuvl/Fl342J65xgLLYrYxSSr9qmJ/EJK+S8crS6mIlQd/a7i+Pe4D0MgSrtZPLze+aCw==",
			"peer": true,
			"dependencies": {
				"uuid": "^3.4.0",
				"uuid-parse": "^1.1.0"
			}
		},
		"node_modules/hyperid/node_modules/uuid": {
			"version": "3.4.0",
			"resolved": "https://registry.npmjs.org/uuid/-/uuid-3.4.0.tgz",
			"integrity": "sha512-HjSDRw6gZE5JMggctHBcjVak08+KEVhSIiDzFnT9S9aegmp85S/bReBVTb4QTFaRNptJ9kuYaNhnbNEOkbKb/A==",
			"peer": true,
			"bin": {
				"uuid": "bin/uuid"
			}
		},
		"node_modules/ip": {
			"version": "1.1.5",
			"resolved": "https://registry.npmjs.org/ip/-/ip-1.1.5.tgz",
			"integrity": "sha1-vd7XARQpCCjAoDnnLvJfWq7ENUo=",
			"dev": true
		},
		"node_modules/is-number": {
			"version": "7.0.0",
			"resolved": "https://registry.npmjs.org/is-number/-/is-number-7.0.0.tgz",
			"integrity": "sha512-41Cifkg6e8TylSpdtTpeLVMqvSBEVzTttHvERD741+pnZ8ANv0004MRL43QKPDlK9cGvNp6NZWZUBlbGXYxxng==",
			"dev": true,
			"engines": {
				"node": ">=0.12.0"
			}
		},
		"node_modules/jsep": {
			"version": "0.3.5",
			"resolved": "https://registry.npmjs.org/jsep/-/jsep-0.3.5.tgz",
			"integrity": "sha512-AoRLBDc6JNnKjNcmonituEABS5bcfqDhQAWWXNTFrqu6nVXBpBAGfcoTGZMFlIrh9FjmE1CQyX9CTNwZrXMMDA==",
			"dev": true,
			"engines": {
				"node": ">= 6.0.0"
			}
		},
		"node_modules/lodash": {
			"version": "4.17.21",
			"resolved": "https://registry.npmjs.org/lodash/-/lodash-4.17.21.tgz",
			"integrity": "sha512-v2kDEe57lecTulaDIuNTPy3Ry4gLGJ6Z1O3vE1krgXZNrsQ+LFTGHVxVjcXPs17LhbZVGedAJv8XZ1tvj5FvSg==",
			"peer": true
		},
		"node_modules/micromatch": {
			"version": "4.0.2",
			"resolved": "https://registry.npmjs.org/micromatch/-/micromatch-4.0.2.tgz",
			"integrity": "sha512-y7FpHSbMUMoyPbYUSzO6PaZ6FyRnQOpHuKwbo1G+Knck95XVU4QAiKdGEnj5wwoS7PlOgthX/09u5iFJ+aYf5Q==",
			"dev": true,
			"dependencies": {
				"braces": "^3.0.1",
				"picomatch": "^2.0.5"
			},
			"engines": {
				"node": ">=8"
			}
		},
		"node_modules/ms": {
			"version": "2.1.2",
			"resolved": "https://registry.npmjs.org/ms/-/ms-2.1.2.tgz",
			"integrity": "sha512-sGkPx+VjMtmA6MX27oA4FBFELFCZZ4S4XqeGOXCv68tT+jb3vk/RyaKWP0PTKyWtmLSM0b+adUTEvbs1PEaH2w=="
		},
		"node_modules/p-event": {
			"version": "4.2.0",
			"resolved": "https://registry.npmjs.org/p-event/-/p-event-4.2.0.tgz",
			"integrity": "sha512-KXatOjCRXXkSePPb1Nbi0p0m+gQAwdlbhi4wQKJPI1HsMQS9g+Sqp2o+QHziPr7eYJyOZet836KoHEVM1mwOrQ==",
			"peer": true,
			"dependencies": {
				"p-timeout": "^3.1.0"
			},
			"engines": {
				"node": ">=8"
			},
			"funding": {
				"url": "https://github.com/sponsors/sindresorhus"
			}
		},
		"node_modules/p-finally": {
			"version": "1.0.0",
			"resolved": "https://registry.npmjs.org/p-finally/-/p-finally-1.0.0.tgz",
			"integrity": "sha1-P7z7FbiZpEEjs0ttzBi3JDNqLK4=",
			"peer": true,
			"engines": {
				"node": ">=4"
			}
		},
		"node_modules/p-timeout": {
			"version": "3.2.0",
			"resolved": "https://registry.npmjs.org/p-timeout/-/p-timeout-3.2.0.tgz",
			"integrity": "sha512-rhIwUycgwwKcP9yTOOFK/AKsAopjjCakVqLHePO3CC6Mir1Z99xT+R63jZxAT5lFZLa2inS5h+ZS2GvR99/FBg==",
			"peer": true,
			"dependencies": {
				"p-finally": "^1.0.0"
			},
			"engines": {
				"node": ">=8"
			}
		},
		"node_modules/picomatch": {
			"version": "2.2.2",
			"resolved": "https://registry.npmjs.org/picomatch/-/picomatch-2.2.2.tgz",
			"integrity": "sha512-q0M/9eZHzmr0AulXyPwNfZjtwZ/RBZlbN3K3CErVrk50T2ASYI7Bye0EvekFY3IP1Nt2DHu0re+V2ZHIpMkuWg==",
			"dev": true,
			"engines": {
				"node": ">=8.6"
			},
			"funding": {
				"url": "https://github.com/sponsors/jonschlinkert"
			}
		},
		"node_modules/reflect-metadata": {
			"version": "0.1.13",
			"resolved": "https://registry.npmjs.org/reflect-metadata/-/reflect-metadata-0.1.13.tgz",
			"integrity": "sha512-Ts1Y/anZELhSsjMcU605fU9RE4Oi3p5ORujwbIKXfWa+0Zxs510Qrmrce5/Jowq3cHSZSJqBjypxmHarc+vEWg==",
			"peer": true
		},
		"node_modules/to-regex-range": {
			"version": "5.0.1",
			"resolved": "https://registry.npmjs.org/to-regex-range/-/to-regex-range-5.0.1.tgz",
			"integrity": "sha512-65P7iz6X5yEr1cwcgvQxbbIw7Uk3gOy5dIdtZ4rDveLqhrdJP+Li/Hx6tyK0NEb+2GCyneCMJiGqrADCSNk8sQ==",
			"dev": true,
			"dependencies": {
				"is-number": "^7.0.0"
			},
			"engines": {
				"node": ">=8.0"
			}
		},
		"node_modules/tslib": {
			"version": "2.1.0",
			"resolved": "https://registry.npmjs.org/tslib/-/tslib-2.1.0.tgz",
			"integrity": "sha512-hcVC3wYEziELGGmEEXue7D75zbwIIVUMWAVbHItGPx0ziyXxrOMQx4rQEVEV45Ut/1IotuEvwqPopzIOkDMf0A=="
		},
		"node_modules/uuid": {
			"version": "8.3.2",
			"resolved": "https://registry.npmjs.org/uuid/-/uuid-8.3.2.tgz",
			"integrity": "sha512-+NYs2QeMWy+GWFOEm9xnn6HCDp0l7QBD7ml8zLUmJ+93Q5NF0NocErnwkTkXVFNiX3/fpC6afS8Dhb/gz7R7eg==",
			"peer": true,
			"bin": {
				"uuid": "dist/bin/uuid"
			}
		},
		"node_modules/uuid-parse": {
			"version": "1.1.0",
			"resolved": "https://registry.npmjs.org/uuid-parse/-/uuid-parse-1.1.0.tgz",
			"integrity": "sha512-OdmXxA8rDsQ7YpNVbKSJkNzTw2I+S5WsbMDnCtIWSQaosNAcWtFuI/YK1TjzUI6nbkgiqEyh8gWngfcv8Asd9A==",
			"peer": true
		}
	},
	"dependencies": {
		"@loopback/context": {
			"version": "3.14.1",
			"resolved": "https://registry.npmjs.org/@loopback/context/-/context-3.14.1.tgz",
			"integrity": "sha512-67uTs4qQqMJMX3uT3MkYad/v17ZDulTtLv9bKP8n9UdO4RUBn2yTdbm3lVf15Wx4FTGdHZDD2Qd/C90YKSNeZQ==",
			"peer": true,
			"requires": {
				"@loopback/metadata": "^3.1.1",
				"@types/debug": "^4.1.5",
				"debug": "^4.3.1",
				"hyperid": "^2.1.0",
				"p-event": "^4.2.0",
				"tslib": "^2.1.0",
				"uuid": "^8.3.2"
			}
		},
		"@loopback/core": {
			"version": "2.14.1",
			"resolved": "https://registry.npmjs.org/@loopback/core/-/core-2.14.1.tgz",
			"integrity": "sha512-HLNxavnJStikRhFHwaN4oLyuPHpGIDCxJnLlXsC4gv1RorsYMDnE1xxx5Ao+9Xr/JIK4hIA5n77b3uyxrfANqg==",
			"peer": true,
			"requires": {
				"@loopback/context": "^3.14.1",
				"debug": "^4.3.1",
				"tslib": "^2.1.0"
			}
		},
		"@loopback/metadata": {
			"version": "3.1.1",
			"resolved": "https://registry.npmjs.org/@loopback/metadata/-/metadata-3.1.1.tgz",
			"integrity": "sha512-LvZRVE9Vc72eSmkeQu/dlOuFnxcz4qtpuKInYmEn5Vu1MlQOXUtGq8AvKBiMdwRkRvWtOsfzSPlkqG1do5xgJQ==",
			"peer": true,
			"requires": {
				"debug": "^4.3.1",
				"lodash": "^4.17.20",
				"reflect-metadata": "^0.1.13",
				"tslib": "^2.1.0"
			}
		},
		"@types/debug": {
			"version": "4.1.5",
			"resolved": "https://registry.npmjs.org/@types/debug/-/debug-4.1.5.tgz",
			"integrity": "sha512-Q1y515GcOdTHgagaVFhHnIFQ38ygs/kmxdNpvpou+raI9UO3YZcHDngBSYKQklcKlvA7iuQlmIKbzvmxcOE9CQ=="
		},
		"@types/node": {
			"version": "10.17.55",
			"resolved": "https://registry.npmjs.org/@types/node/-/node-10.17.55.tgz",
			"integrity": "sha512-koZJ89uLZufDvToeWO5BrC4CR4OUfHnUz2qoPs/daQH6qq3IN62QFxCTZ+bKaCE0xaoCAJYE4AXre8AbghCrhg==",
			"dev": true
		},
		"await-lock": {
			"version": "2.1.0",
			"resolved": "https://registry.npmjs.org/await-lock/-/await-lock-2.1.0.tgz",
			"integrity": "sha512-t7Zm5YGgEEc/3eYAicF32m/TNvL+XOeYZy9CvBUeJY/szM7frLolFylhrlZNWV/ohWhcUXygrBGjYmoQdxF4CQ==",
			"dev": true
		},
		"braces": {
			"version": "3.0.2",
			"resolved": "https://registry.npmjs.org/braces/-/braces-3.0.2.tgz",
			"integrity": "sha512-b8um+L1RzM3WDSzvhm6gIz1yfTbBt6YTlcEKAvsmqCZZFw46z626lVj9j1yEPW33H5H+lBQpZMP1k8l+78Ha0A==",
			"dev": true,
			"requires": {
				"fill-range": "^7.0.1"
			}
		},
		"casbin": {
			"version": "5.4.2",
			"resolved": "https://registry.npmjs.org/casbin/-/casbin-5.4.2.tgz",
			"integrity": "sha512-SYMPq/YvY1Gxkcx+UOo5yKaSeHYPr81Fda4o09g+6RMnfd6qUcMXe57xHgZbIIgUn0buFFr/qE6MBDf8pN2D+A==",
			"dev": true,
			"requires": {
				"await-lock": "^2.0.1",
				"csv-parse": "^4.15.3",
				"expression-eval": "^2.0.0",
				"ip": "^1.1.5",
				"micromatch": "^4.0.2"
			}
		},
		"csv-parse": {
			"version": "4.15.3",
			"resolved": "https://registry.npmjs.org/csv-parse/-/csv-parse-4.15.3.tgz",
			"integrity": "sha512-jlTqDvLdHnYMSr08ynNfk4IAUSJgJjTKy2U5CQBSu4cN9vQOJonLVZP4Qo4gKKrIgIQ5dr07UwOJdi+lRqT12w==",
			"dev": true
		},
		"debug": {
			"version": "4.3.1",
			"resolved": "https://registry.npmjs.org/debug/-/debug-4.3.1.tgz",
			"integrity": "sha512-doEwdvm4PCeK4K3RQN2ZC2BYUBaxwLARCqZmMjtF8a51J2Rb0xpVloFRnCODwqjpwnAoao4pelN8l3RJdv3gRQ==",
			"requires": {
				"ms": "2.1.2"
			}
		},
		"expression-eval": {
			"version": "2.1.0",
			"resolved": "https://registry.npmjs.org/expression-eval/-/expression-eval-2.1.0.tgz",
			"integrity": "sha512-FUJO/Akvl/JOWkvlqZaqbkhsEWlCJWDeZG4tzX96UH68D9FeRgYgtb55C2qtqbORC0Q6x5419EDjWu4IT9kQfg==",
			"dev": true,
			"requires": {
				"jsep": "^0.3.0"
			}
		},
		"fill-range": {
			"version": "7.0.1",
			"resolved": "https://registry.npmjs.org/fill-range/-/fill-range-7.0.1.tgz",
			"integrity": "sha512-qOo9F+dMUmC2Lcb4BbVvnKJxTPjCm+RRpe4gDuGrzkL7mEVl/djYSu2OdQ2Pa302N4oqkSg9ir6jaLWJ2USVpQ==",
			"dev": true,
			"requires": {
				"to-regex-range": "^5.0.1"
			}
		},
		"hyperid": {
			"version": "2.1.0",
			"resolved": "https://registry.npmjs.org/hyperid/-/hyperid-2.1.0.tgz",
			"integrity": "sha512-cSakhxbUsaIuqjfvvcUuvl/Fl342J65xgLLYrYxSSr9qmJ/EJK+S8crS6mIlQd/a7i+Pe4D0MgSrtZPLze+aCw==",
			"peer": true,
			"requires": {
				"uuid": "^3.4.0",
				"uuid-parse": "^1.1.0"
			},
			"dependencies": {
				"uuid": {
					"version": "3.4.0",
					"resolved": "https://registry.npmjs.org/uuid/-/uuid-3.4.0.tgz",
					"integrity": "sha512-HjSDRw6gZE5JMggctHBcjVak08+KEVhSIiDzFnT9S9aegmp85S/bReBVTb4QTFaRNptJ9kuYaNhnbNEOkbKb/A==",
					"peer": true
				}
			}
		},
		"ip": {
			"version": "1.1.5",
			"resolved": "https://registry.npmjs.org/ip/-/ip-1.1.5.tgz",
			"integrity": "sha1-vd7XARQpCCjAoDnnLvJfWq7ENUo=",
			"dev": true
		},
		"is-number": {
			"version": "7.0.0",
			"resolved": "https://registry.npmjs.org/is-number/-/is-number-7.0.0.tgz",
			"integrity": "sha512-41Cifkg6e8TylSpdtTpeLVMqvSBEVzTttHvERD741+pnZ8ANv0004MRL43QKPDlK9cGvNp6NZWZUBlbGXYxxng==",
			"dev": true
		},
		"jsep": {
			"version": "0.3.5",
			"resolved": "https://registry.npmjs.org/jsep/-/jsep-0.3.5.tgz",
			"integrity": "sha512-AoRLBDc6JNnKjNcmonituEABS5bcfqDhQAWWXNTFrqu6nVXBpBAGfcoTGZMFlIrh9FjmE1CQyX9CTNwZrXMMDA==",
			"dev": true
		},
		"lodash": {
			"version": "4.17.21",
			"resolved": "https://registry.npmjs.org/lodash/-/lodash-4.17.21.tgz",
			"integrity": "sha512-v2kDEe57lecTulaDIuNTPy3Ry4gLGJ6Z1O3vE1krgXZNrsQ+LFTGHVxVjcXPs17LhbZVGedAJv8XZ1tvj5FvSg==",
			"peer": true
		},
		"micromatch": {
			"version": "4.0.2",
			"resolved": "https://registry.npmjs.org/micromatch/-/micromatch-4.0.2.tgz",
			"integrity": "sha512-y7FpHSbMUMoyPbYUSzO6PaZ6FyRnQOpHuKwbo1G+Knck95XVU4QAiKdGEnj5wwoS7PlOgthX/09u5iFJ+aYf5Q==",
			"dev": true,
			"requires": {
				"braces": "^3.0.1",
				"picomatch": "^2.0.5"
			}
		},
		"ms": {
			"version": "2.1.2",
			"resolved": "https://registry.npmjs.org/ms/-/ms-2.1.2.tgz",
			"integrity": "sha512-sGkPx+VjMtmA6MX27oA4FBFELFCZZ4S4XqeGOXCv68tT+jb3vk/RyaKWP0PTKyWtmLSM0b+adUTEvbs1PEaH2w=="
		},
		"p-event": {
			"version": "4.2.0",
			"resolved": "https://registry.npmjs.org/p-event/-/p-event-4.2.0.tgz",
			"integrity": "sha512-KXatOjCRXXkSePPb1Nbi0p0m+gQAwdlbhi4wQKJPI1HsMQS9g+Sqp2o+QHziPr7eYJyOZet836KoHEVM1mwOrQ==",
			"peer": true,
			"requires": {
				"p-timeout": "^3.1.0"
			}
		},
		"p-finally": {
			"version": "1.0.0",
			"resolved": "https://registry.npmjs.org/p-finally/-/p-finally-1.0.0.tgz",
			"integrity": "sha1-P7z7FbiZpEEjs0ttzBi3JDNqLK4=",
			"peer": true
		},
		"p-timeout": {
			"version": "3.2.0",
			"resolved": "https://registry.npmjs.org/p-timeout/-/p-timeout-3.2.0.tgz",
			"integrity": "sha512-rhIwUycgwwKcP9yTOOFK/AKsAopjjCakVqLHePO3CC6Mir1Z99xT+R63jZxAT5lFZLa2inS5h+ZS2GvR99/FBg==",
			"peer": true,
			"requires": {
				"p-finally": "^1.0.0"
			}
		},
		"picomatch": {
			"version": "2.2.2",
			"resolved": "https://registry.npmjs.org/picomatch/-/picomatch-2.2.2.tgz",
			"integrity": "sha512-q0M/9eZHzmr0AulXyPwNfZjtwZ/RBZlbN3K3CErVrk50T2ASYI7Bye0EvekFY3IP1Nt2DHu0re+V2ZHIpMkuWg==",
			"dev": true
		},
		"reflect-metadata": {
			"version": "0.1.13",
			"resolved": "https://registry.npmjs.org/reflect-metadata/-/reflect-metadata-0.1.13.tgz",
			"integrity": "sha512-Ts1Y/anZELhSsjMcU605fU9RE4Oi3p5ORujwbIKXfWa+0Zxs510Qrmrce5/Jowq3cHSZSJqBjypxmHarc+vEWg==",
			"peer": true
		},
		"to-regex-range": {
			"version": "5.0.1",
			"resolved": "https://registry.npmjs.org/to-regex-range/-/to-regex-range-5.0.1.tgz",
			"integrity": "sha512-65P7iz6X5yEr1cwcgvQxbbIw7Uk3gOy5dIdtZ4rDveLqhrdJP+Li/Hx6tyK0NEb+2GCyneCMJiGqrADCSNk8sQ==",
			"dev": true,
			"requires": {
				"is-number": "^7.0.0"
			}
		},
		"tslib": {
			"version": "2.1.0",
			"resolved": "https://registry.npmjs.org/tslib/-/tslib-2.1.0.tgz",
			"integrity": "sha512-hcVC3wYEziELGGmEEXue7D75zbwIIVUMWAVbHItGPx0ziyXxrOMQx4rQEVEV45Ut/1IotuEvwqPopzIOkDMf0A=="
		},
		"uuid": {
			"version": "8.3.2",
			"resolved": "https://registry.npmjs.org/uuid/-/uuid-8.3.2.tgz",
			"integrity": "sha512-+NYs2QeMWy+GWFOEm9xnn6HCDp0l7QBD7ml8zLUmJ+93Q5NF0NocErnwkTkXVFNiX3/fpC6afS8Dhb/gz7R7eg==",
			"peer": true
		},
		"uuid-parse": {
			"version": "1.1.0",
			"resolved": "https://registry.npmjs.org/uuid-parse/-/uuid-parse-1.1.0.tgz",
			"integrity": "sha512-OdmXxA8rDsQ7YpNVbKSJkNzTw2I+S5WsbMDnCtIWSQaosNAcWtFuI/YK1TjzUI6nbkgiqEyh8gWngfcv8Asd9A==",
			"peer": true
		}
	}
}
