{
	"name": "@loopback/rest-crud",
	"version": "0.2.0",
	"lockfileVersion": 1,
	"requires": true,
	"dependencies": {
		"@types/node": {
			"version": "10.14.17",
			"resolved": "https://registry.npmjs.org/@types/node/-/node-10.14.17.tgz",
			"integrity": "sha512-p/sGgiPaathCfOtqu2fx5Mu1bcjuP8ALFg4xpGgNkcin7LwRyzUKniEHBKdcE1RPsenq5JVPIpMTJSygLboygQ==",
			"dev": true
		}
	}
}
