{
	"name": "@loopback/context",
	"version": "4.1.2",
	"lockfileVersion": 2,
	"requires": true,
	"packages": {
		"": {
			"name": "@loopback/context",
			"version": "4.1.2",
			"license": "MIT",
			"dependencies": {
				"@types/debug": "^4.1.7",
				"debug": "^4.3.4",
				"hyperid": "^3.0.1",
				"p-event": "^4.2.0",
				"tslib": "^2.4.0",
				"uuid": "^8.3.2"
			},
			"devDependencies": {
				"@types/bluebird": "^3.5.36",
				"@types/node": "^12.20.50",
				"@types/uuid": "^8.3.4",
				"bluebird": "^3.7.2"
			},
			"engines": {
				"node": "12 || 14 || 16 || 17"
			}
		},
		"../build": {
			"name": "@loopback/build",
			"version": "8.1.2",
			"extraneous": true,
			"license": "MIT",
			"dependencies": {
				"@loopback/eslint-config": "^12.0.4",
				"@types/mocha": "^9.1.1",
				"@types/node": "^12.20.49",
				"cross-spawn": "^7.0.3",
				"debug": "^4.3.4",
				"eslint": "^8.14.0",
				"fs-extra": "^10.1.0",
				"glob": "^8.0.1",
				"lodash": "^4.17.21",
				"mocha": "^9.2.2",
				"nyc": "^15.1.0",
				"prettier": "^2.6.2",
				"rimraf": "^3.0.2",
				"source-map-support": "^0.5.21",
				"typescript": "~4.6.3"
			},
			"bin": {
				"lb-clean": "bin/run-clean.js",
				"lb-eslint": "bin/run-eslint.js",
				"lb-mocha": "bin/run-mocha.js",
				"lb-nyc": "bin/run-nyc.js",
				"lb-prettier": "bin/run-prettier.js",
				"lb-tsc": "bin/compile-package.js",
				"lb-ttsc": "bin/compile-package.js"
			},
			"engines": {
				"node": "12 || 14 || 16 || 17"
			}
		},
		"../eslint-config": {
			"name": "@loopback/eslint-config",
			"version": "12.0.4",
			"extraneous": true,
			"license": "MIT",
			"dependencies": {
				"@typescript-eslint/eslint-plugin": "^5.21.0",
				"@typescript-eslint/parser": "^5.21.0",
				"eslint-config-prettier": "^8.5.0",
				"eslint-plugin-eslint-plugin": "^4.1.0",
				"eslint-plugin-mocha": "^10.0.4"
			},
			"engines": {
				"node": "12 || 14 || 16 || 17"
			},
			"peerDependencies": {
				"eslint": "^8.14.0"
			}
		},
		"../metadata": {
			"name": "@loopback/metadata",
			"version": "4.1.2",
			"extraneous": true,
			"license": "MIT",
			"dependencies": {
				"debug": "^4.3.4",
				"lodash": "^4.17.21",
				"reflect-metadata": "^0.1.13",
				"tslib": "^2.4.0"
			},
			"devDependencies": {
				"@loopback/build": "^8.1.2",
				"@loopback/eslint-config": "^12.0.4",
				"@loopback/testlab": "^4.1.2",
				"@types/debug": "^4.1.7",
				"@types/lodash": "^4.14.182",
				"@types/node": "^12.20.49"
			},
			"engines": {
				"node": "12 || 14 || 16 || 17"
			}
		},
		"../testlab": {
			"name": "@loopback/testlab",
			"version": "4.1.2",
			"extraneous": true,
			"license": "MIT",
			"dependencies": {
				"@hapi/shot": "^5.0.5",
				"@types/express": "^4.17.13",
				"@types/fs-extra": "^9.0.13",
				"@types/shot": "^4.0.1",
				"@types/sinon": "^10.0.11",
				"@types/supertest": "^2.0.12",
				"express": "^4.18.0",
				"fs-extra": "^10.1.0",
				"oas-validator": "^5.0.8",
				"should": "^13.2.3",
				"sinon": "^11.1.2",
				"supertest": "^6.2.2",
				"tslib": "^2.4.0"
			},
			"devDependencies": {
				"@loopback/build": "^8.1.2",
				"@loopback/eslint-config": "^12.0.4",
				"@types/node": "^12.20.49"
			},
			"engines": {
				"node": "12 || 14 || 16 || 17"
			}
		},
		"node_modules/@types/bluebird": {
			"version": "3.5.36",
			"resolved": "https://registry.npmjs.org/@types/bluebird/-/bluebird-3.5.36.tgz",
			"integrity": "sha512-HBNx4lhkxN7bx6P0++W8E289foSu8kO8GCk2unhuVggO+cE7rh9DhZUyPhUxNRG9m+5B5BTKxZQ5ZP92x/mx9Q==",
			"dev": true
		},
		"node_modules/@types/debug": {
			"version": "4.1.7",
			"resolved": "https://registry.npmjs.org/@types/debug/-/debug-4.1.7.tgz",
			"integrity": "sha512-9AonUzyTjXXhEOa0DnqpzZi6VHlqKMswga9EXjpXnnqxwLtdvPPtlO8evrI5D9S6asFRCQ6v+wpiUKbw+vKqyg==",
			"dependencies": {
				"@types/ms": "*"
			}
		},
		"node_modules/@types/ms": {
			"version": "0.7.31",
			"resolved": "https://registry.npmjs.org/@types/ms/-/ms-0.7.31.tgz",
			"integrity": "sha512-iiUgKzV9AuaEkZqkOLDIvlQiL6ltuZd9tGcW3gwpnX8JbuiuhFlEGmmFXEXkN50Cvq7Os88IY2v0dkDqXYWVgA=="
		},
		"node_modules/@types/node": {
			"version": "12.20.50",
			"resolved": "https://registry.npmjs.org/@types/node/-/node-12.20.50.tgz",
			"integrity": "sha512-+9axpWx2b2JCVovr7Ilgt96uc6C1zBKOQMpGtRbWT9IoR/8ue32GGMfGA4woP8QyP2gBs6GQWEVM3tCybGCxDA==",
			"dev": true
		},
		"node_modules/@types/uuid": {
			"version": "8.3.4",
			"resolved": "https://registry.npmjs.org/@types/uuid/-/uuid-8.3.4.tgz",
			"integrity": "sha512-c/I8ZRb51j+pYGAu5CrFMRxqZ2ke4y2grEBO5AUjgSkSk+qT2Ea+OdWElz/OiMf5MNpn2b17kuVBwZLQJXzihw==",
			"dev": true
		},
		"node_modules/bluebird": {
			"version": "3.7.2",
			"resolved": "https://registry.npmjs.org/bluebird/-/bluebird-3.7.2.tgz",
			"integrity": "sha512-XpNj6GDQzdfW+r2Wnn7xiSAd7TM3jzkxGXBGTtWKuSXv1xUV+azxAm8jdWZN06QTQk+2N2XB9jRDkvbmQmcRtg==",
			"dev": true
		},
		"node_modules/debug": {
			"version": "4.3.4",
			"resolved": "https://registry.npmjs.org/debug/-/debug-4.3.4.tgz",
			"integrity": "sha512-PRWFHuSU3eDtQJPvnNY7Jcket1j0t5OuOsFzPPzsekD52Zl8qUfFIPEiswXqIvHWGVHOgX+7G/vCNNhehwxfkQ==",
			"dependencies": {
				"ms": "2.1.2"
			},
			"engines": {
				"node": ">=6.0"
			},
			"peerDependenciesMeta": {
				"supports-color": {
					"optional": true
				}
			}
		},
		"node_modules/hyperid": {
			"version": "3.0.1",
			"resolved": "https://registry.npmjs.org/hyperid/-/hyperid-3.0.1.tgz",
			"integrity": "sha512-I+tl7TS5nsoVhkxqX1rS3Qmqlq44eoPUcgPthW8v3IW8CvWL7lwtd6HQbkDUMrBKJTG0vgEaRsjT35imW/D+9Q==",
			"dependencies": {
				"uuid": "^8.3.2",
				"uuid-parse": "^1.1.0"
			}
		},
		"node_modules/ms": {
			"version": "2.1.2",
			"resolved": "https://registry.npmjs.org/ms/-/ms-2.1.2.tgz",
			"integrity": "sha512-sGkPx+VjMtmA6MX27oA4FBFELFCZZ4S4XqeGOXCv68tT+jb3vk/RyaKWP0PTKyWtmLSM0b+adUTEvbs1PEaH2w=="
		},
		"node_modules/p-event": {
			"version": "4.2.0",
			"resolved": "https://registry.npmjs.org/p-event/-/p-event-4.2.0.tgz",
			"integrity": "sha512-KXatOjCRXXkSePPb1Nbi0p0m+gQAwdlbhi4wQKJPI1HsMQS9g+Sqp2o+QHziPr7eYJyOZet836KoHEVM1mwOrQ==",
			"dependencies": {
				"p-timeout": "^3.1.0"
			},
			"engines": {
				"node": ">=8"
			},
			"funding": {
				"url": "https://github.com/sponsors/sindresorhus"
			}
		},
		"node_modules/p-finally": {
			"version": "1.0.0",
			"resolved": "https://registry.npmjs.org/p-finally/-/p-finally-1.0.0.tgz",
			"integrity": "sha1-P7z7FbiZpEEjs0ttzBi3JDNqLK4=",
			"engines": {
				"node": ">=4"
			}
		},
		"node_modules/p-timeout": {
			"version": "3.2.0",
			"resolved": "https://registry.npmjs.org/p-timeout/-/p-timeout-3.2.0.tgz",
			"integrity": "sha512-rhIwUycgwwKcP9yTOOFK/AKsAopjjCakVqLHePO3CC6Mir1Z99xT+R63jZxAT5lFZLa2inS5h+ZS2GvR99/FBg==",
			"dependencies": {
				"p-finally": "^1.0.0"
			},
			"engines": {
				"node": ">=8"
			}
		},
		"node_modules/tslib": {
			"version": "2.4.0",
			"resolved": "https://registry.npmjs.org/tslib/-/tslib-2.4.0.tgz",
			"integrity": "sha512-d6xOpEDfsi2CZVlPQzGeux8XMwLT9hssAsaPYExaQMuYskwb+x1x7J371tWlbBdWHroy99KnVB6qIkUbs5X3UQ=="
		},
		"node_modules/uuid": {
			"version": "8.3.2",
			"resolved": "https://registry.npmjs.org/uuid/-/uuid-8.3.2.tgz",
			"integrity": "sha512-+NYs2QeMWy+GWFOEm9xnn6HCDp0l7QBD7ml8zLUmJ+93Q5NF0NocErnwkTkXVFNiX3/fpC6afS8Dhb/gz7R7eg==",
			"bin": {
				"uuid": "dist/bin/uuid"
			}
		},
		"node_modules/uuid-parse": {
			"version": "1.1.0",
			"resolved": "https://registry.npmjs.org/uuid-parse/-/uuid-parse-1.1.0.tgz",
			"integrity": "sha512-OdmXxA8rDsQ7YpNVbKSJkNzTw2I+S5WsbMDnCtIWSQaosNAcWtFuI/YK1TjzUI6nbkgiqEyh8gWngfcv8Asd9A=="
		}
	},
	"dependencies": {
		"@types/bluebird": {
			"version": "3.5.36",
			"resolved": "https://registry.npmjs.org/@types/bluebird/-/bluebird-3.5.36.tgz",
			"integrity": "sha512-HBNx4lhkxN7bx6P0++W8E289foSu8kO8GCk2unhuVggO+cE7rh9DhZUyPhUxNRG9m+5B5BTKxZQ5ZP92x/mx9Q==",
			"dev": true
		},
		"@types/debug": {
			"version": "4.1.7",
			"resolved": "https://registry.npmjs.org/@types/debug/-/debug-4.1.7.tgz",
			"integrity": "sha512-9AonUzyTjXXhEOa0DnqpzZi6VHlqKMswga9EXjpXnnqxwLtdvPPtlO8evrI5D9S6asFRCQ6v+wpiUKbw+vKqyg==",
			"requires": {
				"@types/ms": "*"
			}
		},
		"@types/ms": {
			"version": "0.7.31",
			"resolved": "https://registry.npmjs.org/@types/ms/-/ms-0.7.31.tgz",
			"integrity": "sha512-iiUgKzV9AuaEkZqkOLDIvlQiL6ltuZd9tGcW3gwpnX8JbuiuhFlEGmmFXEXkN50Cvq7Os88IY2v0dkDqXYWVgA=="
		},
		"@types/node": {
			"version": "12.20.50",
			"resolved": "https://registry.npmjs.org/@types/node/-/node-12.20.50.tgz",
			"integrity": "sha512-+9axpWx2b2JCVovr7Ilgt96uc6C1zBKOQMpGtRbWT9IoR/8ue32GGMfGA4woP8QyP2gBs6GQWEVM3tCybGCxDA==",
			"dev": true
		},
		"@types/uuid": {
			"version": "8.3.4",
			"resolved": "https://registry.npmjs.org/@types/uuid/-/uuid-8.3.4.tgz",
			"integrity": "sha512-c/I8ZRb51j+pYGAu5CrFMRxqZ2ke4y2grEBO5AUjgSkSk+qT2Ea+OdWElz/OiMf5MNpn2b17kuVBwZLQJXzihw==",
			"dev": true
		},
		"bluebird": {
			"version": "3.7.2",
			"resolved": "https://registry.npmjs.org/bluebird/-/bluebird-3.7.2.tgz",
			"integrity": "sha512-XpNj6GDQzdfW+r2Wnn7xiSAd7TM3jzkxGXBGTtWKuSXv1xUV+azxAm8jdWZN06QTQk+2N2XB9jRDkvbmQmcRtg==",
			"dev": true
		},
		"debug": {
			"version": "4.3.4",
			"resolved": "https://registry.npmjs.org/debug/-/debug-4.3.4.tgz",
			"integrity": "sha512-PRWFHuSU3eDtQJPvnNY7Jcket1j0t5OuOsFzPPzsekD52Zl8qUfFIPEiswXqIvHWGVHOgX+7G/vCNNhehwxfkQ==",
			"requires": {
				"ms": "2.1.2"
			}
		},
		"hyperid": {
			"version": "3.0.1",
			"resolved": "https://registry.npmjs.org/hyperid/-/hyperid-3.0.1.tgz",
			"integrity": "sha512-I+tl7TS5nsoVhkxqX1rS3Qmqlq44eoPUcgPthW8v3IW8CvWL7lwtd6HQbkDUMrBKJTG0vgEaRsjT35imW/D+9Q==",
			"requires": {
				"uuid": "^8.3.2",
				"uuid-parse": "^1.1.0"
			}
		},
		"ms": {
			"version": "2.1.2",
			"resolved": "https://registry.npmjs.org/ms/-/ms-2.1.2.tgz",
			"integrity": "sha512-sGkPx+VjMtmA6MX27oA4FBFELFCZZ4S4XqeGOXCv68tT+jb3vk/RyaKWP0PTKyWtmLSM0b+adUTEvbs1PEaH2w=="
		},
		"p-event": {
			"version": "4.2.0",
			"resolved": "https://registry.npmjs.org/p-event/-/p-event-4.2.0.tgz",
			"integrity": "sha512-KXatOjCRXXkSePPb1Nbi0p0m+gQAwdlbhi4wQKJPI1HsMQS9g+Sqp2o+QHziPr7eYJyOZet836KoHEVM1mwOrQ==",
			"requires": {
				"p-timeout": "^3.1.0"
			}
		},
		"p-finally": {
			"version": "1.0.0",
			"resolved": "https://registry.npmjs.org/p-finally/-/p-finally-1.0.0.tgz",
			"integrity": "sha1-P7z7FbiZpEEjs0ttzBi3JDNqLK4="
		},
		"p-timeout": {
			"version": "3.2.0",
			"resolved": "https://registry.npmjs.org/p-timeout/-/p-timeout-3.2.0.tgz",
			"integrity": "sha512-rhIwUycgwwKcP9yTOOFK/AKsAopjjCakVqLHePO3CC6Mir1Z99xT+R63jZxAT5lFZLa2inS5h+ZS2GvR99/FBg==",
			"requires": {
				"p-finally": "^1.0.0"
			}
		},
		"tslib": {
			"version": "2.4.0",
			"resolved": "https://registry.npmjs.org/tslib/-/tslib-2.4.0.tgz",
			"integrity": "sha512-d6xOpEDfsi2CZVlPQzGeux8XMwLT9hssAsaPYExaQMuYskwb+x1x7J371tWlbBdWHroy99KnVB6qIkUbs5X3UQ=="
		},
		"uuid": {
			"version": "8.3.2",
			"resolved": "https://registry.npmjs.org/uuid/-/uuid-8.3.2.tgz",
			"integrity": "sha512-+NYs2QeMWy+GWFOEm9xnn6HCDp0l7QBD7ml8zLUmJ+93Q5NF0NocErnwkTkXVFNiX3/fpC6afS8Dhb/gz7R7eg=="
		},
		"uuid-parse": {
			"version": "1.1.0",
			"resolved": "https://registry.npmjs.org/uuid-parse/-/uuid-parse-1.1.0.tgz",
			"integrity": "sha512-OdmXxA8rDsQ7YpNVbKSJkNzTw2I+S5WsbMDnCtIWSQaosNAcWtFuI/YK1TjzUI6nbkgiqEyh8gWngfcv8Asd9A=="
		}
	}
}
