{
	"name": "@loopback/model-api-builder",
	"version": "2.1.20",
	"lockfileVersion": 1,
	"requires": true,
	"dependencies": {
		"@types/node": {
			"version": "10.17.48",
			"resolved": "https://registry.npmjs.org/@types/node/-/node-10.17.48.tgz",
			"integrity": "sha512-Agl6xbYP6FOMDeAsr3QVZ+g7Yzg0uhPHWx0j5g4LFdUBHVtqtU+gH660k/lCEe506jJLOGbEzsnqPDTZGJQLag==",
			"dev": true
		},
		"tslib": {
			"version": "2.0.3",
			"resolved": "https://registry.npmjs.org/tslib/-/tslib-2.0.3.tgz",
			"integrity": "sha512-uZtkfKblCEQtZKBF6EBXVZeQNl82yqtDQdv+eck8u7tdPxjLu2/lp5/uPW+um2tpuxINHWy3GhiccY7QgEaVHQ=="
		}
	}
}
