{
	"name": "@loopback/model-api-builder",
	"version": "2.1.18",
	"lockfileVersion": 1,
	"requires": true,
	"dependencies": {
		"@types/node": {
			"version": "10.17.46",
			"resolved": "https://registry.npmjs.org/@types/node/-/node-10.17.46.tgz",
			"integrity": "sha512-Tice8a+sJtlP9C1EUo0DYyjq52T37b3LexVu3p871+kfIBIN+OQ7PKPei1oF3MgF39olEpUfxaLtD+QFc1k69Q==",
			"dev": true
		},
		"tslib": {
			"version": "2.0.3",
			"resolved": "https://registry.npmjs.org/tslib/-/tslib-2.0.3.tgz",
			"integrity": "sha512-uZtkfKblCEQtZKBF6EBXVZeQNl82yqtDQdv+eck8u7tdPxjLu2/lp5/uPW+um2tpuxINHWy3GhiccY7QgEaVHQ=="
		}
	}
}
