{
	"name": "@loopback/model-api-builder",
	"version": "0.0.1",
	"lockfileVersion": 1,
	"requires": true,
	"dependencies": {
		"@types/node": {
			"version": "10.14.16",
			"resolved": "https://registry.npmjs.org/@types/node/-/node-10.14.16.tgz",
			"integrity": "sha512-/opXIbfn0P+VLt+N8DE4l8Mn8rbhiJgabU96ZJ0p9mxOkIks5gh6RUnpHak7Yh0SFkyjO/ODbxsQQPV2bpMmyA==",
			"dev": true
		}
	}
}
