{
  "name": "@loopback/tslint-config",
  "version": "2.0.3",
  "lockfileVersion": 1,
  "requires": true,
  "dependencies": {
    "@fimbul/bifrost": {
      "version": "0.17.0",
      "resolved": "https://registry.npmjs.org/@fimbul/bifrost/-/bifrost-0.17.0.tgz",
      "integrity": "sha512-gVTkJAOef5HtN6LPmrtt5fAUmBywwlgmObsU3FBhPoNeXPLaIl2zywXkJEtvvVLQnaFmtff3x+wIj5lHRCDE3Q==",
      "requires": {
        "@fimbul/ymir": "^0.17.0",
        "get-caller-file": "^2.0.0",
        "tslib": "^1.8.1",
        "tsutils": "^3.5.0"
      },
      "dependencies": {
        "tsutils": {
          "version": "3.8.0",
          "resolved": "https://registry.npmjs.org/tsutils/-/tsutils-3.8.0.tgz",
          "integrity": "sha512-XQdPhgcoTbCD8baXC38PQ0vpTZ8T3YrE+vR66YIj/xvDt1//8iAhafpIT/4DmvzzC1QFapEImERu48Pa01dIUA==",
          "requires": {
            "tslib": "^1.8.1"
          }
        }
      }
    },
    "@fimbul/ymir": {
      "version": "0.17.0",
      "resolved": "https://registry.npmjs.org/@fimbul/ymir/-/ymir-0.17.0.tgz",
      "integrity": "sha512-xMXM9KTXRLHLVS6dnX1JhHNEkmWHcAVCQ/4+DA1KKwC/AFnGHzu/7QfQttEPgw3xplT+ILf9e3i64jrFwB3JtA==",
      "requires": {
        "inversify": "^5.0.0",
        "reflect-metadata": "^0.1.12",
        "tslib": "^1.8.1"
      }
    },
    "get-caller-file": {
      "version": "2.0.1",
      "resolved": "https://registry.npmjs.org/get-caller-file/-/get-caller-file-2.0.1.tgz",
      "integrity": "sha512-SpOZHfz845AH0wJYVuZk2jWDqFmu7Xubsx+ldIpwzy5pDUpu7OJHK7QYNSA2NPlDSKQwM1GFaAkciOWjjW92Sg=="
    },
    "inversify": {
      "version": "5.0.1",
      "resolved": "https://registry.npmjs.org/inversify/-/inversify-5.0.1.tgz",
      "integrity": "sha512-Ieh06s48WnEYGcqHepdsJUIJUXpwH5o5vodAX+DK2JA/gjy4EbEcQZxw+uFfzysmKjiLXGYwNG3qDZsKVMcINQ=="
    },
    "reflect-metadata": {
      "version": "0.1.13",
      "resolved": "https://registry.npmjs.org/reflect-metadata/-/reflect-metadata-0.1.13.tgz",
      "integrity": "sha512-Ts1Y/anZELhSsjMcU605fU9RE4Oi3p5ORujwbIKXfWa+0Zxs510Qrmrce5/Jowq3cHSZSJqBjypxmHarc+vEWg=="
    },
    "tslib": {
      "version": "1.9.3",
      "resolved": "https://registry.npmjs.org/tslib/-/tslib-1.9.3.tgz",
      "integrity": "sha512-4krF8scpejhaOgqzBEcGM7yDIEfi0/8+8zDRZhNZZ2kjmHJ4hv3zCbQWxoJGz1iw5U0Jl0nma13xzHXcncMavQ=="
    },
    "tslint-consistent-codestyle": {
      "version": "1.15.1",
      "resolved": "https://registry.npmjs.org/tslint-consistent-codestyle/-/tslint-consistent-codestyle-1.15.1.tgz",
      "integrity": "sha512-38Y3Dz4zcABe/PlPAQSGNEWPGVq0OzcIQR7SEU6dNujp/SgvhxhJOhIhI9gY4r0I3/TNtvVQwARWor9O9LPZWg==",
      "requires": {
        "@fimbul/bifrost": "^0.17.0",
        "tslib": "^1.7.1",
        "tsutils": "^2.29.0"
      }
    },
    "tsutils": {
      "version": "2.29.0",
      "resolved": "https://registry.npmjs.org/tsutils/-/tsutils-2.29.0.tgz",
      "integrity": "sha512-g5JVHCIJwzfISaXpXE1qvNalca5Jwob6FjI4AoPlqMusJ6ftFE7IkkFoMhVLRgK+4Kx3gkzb8UZK5t5yTTvEmA==",
      "requires": {
        "tslib": "^1.8.1"
      }
    }
  }
}
