{
	"name": "@loopback/cron",
	"version": "0.5.2",
	"lockfileVersion": 2,
	"requires": true,
	"packages": {
		"": {
			"name": "@loopback/cron",
			"version": "0.5.2",
			"license": "MIT",
			"dependencies": {
				"@types/cron": "^1.7.3",
				"@types/debug": "^4.1.5",
				"cron": "^1.8.2",
				"debug": "^4.3.1",
				"tslib": "^2.3.0"
			},
			"devDependencies": {
				"@types/node": "^10.17.60"
			},
			"engines": {
				"node": "^10.16 || 12 || 14 || 16"
			},
			"peerDependencies": {
				"@loopback/core": "^2.16.2"
			}
		},
		"node_modules/@loopback/context": {
			"version": "3.17.1",
			"resolved": "https://registry.npmjs.org/@loopback/context/-/context-3.17.1.tgz",
			"integrity": "sha512-zNnFUP4EQLMaizgsySUOQiwHzJXHiJN+JgQ7BmYPBKhU58jC+rmP71CvrsuQZn+nZ5OpwdBcT1W4DeV1+fznGA==",
			"peer": true,
			"dependencies": {
				"@loopback/metadata": "^3.3.2",
				"@types/debug": "^4.1.5",
				"debug": "^4.3.1",
				"hyperid": "^2.1.0",
				"p-event": "^4.2.0",
				"tslib": "^2.3.0",
				"uuid": "^8.3.2"
			},
			"engines": {
				"node": "^10.16 || 12 || 14 || 16"
			}
		},
		"node_modules/@loopback/core": {
			"version": "2.16.2",
			"resolved": "https://registry.npmjs.org/@loopback/core/-/core-2.16.2.tgz",
			"integrity": "sha512-KtkNv6HIh8TFBOxTkfPp/BQbVqjDsGef/DtbNHH1ZHs3gSbofhkZs3IqQdYQzpkUq71mQjz5RJ/yUYY5Sqva9w==",
			"peer": true,
			"dependencies": {
				"@loopback/context": "^3.17.1",
				"debug": "^4.3.1",
				"tslib": "^2.3.0"
			},
			"engines": {
				"node": "^10.16 || 12 || 14 || 16"
			}
		},
		"node_modules/@loopback/metadata": {
			"version": "3.3.2",
			"resolved": "https://registry.npmjs.org/@loopback/metadata/-/metadata-3.3.2.tgz",
			"integrity": "sha512-7XVNX8UtkBOyPTDvcoCifmxgr6YdjduzZQAy13VkZhzofzLqosOjEuSF27HwZrzpP2ElIFIWrc4tKksNBal12Q==",
			"peer": true,
			"dependencies": {
				"debug": "^4.3.1",
				"lodash": "^4.17.21",
				"reflect-metadata": "^0.1.13",
				"tslib": "^2.3.0"
			},
			"engines": {
				"node": "^10.16 || 12 || 14 || 16"
			}
		},
		"node_modules/@types/cron": {
			"version": "1.7.3",
			"resolved": "https://registry.npmjs.org/@types/cron/-/cron-1.7.3.tgz",
			"integrity": "sha512-iPmUXyIJG1Js+ldPYhOQcYU3kCAQ2FWrSkm1FJPoii2eYSn6wEW6onPukNTT0bfiflexNSRPl6KWmAIqS+36YA==",
			"dependencies": {
				"@types/node": "*",
				"moment": ">=2.14.0"
			}
		},
		"node_modules/@types/debug": {
			"version": "4.1.5",
			"resolved": "https://registry.npmjs.org/@types/debug/-/debug-4.1.5.tgz",
			"integrity": "sha512-Q1y515GcOdTHgagaVFhHnIFQ38ygs/kmxdNpvpou+raI9UO3YZcHDngBSYKQklcKlvA7iuQlmIKbzvmxcOE9CQ=="
		},
		"node_modules/@types/node": {
			"version": "10.17.60",
			"resolved": "https://registry.npmjs.org/@types/node/-/node-10.17.60.tgz",
			"integrity": "sha512-F0KIgDJfy2nA3zMLmWGKxcH2ZVEtCZXHHdOQs2gSaQ27+lNeEfGxzkIw90aXswATX7AZ33tahPbzy6KAfUreVw=="
		},
		"node_modules/cron": {
			"version": "1.8.2",
			"resolved": "https://registry.npmjs.org/cron/-/cron-1.8.2.tgz",
			"integrity": "sha512-Gk2c4y6xKEO8FSAUTklqtfSr7oTq0CiPQeLBG5Fl0qoXpZyMcj1SG59YL+hqq04bu6/IuEA7lMkYDAplQNKkyg==",
			"dependencies": {
				"moment-timezone": "^0.5.x"
			}
		},
		"node_modules/debug": {
			"version": "4.3.1",
			"resolved": "https://registry.npmjs.org/debug/-/debug-4.3.1.tgz",
			"integrity": "sha512-doEwdvm4PCeK4K3RQN2ZC2BYUBaxwLARCqZmMjtF8a51J2Rb0xpVloFRnCODwqjpwnAoao4pelN8l3RJdv3gRQ==",
			"dependencies": {
				"ms": "2.1.2"
			},
			"engines": {
				"node": ">=6.0"
			},
			"peerDependenciesMeta": {
				"supports-color": {
					"optional": true
				}
			}
		},
		"node_modules/hyperid": {
			"version": "2.3.1",
			"resolved": "https://registry.npmjs.org/hyperid/-/hyperid-2.3.1.tgz",
			"integrity": "sha512-mIbI7Ymn6MCdODaW1/6wdf5lvvXzmPsARN4zTLakMmcziBOuP4PxCBJvHF6kbAIHX6H4vAELx/pDmt0j6Th5RQ==",
			"peer": true,
			"dependencies": {
				"uuid": "^8.3.2",
				"uuid-parse": "^1.1.0"
			}
		},
		"node_modules/lodash": {
			"version": "4.17.21",
			"resolved": "https://registry.npmjs.org/lodash/-/lodash-4.17.21.tgz",
			"integrity": "sha512-v2kDEe57lecTulaDIuNTPy3Ry4gLGJ6Z1O3vE1krgXZNrsQ+LFTGHVxVjcXPs17LhbZVGedAJv8XZ1tvj5FvSg==",
			"peer": true
		},
		"node_modules/moment": {
			"version": "2.29.1",
			"resolved": "https://registry.npmjs.org/moment/-/moment-2.29.1.tgz",
			"integrity": "sha512-kHmoybcPV8Sqy59DwNDY3Jefr64lK/by/da0ViFcuA4DH0vQg5Q6Ze5VimxkfQNSC+Mls/Kx53s7TjP1RhFEDQ==",
			"engines": {
				"node": "*"
			}
		},
		"node_modules/moment-timezone": {
			"version": "0.5.33",
			"resolved": "https://registry.npmjs.org/moment-timezone/-/moment-timezone-0.5.33.tgz",
			"integrity": "sha512-PTc2vcT8K9J5/9rDEPe5czSIKgLoGsH8UNpA4qZTVw0Vd/Uz19geE9abbIOQKaAQFcnQ3v5YEXrbSc5BpshH+w==",
			"dependencies": {
				"moment": ">= 2.9.0"
			},
			"engines": {
				"node": "*"
			}
		},
		"node_modules/ms": {
			"version": "2.1.2",
			"resolved": "https://registry.npmjs.org/ms/-/ms-2.1.2.tgz",
			"integrity": "sha512-sGkPx+VjMtmA6MX27oA4FBFELFCZZ4S4XqeGOXCv68tT+jb3vk/RyaKWP0PTKyWtmLSM0b+adUTEvbs1PEaH2w=="
		},
		"node_modules/p-event": {
			"version": "4.2.0",
			"resolved": "https://registry.npmjs.org/p-event/-/p-event-4.2.0.tgz",
			"integrity": "sha512-KXatOjCRXXkSePPb1Nbi0p0m+gQAwdlbhi4wQKJPI1HsMQS9g+Sqp2o+QHziPr7eYJyOZet836KoHEVM1mwOrQ==",
			"peer": true,
			"dependencies": {
				"p-timeout": "^3.1.0"
			},
			"engines": {
				"node": ">=8"
			},
			"funding": {
				"url": "https://github.com/sponsors/sindresorhus"
			}
		},
		"node_modules/p-finally": {
			"version": "1.0.0",
			"resolved": "https://registry.npmjs.org/p-finally/-/p-finally-1.0.0.tgz",
			"integrity": "sha1-P7z7FbiZpEEjs0ttzBi3JDNqLK4=",
			"peer": true,
			"engines": {
				"node": ">=4"
			}
		},
		"node_modules/p-timeout": {
			"version": "3.2.0",
			"resolved": "https://registry.npmjs.org/p-timeout/-/p-timeout-3.2.0.tgz",
			"integrity": "sha512-rhIwUycgwwKcP9yTOOFK/AKsAopjjCakVqLHePO3CC6Mir1Z99xT+R63jZxAT5lFZLa2inS5h+ZS2GvR99/FBg==",
			"peer": true,
			"dependencies": {
				"p-finally": "^1.0.0"
			},
			"engines": {
				"node": ">=8"
			}
		},
		"node_modules/reflect-metadata": {
			"version": "0.1.13",
			"resolved": "https://registry.npmjs.org/reflect-metadata/-/reflect-metadata-0.1.13.tgz",
			"integrity": "sha512-Ts1Y/anZELhSsjMcU605fU9RE4Oi3p5ORujwbIKXfWa+0Zxs510Qrmrce5/Jowq3cHSZSJqBjypxmHarc+vEWg==",
			"peer": true
		},
		"node_modules/tslib": {
			"version": "2.3.0",
			"resolved": "https://registry.npmjs.org/tslib/-/tslib-2.3.0.tgz",
			"integrity": "sha512-N82ooyxVNm6h1riLCoyS9e3fuJ3AMG2zIZs2Gd1ATcSFjSA23Q0fzjjZeh0jbJvWVDZ0cJT8yaNNaaXHzueNjg=="
		},
		"node_modules/uuid": {
			"version": "8.3.2",
			"resolved": "https://registry.npmjs.org/uuid/-/uuid-8.3.2.tgz",
			"integrity": "sha512-+NYs2QeMWy+GWFOEm9xnn6HCDp0l7QBD7ml8zLUmJ+93Q5NF0NocErnwkTkXVFNiX3/fpC6afS8Dhb/gz7R7eg==",
			"peer": true,
			"bin": {
				"uuid": "dist/bin/uuid"
			}
		},
		"node_modules/uuid-parse": {
			"version": "1.1.0",
			"resolved": "https://registry.npmjs.org/uuid-parse/-/uuid-parse-1.1.0.tgz",
			"integrity": "sha512-OdmXxA8rDsQ7YpNVbKSJkNzTw2I+S5WsbMDnCtIWSQaosNAcWtFuI/YK1TjzUI6nbkgiqEyh8gWngfcv8Asd9A==",
			"peer": true
		}
	},
	"dependencies": {
		"@loopback/context": {
			"version": "3.17.1",
			"resolved": "https://registry.npmjs.org/@loopback/context/-/context-3.17.1.tgz",
			"integrity": "sha512-zNnFUP4EQLMaizgsySUOQiwHzJXHiJN+JgQ7BmYPBKhU58jC+rmP71CvrsuQZn+nZ5OpwdBcT1W4DeV1+fznGA==",
			"peer": true,
			"requires": {
				"@loopback/metadata": "^3.3.2",
				"@types/debug": "^4.1.5",
				"debug": "^4.3.1",
				"hyperid": "^2.1.0",
				"p-event": "^4.2.0",
				"tslib": "^2.3.0",
				"uuid": "^8.3.2"
			}
		},
		"@loopback/core": {
			"version": "2.16.2",
			"resolved": "https://registry.npmjs.org/@loopback/core/-/core-2.16.2.tgz",
			"integrity": "sha512-KtkNv6HIh8TFBOxTkfPp/BQbVqjDsGef/DtbNHH1ZHs3gSbofhkZs3IqQdYQzpkUq71mQjz5RJ/yUYY5Sqva9w==",
			"peer": true,
			"requires": {
				"@loopback/context": "^3.17.1",
				"debug": "^4.3.1",
				"tslib": "^2.3.0"
			}
		},
		"@loopback/metadata": {
			"version": "3.3.2",
			"resolved": "https://registry.npmjs.org/@loopback/metadata/-/metadata-3.3.2.tgz",
			"integrity": "sha512-7XVNX8UtkBOyPTDvcoCifmxgr6YdjduzZQAy13VkZhzofzLqosOjEuSF27HwZrzpP2ElIFIWrc4tKksNBal12Q==",
			"peer": true,
			"requires": {
				"debug": "^4.3.1",
				"lodash": "^4.17.21",
				"reflect-metadata": "^0.1.13",
				"tslib": "^2.3.0"
			}
		},
		"@types/cron": {
			"version": "1.7.3",
			"resolved": "https://registry.npmjs.org/@types/cron/-/cron-1.7.3.tgz",
			"integrity": "sha512-iPmUXyIJG1Js+ldPYhOQcYU3kCAQ2FWrSkm1FJPoii2eYSn6wEW6onPukNTT0bfiflexNSRPl6KWmAIqS+36YA==",
			"requires": {
				"@types/node": "*",
				"moment": ">=2.14.0"
			}
		},
		"@types/debug": {
			"version": "4.1.5",
			"resolved": "https://registry.npmjs.org/@types/debug/-/debug-4.1.5.tgz",
			"integrity": "sha512-Q1y515GcOdTHgagaVFhHnIFQ38ygs/kmxdNpvpou+raI9UO3YZcHDngBSYKQklcKlvA7iuQlmIKbzvmxcOE9CQ=="
		},
		"@types/node": {
			"version": "10.17.60",
			"resolved": "https://registry.npmjs.org/@types/node/-/node-10.17.60.tgz",
			"integrity": "sha512-F0KIgDJfy2nA3zMLmWGKxcH2ZVEtCZXHHdOQs2gSaQ27+lNeEfGxzkIw90aXswATX7AZ33tahPbzy6KAfUreVw=="
		},
		"cron": {
			"version": "1.8.2",
			"resolved": "https://registry.npmjs.org/cron/-/cron-1.8.2.tgz",
			"integrity": "sha512-Gk2c4y6xKEO8FSAUTklqtfSr7oTq0CiPQeLBG5Fl0qoXpZyMcj1SG59YL+hqq04bu6/IuEA7lMkYDAplQNKkyg==",
			"requires": {
				"moment-timezone": "^0.5.x"
			}
		},
		"debug": {
			"version": "4.3.1",
			"resolved": "https://registry.npmjs.org/debug/-/debug-4.3.1.tgz",
			"integrity": "sha512-doEwdvm4PCeK4K3RQN2ZC2BYUBaxwLARCqZmMjtF8a51J2Rb0xpVloFRnCODwqjpwnAoao4pelN8l3RJdv3gRQ==",
			"requires": {
				"ms": "2.1.2"
			}
		},
		"hyperid": {
			"version": "2.3.1",
			"resolved": "https://registry.npmjs.org/hyperid/-/hyperid-2.3.1.tgz",
			"integrity": "sha512-mIbI7Ymn6MCdODaW1/6wdf5lvvXzmPsARN4zTLakMmcziBOuP4PxCBJvHF6kbAIHX6H4vAELx/pDmt0j6Th5RQ==",
			"peer": true,
			"requires": {
				"uuid": "^8.3.2",
				"uuid-parse": "^1.1.0"
			}
		},
		"lodash": {
			"version": "4.17.21",
			"resolved": "https://registry.npmjs.org/lodash/-/lodash-4.17.21.tgz",
			"integrity": "sha512-v2kDEe57lecTulaDIuNTPy3Ry4gLGJ6Z1O3vE1krgXZNrsQ+LFTGHVxVjcXPs17LhbZVGedAJv8XZ1tvj5FvSg==",
			"peer": true
		},
		"moment": {
			"version": "2.29.1",
			"resolved": "https://registry.npmjs.org/moment/-/moment-2.29.1.tgz",
			"integrity": "sha512-kHmoybcPV8Sqy59DwNDY3Jefr64lK/by/da0ViFcuA4DH0vQg5Q6Ze5VimxkfQNSC+Mls/Kx53s7TjP1RhFEDQ=="
		},
		"moment-timezone": {
			"version": "0.5.33",
			"resolved": "https://registry.npmjs.org/moment-timezone/-/moment-timezone-0.5.33.tgz",
			"integrity": "sha512-PTc2vcT8K9J5/9rDEPe5czSIKgLoGsH8UNpA4qZTVw0Vd/Uz19geE9abbIOQKaAQFcnQ3v5YEXrbSc5BpshH+w==",
			"requires": {
				"moment": ">= 2.9.0"
			}
		},
		"ms": {
			"version": "2.1.2",
			"resolved": "https://registry.npmjs.org/ms/-/ms-2.1.2.tgz",
			"integrity": "sha512-sGkPx+VjMtmA6MX27oA4FBFELFCZZ4S4XqeGOXCv68tT+jb3vk/RyaKWP0PTKyWtmLSM0b+adUTEvbs1PEaH2w=="
		},
		"p-event": {
			"version": "4.2.0",
			"resolved": "https://registry.npmjs.org/p-event/-/p-event-4.2.0.tgz",
			"integrity": "sha512-KXatOjCRXXkSePPb1Nbi0p0m+gQAwdlbhi4wQKJPI1HsMQS9g+Sqp2o+QHziPr7eYJyOZet836KoHEVM1mwOrQ==",
			"peer": true,
			"requires": {
				"p-timeout": "^3.1.0"
			}
		},
		"p-finally": {
			"version": "1.0.0",
			"resolved": "https://registry.npmjs.org/p-finally/-/p-finally-1.0.0.tgz",
			"integrity": "sha1-P7z7FbiZpEEjs0ttzBi3JDNqLK4=",
			"peer": true
		},
		"p-timeout": {
			"version": "3.2.0",
			"resolved": "https://registry.npmjs.org/p-timeout/-/p-timeout-3.2.0.tgz",
			"integrity": "sha512-rhIwUycgwwKcP9yTOOFK/AKsAopjjCakVqLHePO3CC6Mir1Z99xT+R63jZxAT5lFZLa2inS5h+ZS2GvR99/FBg==",
			"peer": true,
			"requires": {
				"p-finally": "^1.0.0"
			}
		},
		"reflect-metadata": {
			"version": "0.1.13",
			"resolved": "https://registry.npmjs.org/reflect-metadata/-/reflect-metadata-0.1.13.tgz",
			"integrity": "sha512-Ts1Y/anZELhSsjMcU605fU9RE4Oi3p5ORujwbIKXfWa+0Zxs510Qrmrce5/Jowq3cHSZSJqBjypxmHarc+vEWg==",
			"peer": true
		},
		"tslib": {
			"version": "2.3.0",
			"resolved": "https://registry.npmjs.org/tslib/-/tslib-2.3.0.tgz",
			"integrity": "sha512-N82ooyxVNm6h1riLCoyS9e3fuJ3AMG2zIZs2Gd1ATcSFjSA23Q0fzjjZeh0jbJvWVDZ0cJT8yaNNaaXHzueNjg=="
		},
		"uuid": {
			"version": "8.3.2",
			"resolved": "https://registry.npmjs.org/uuid/-/uuid-8.3.2.tgz",
			"integrity": "sha512-+NYs2QeMWy+GWFOEm9xnn6HCDp0l7QBD7ml8zLUmJ+93Q5NF0NocErnwkTkXVFNiX3/fpC6afS8Dhb/gz7R7eg==",
			"peer": true
		},
		"uuid-parse": {
			"version": "1.1.0",
			"resolved": "https://registry.npmjs.org/uuid-parse/-/uuid-parse-1.1.0.tgz",
			"integrity": "sha512-OdmXxA8rDsQ7YpNVbKSJkNzTw2I+S5WsbMDnCtIWSQaosNAcWtFuI/YK1TjzUI6nbkgiqEyh8gWngfcv8Asd9A==",
			"peer": true
		}
	}
}
