{
	"name": "@loopback/cron",
	"version": "0.8.2",
	"lockfileVersion": 2,
	"requires": true,
	"packages": {
		"": {
			"name": "@loopback/cron",
			"version": "0.8.2",
			"license": "MIT",
			"dependencies": {
				"@types/cron": "^1.7.3",
				"@types/debug": "^4.1.7",
				"cron": "^1.8.2",
				"debug": "^4.3.4",
				"tslib": "^2.4.0"
			},
			"devDependencies": {
				"@types/node": "^12.20.50"
			},
			"engines": {
				"node": "12 || 14 || 16 || 17"
			},
			"peerDependencies": {
				"@loopback/core": "^3.1.2"
			}
		},
		"../../packages/build": {
			"name": "@loopback/build",
			"version": "8.1.2",
			"dev": true,
			"license": "MIT",
			"peer": true,
			"dependencies": {
				"@loopback/eslint-config": "^12.0.4",
				"@types/mocha": "^9.1.1",
				"@types/node": "^12.20.50",
				"cross-spawn": "^7.0.3",
				"debug": "^4.3.4",
				"eslint": "^8.14.0",
				"fs-extra": "^10.1.0",
				"glob": "^8.0.1",
				"lodash": "^4.17.21",
				"mocha": "^9.2.2",
				"nyc": "^15.1.0",
				"prettier": "^2.6.2",
				"rimraf": "^3.0.2",
				"source-map-support": "^0.5.21",
				"typescript": "~4.6.3"
			},
			"bin": {
				"lb-clean": "bin/run-clean.js",
				"lb-eslint": "bin/run-eslint.js",
				"lb-mocha": "bin/run-mocha.js",
				"lb-nyc": "bin/run-nyc.js",
				"lb-prettier": "bin/run-prettier.js",
				"lb-tsc": "bin/compile-package.js",
				"lb-ttsc": "bin/compile-package.js"
			},
			"engines": {
				"node": "12 || 14 || 16 || 17"
			}
		},
		"../../packages/build/node_modules/@loopback/eslint-config": {
			"resolved": "../../packages/eslint-config",
			"link": true
		},
		"../../packages/context": {
			"name": "@loopback/context",
			"version": "4.1.2",
			"license": "MIT",
			"peer": true,
			"dependencies": {
				"@loopback/metadata": "^4.1.2",
				"@types/debug": "^4.1.7",
				"debug": "^4.3.4",
				"hyperid": "^3.0.1",
				"p-event": "^4.2.0",
				"tslib": "^2.4.0",
				"uuid": "^8.3.2"
			},
			"devDependencies": {
				"@loopback/build": "^8.1.2",
				"@loopback/eslint-config": "^12.0.4",
				"@loopback/testlab": "^4.1.2",
				"@types/bluebird": "^3.5.36",
				"@types/node": "^12.20.50",
				"@types/uuid": "^8.3.4",
				"bluebird": "^3.7.2"
			},
			"engines": {
				"node": "12 || 14 || 16 || 17"
			}
		},
		"../../packages/context/node_modules/@loopback/build": {
			"resolved": "../../packages/build",
			"link": true
		},
		"../../packages/context/node_modules/@loopback/eslint-config": {
			"resolved": "../../packages/eslint-config",
			"link": true
		},
		"../../packages/context/node_modules/@loopback/metadata": {
			"resolved": "../../packages/metadata",
			"link": true
		},
		"../../packages/context/node_modules/@loopback/testlab": {
			"resolved": "../../packages/testlab",
			"link": true
		},
		"../../packages/core": {
			"name": "@loopback/core",
			"version": "3.1.2",
			"license": "MIT",
			"peer": true,
			"dependencies": {
				"@loopback/context": "^4.1.2",
				"debug": "^4.3.4",
				"tslib": "^2.4.0"
			},
			"devDependencies": {
				"@loopback/build": "^8.1.2",
				"@loopback/eslint-config": "^12.0.4",
				"@loopback/testlab": "^4.1.2",
				"@types/debug": "^4.1.7",
				"@types/node": "^12.20.50"
			},
			"engines": {
				"node": "12 || 14 || 16 || 17"
			}
		},
		"../../packages/core/node_modules/@loopback/build": {
			"resolved": "../../packages/build",
			"link": true
		},
		"../../packages/core/node_modules/@loopback/context": {
			"resolved": "../../packages/context",
			"link": true
		},
		"../../packages/core/node_modules/@loopback/eslint-config": {
			"resolved": "../../packages/eslint-config",
			"link": true
		},
		"../../packages/core/node_modules/@loopback/testlab": {
			"resolved": "../../packages/testlab",
			"link": true
		},
		"../../packages/eslint-config": {
			"name": "@loopback/eslint-config",
			"version": "12.0.4",
			"dev": true,
			"license": "MIT",
			"peer": true,
			"dependencies": {
				"@typescript-eslint/eslint-plugin": "^5.21.0",
				"@typescript-eslint/parser": "^5.21.0",
				"eslint-config-prettier": "^8.5.0",
				"eslint-plugin-eslint-plugin": "^4.1.0",
				"eslint-plugin-mocha": "^10.0.3"
			},
			"engines": {
				"node": "12 || 14 || 16 || 17"
			},
			"peerDependencies": {
				"eslint": "^8.14.0"
			}
		},
		"../../packages/metadata": {
			"name": "@loopback/metadata",
			"version": "4.1.2",
			"license": "MIT",
			"peer": true,
			"dependencies": {
				"debug": "^4.3.4",
				"lodash": "^4.17.21",
				"reflect-metadata": "^0.1.13",
				"tslib": "^2.4.0"
			},
			"devDependencies": {
				"@loopback/build": "^8.1.2",
				"@loopback/eslint-config": "^12.0.4",
				"@loopback/testlab": "^4.1.2",
				"@types/debug": "^4.1.7",
				"@types/lodash": "^4.14.182",
				"@types/node": "^12.20.50"
			},
			"engines": {
				"node": "12 || 14 || 16 || 17"
			}
		},
		"../../packages/metadata/node_modules/@loopback/build": {
			"resolved": "../../packages/build",
			"link": true
		},
		"../../packages/metadata/node_modules/@loopback/eslint-config": {
			"resolved": "../../packages/eslint-config",
			"link": true
		},
		"../../packages/metadata/node_modules/@loopback/testlab": {
			"resolved": "../../packages/testlab",
			"link": true
		},
		"../../packages/testlab": {
			"name": "@loopback/testlab",
			"version": "4.1.2",
			"dev": true,
			"license": "MIT",
			"peer": true,
			"dependencies": {
				"@hapi/shot": "^5.0.5",
				"@types/express": "^4.17.13",
				"@types/fs-extra": "^9.0.13",
				"@types/shot": "^4.0.1",
				"@types/sinon": "^10.0.11",
				"@types/supertest": "^2.0.12",
				"express": "^4.18.0",
				"fs-extra": "^10.1.0",
				"oas-validator": "^5.0.8",
				"should": "^13.2.3",
				"sinon": "^11.1.2",
				"supertest": "^6.2.3",
				"tslib": "^2.4.0"
			},
			"devDependencies": {
				"@loopback/build": "^8.1.2",
				"@loopback/eslint-config": "^12.0.4",
				"@types/node": "^12.20.50"
			},
			"engines": {
				"node": "12 || 14 || 16 || 17"
			}
		},
		"../../packages/testlab/node_modules/@loopback/build": {
			"resolved": "../../packages/build",
			"link": true
		},
		"../../packages/testlab/node_modules/@loopback/eslint-config": {
			"resolved": "../../packages/eslint-config",
			"link": true
		},
		"node_modules/@loopback/core": {
			"resolved": "../../packages/core",
			"link": true
		},
		"node_modules/@types/cron": {
			"version": "1.7.3",
			"resolved": "https://registry.npmjs.org/@types/cron/-/cron-1.7.3.tgz",
			"integrity": "sha512-iPmUXyIJG1Js+ldPYhOQcYU3kCAQ2FWrSkm1FJPoii2eYSn6wEW6onPukNTT0bfiflexNSRPl6KWmAIqS+36YA==",
			"dependencies": {
				"@types/node": "*",
				"moment": ">=2.14.0"
			}
		},
		"node_modules/@types/debug": {
			"version": "4.1.7",
			"resolved": "https://registry.npmjs.org/@types/debug/-/debug-4.1.7.tgz",
			"integrity": "sha512-9AonUzyTjXXhEOa0DnqpzZi6VHlqKMswga9EXjpXnnqxwLtdvPPtlO8evrI5D9S6asFRCQ6v+wpiUKbw+vKqyg==",
			"dependencies": {
				"@types/ms": "*"
			}
		},
		"node_modules/@types/ms": {
			"version": "0.7.31",
			"resolved": "https://registry.npmjs.org/@types/ms/-/ms-0.7.31.tgz",
			"integrity": "sha512-iiUgKzV9AuaEkZqkOLDIvlQiL6ltuZd9tGcW3gwpnX8JbuiuhFlEGmmFXEXkN50Cvq7Os88IY2v0dkDqXYWVgA=="
		},
		"node_modules/@types/node": {
			"version": "12.20.50",
			"resolved": "https://registry.npmjs.org/@types/node/-/node-12.20.50.tgz",
			"integrity": "sha512-+9axpWx2b2JCVovr7Ilgt96uc6C1zBKOQMpGtRbWT9IoR/8ue32GGMfGA4woP8QyP2gBs6GQWEVM3tCybGCxDA=="
		},
		"node_modules/cron": {
			"version": "1.8.2",
			"resolved": "https://registry.npmjs.org/cron/-/cron-1.8.2.tgz",
			"integrity": "sha512-Gk2c4y6xKEO8FSAUTklqtfSr7oTq0CiPQeLBG5Fl0qoXpZyMcj1SG59YL+hqq04bu6/IuEA7lMkYDAplQNKkyg==",
			"dependencies": {
				"moment-timezone": "^0.5.x"
			}
		},
		"node_modules/debug": {
			"version": "4.3.4",
			"resolved": "https://registry.npmjs.org/debug/-/debug-4.3.4.tgz",
			"integrity": "sha512-PRWFHuSU3eDtQJPvnNY7Jcket1j0t5OuOsFzPPzsekD52Zl8qUfFIPEiswXqIvHWGVHOgX+7G/vCNNhehwxfkQ==",
			"dependencies": {
				"ms": "2.1.2"
			},
			"engines": {
				"node": ">=6.0"
			},
			"peerDependenciesMeta": {
				"supports-color": {
					"optional": true
				}
			}
		},
		"node_modules/moment": {
			"version": "2.29.3",
			"resolved": "https://registry.npmjs.org/moment/-/moment-2.29.3.tgz",
			"integrity": "sha512-c6YRvhEo//6T2Jz/vVtYzqBzwvPT95JBQ+smCytzf7c50oMZRsR/a4w88aD34I+/QVSfnoAnSBFPJHItlOMJVw==",
			"engines": {
				"node": "*"
			}
		},
		"node_modules/moment-timezone": {
			"version": "0.5.34",
			"resolved": "https://registry.npmjs.org/moment-timezone/-/moment-timezone-0.5.34.tgz",
			"integrity": "sha512-3zAEHh2hKUs3EXLESx/wsgw6IQdusOT8Bxm3D9UrHPQR7zlMmzwybC8zHEM1tQ4LJwP7fcxrWr8tuBg05fFCbg==",
			"dependencies": {
				"moment": ">= 2.9.0"
			},
			"engines": {
				"node": "*"
			}
		},
		"node_modules/ms": {
			"version": "2.1.2",
			"resolved": "https://registry.npmjs.org/ms/-/ms-2.1.2.tgz",
			"integrity": "sha512-sGkPx+VjMtmA6MX27oA4FBFELFCZZ4S4XqeGOXCv68tT+jb3vk/RyaKWP0PTKyWtmLSM0b+adUTEvbs1PEaH2w=="
		},
		"node_modules/tslib": {
			"version": "2.4.0",
			"resolved": "https://registry.npmjs.org/tslib/-/tslib-2.4.0.tgz",
			"integrity": "sha512-d6xOpEDfsi2CZVlPQzGeux8XMwLT9hssAsaPYExaQMuYskwb+x1x7J371tWlbBdWHroy99KnVB6qIkUbs5X3UQ=="
		}
	},
	"dependencies": {
		"@loopback/core": {
			"version": "file:../../packages/core",
			"requires": {
				"@loopback/build": "^8.1.2",
				"@loopback/context": "^4.1.2",
				"@loopback/eslint-config": "^12.0.4",
				"@loopback/testlab": "^4.1.2",
				"@types/debug": "^4.1.7",
				"@types/node": "^12.20.50",
				"debug": "^4.3.4",
				"tslib": "^2.4.0"
			},
			"dependencies": {
				"@loopback/build": {
					"version": "file:../../packages/build",
					"requires": {
						"@loopback/eslint-config": "^12.0.4",
						"@types/mocha": "^9.1.1",
						"@types/node": "^12.20.50",
						"cross-spawn": "^7.0.3",
						"debug": "^4.3.4",
						"eslint": "^8.14.0",
						"fs-extra": "^10.1.0",
						"glob": "^8.0.1",
						"lodash": "^4.17.21",
						"mocha": "^9.2.2",
						"nyc": "^15.1.0",
						"prettier": "^2.6.2",
						"rimraf": "^3.0.2",
						"source-map-support": "^0.5.21",
						"typescript": "~4.6.3"
					},
					"dependencies": {
						"@loopback/eslint-config": {
							"version": "file:../../packages/eslint-config",
							"requires": {
								"@typescript-eslint/eslint-plugin": "^5.21.0",
								"@typescript-eslint/parser": "^5.21.0",
								"eslint-config-prettier": "^8.5.0",
								"eslint-plugin-eslint-plugin": "^4.1.0",
								"eslint-plugin-mocha": "^10.0.3"
							}
						}
					}
				},
				"@loopback/context": {
					"version": "file:../../packages/context",
					"requires": {
						"@loopback/build": "^8.1.2",
						"@loopback/eslint-config": "^12.0.4",
						"@loopback/metadata": "^4.1.2",
						"@loopback/testlab": "^4.1.2",
						"@types/bluebird": "^3.5.36",
						"@types/debug": "^4.1.7",
						"@types/node": "^12.20.50",
						"@types/uuid": "^8.3.4",
						"bluebird": "^3.7.2",
						"debug": "^4.3.4",
						"hyperid": "^3.0.1",
						"p-event": "^4.2.0",
						"tslib": "^2.4.0",
						"uuid": "^8.3.2"
					},
					"dependencies": {
						"@loopback/build": {
							"version": "file:../../packages/build",
							"requires": {
								"@loopback/eslint-config": "^12.0.4",
								"@types/mocha": "^9.1.1",
								"@types/node": "^12.20.50",
								"cross-spawn": "^7.0.3",
								"debug": "^4.3.4",
								"eslint": "^8.14.0",
								"fs-extra": "^10.1.0",
								"glob": "^8.0.1",
								"lodash": "^4.17.21",
								"mocha": "^9.2.2",
								"nyc": "^15.1.0",
								"prettier": "^2.6.2",
								"rimraf": "^3.0.2",
								"source-map-support": "^0.5.21",
								"typescript": "~4.6.3"
							},
							"dependencies": {
								"@loopback/eslint-config": {
									"version": "file:../../packages/eslint-config",
									"requires": {
										"@typescript-eslint/eslint-plugin": "^5.21.0",
										"@typescript-eslint/parser": "^5.21.0",
										"eslint-config-prettier": "^8.5.0",
										"eslint-plugin-eslint-plugin": "^4.1.0",
										"eslint-plugin-mocha": "^10.0.3"
									}
								}
							}
						},
						"@loopback/eslint-config": {
							"version": "file:../../packages/eslint-config",
							"requires": {
								"@typescript-eslint/eslint-plugin": "^5.21.0",
								"@typescript-eslint/parser": "^5.21.0",
								"eslint-config-prettier": "^8.5.0",
								"eslint-plugin-eslint-plugin": "^4.1.0",
								"eslint-plugin-mocha": "^10.0.3"
							}
						},
						"@loopback/metadata": {
							"version": "file:../../packages/metadata",
							"requires": {
								"@loopback/build": "^8.1.2",
								"@loopback/eslint-config": "^12.0.4",
								"@loopback/testlab": "^4.1.2",
								"@types/debug": "^4.1.7",
								"@types/lodash": "^4.14.182",
								"@types/node": "^12.20.50",
								"debug": "^4.3.4",
								"lodash": "^4.17.21",
								"reflect-metadata": "^0.1.13",
								"tslib": "^2.4.0"
							},
							"dependencies": {
								"@loopback/build": {
									"version": "file:../../packages/build",
									"requires": {
										"@loopback/eslint-config": "^12.0.4",
										"@types/mocha": "^9.1.1",
										"@types/node": "^12.20.50",
										"cross-spawn": "^7.0.3",
										"debug": "^4.3.4",
										"eslint": "^8.14.0",
										"fs-extra": "^10.1.0",
										"glob": "^8.0.1",
										"lodash": "^4.17.21",
										"mocha": "^9.2.2",
										"nyc": "^15.1.0",
										"prettier": "^2.6.2",
										"rimraf": "^3.0.2",
										"source-map-support": "^0.5.21",
										"typescript": "~4.6.3"
									},
									"dependencies": {
										"@loopback/eslint-config": {
											"version": "file:../../packages/eslint-config",
											"requires": {
												"@typescript-eslint/eslint-plugin": "^5.21.0",
												"@typescript-eslint/parser": "^5.21.0",
												"eslint-config-prettier": "^8.5.0",
												"eslint-plugin-eslint-plugin": "^4.1.0",
												"eslint-plugin-mocha": "^10.0.3"
											}
										}
									}
								},
								"@loopback/eslint-config": {
									"version": "file:../../packages/eslint-config",
									"requires": {
										"@typescript-eslint/eslint-plugin": "^5.21.0",
										"@typescript-eslint/parser": "^5.21.0",
										"eslint-config-prettier": "^8.5.0",
										"eslint-plugin-eslint-plugin": "^4.1.0",
										"eslint-plugin-mocha": "^10.0.3"
									}
								},
								"@loopback/testlab": {
									"version": "file:../../packages/testlab",
									"requires": {
										"@hapi/shot": "^5.0.5",
										"@loopback/build": "^8.1.2",
										"@loopback/eslint-config": "^12.0.4",
										"@types/express": "^4.17.13",
										"@types/fs-extra": "^9.0.13",
										"@types/node": "^12.20.50",
										"@types/shot": "^4.0.1",
										"@types/sinon": "^10.0.11",
										"@types/supertest": "^2.0.12",
										"express": "^4.18.0",
										"fs-extra": "^10.1.0",
										"oas-validator": "^5.0.8",
										"should": "^13.2.3",
										"sinon": "^11.1.2",
										"supertest": "^6.2.3",
										"tslib": "^2.4.0"
									},
									"dependencies": {
										"@loopback/build": {
											"version": "file:../../packages/build",
											"requires": {
												"@loopback/eslint-config": "^12.0.4",
												"@types/mocha": "^9.1.1",
												"@types/node": "^12.20.50",
												"cross-spawn": "^7.0.3",
												"debug": "^4.3.4",
												"eslint": "^8.14.0",
												"fs-extra": "^10.1.0",
												"glob": "^8.0.1",
												"lodash": "^4.17.21",
												"mocha": "^9.2.2",
												"nyc": "^15.1.0",
												"prettier": "^2.6.2",
												"rimraf": "^3.0.2",
												"source-map-support": "^0.5.21",
												"typescript": "~4.6.3"
											},
											"dependencies": {
												"@loopback/eslint-config": {
													"version": "file:../../packages/eslint-config",
													"requires": {
														"@typescript-eslint/eslint-plugin": "^5.21.0",
														"@typescript-eslint/parser": "^5.21.0",
														"eslint-config-prettier": "^8.5.0",
														"eslint-plugin-eslint-plugin": "^4.1.0",
														"eslint-plugin-mocha": "^10.0.3"
													}
												}
											}
										},
										"@loopback/eslint-config": {
											"version": "file:../../packages/eslint-config",
											"requires": {
												"@typescript-eslint/eslint-plugin": "^5.21.0",
												"@typescript-eslint/parser": "^5.21.0",
												"eslint-config-prettier": "^8.5.0",
												"eslint-plugin-eslint-plugin": "^4.1.0",
												"eslint-plugin-mocha": "^10.0.3"
											}
										}
									}
								}
							}
						},
						"@loopback/testlab": {
							"version": "file:../../packages/testlab",
							"requires": {
								"@hapi/shot": "^5.0.5",
								"@loopback/build": "^8.1.2",
								"@loopback/eslint-config": "^12.0.4",
								"@types/express": "^4.17.13",
								"@types/fs-extra": "^9.0.13",
								"@types/node": "^12.20.50",
								"@types/shot": "^4.0.1",
								"@types/sinon": "^10.0.11",
								"@types/supertest": "^2.0.12",
								"express": "^4.18.0",
								"fs-extra": "^10.1.0",
								"oas-validator": "^5.0.8",
								"should": "^13.2.3",
								"sinon": "^11.1.2",
								"supertest": "^6.2.3",
								"tslib": "^2.4.0"
							},
							"dependencies": {
								"@loopback/build": {
									"version": "file:../../packages/build",
									"requires": {
										"@loopback/eslint-config": "^12.0.4",
										"@types/mocha": "^9.1.1",
										"@types/node": "^12.20.50",
										"cross-spawn": "^7.0.3",
										"debug": "^4.3.4",
										"eslint": "^8.14.0",
										"fs-extra": "^10.1.0",
										"glob": "^8.0.1",
										"lodash": "^4.17.21",
										"mocha": "^9.2.2",
										"nyc": "^15.1.0",
										"prettier": "^2.6.2",
										"rimraf": "^3.0.2",
										"source-map-support": "^0.5.21",
										"typescript": "~4.6.3"
									},
									"dependencies": {
										"@loopback/eslint-config": {
											"version": "file:../../packages/eslint-config",
											"requires": {
												"@typescript-eslint/eslint-plugin": "^5.21.0",
												"@typescript-eslint/parser": "^5.21.0",
												"eslint-config-prettier": "^8.5.0",
												"eslint-plugin-eslint-plugin": "^4.1.0",
												"eslint-plugin-mocha": "^10.0.3"
											}
										}
									}
								},
								"@loopback/eslint-config": {
									"version": "file:../../packages/eslint-config",
									"requires": {
										"@typescript-eslint/eslint-plugin": "^5.21.0",
										"@typescript-eslint/parser": "^5.21.0",
										"eslint-config-prettier": "^8.5.0",
										"eslint-plugin-eslint-plugin": "^4.1.0",
										"eslint-plugin-mocha": "^10.0.3"
									}
								}
							}
						}
					}
				},
				"@loopback/eslint-config": {
					"version": "file:../../packages/eslint-config",
					"requires": {
						"@typescript-eslint/eslint-plugin": "^5.21.0",
						"@typescript-eslint/parser": "^5.21.0",
						"eslint-config-prettier": "^8.5.0",
						"eslint-plugin-eslint-plugin": "^4.1.0",
						"eslint-plugin-mocha": "^10.0.3"
					}
				},
				"@loopback/testlab": {
					"version": "file:../../packages/testlab",
					"requires": {
						"@hapi/shot": "^5.0.5",
						"@loopback/build": "^8.1.2",
						"@loopback/eslint-config": "^12.0.4",
						"@types/express": "^4.17.13",
						"@types/fs-extra": "^9.0.13",
						"@types/node": "^12.20.50",
						"@types/shot": "^4.0.1",
						"@types/sinon": "^10.0.11",
						"@types/supertest": "^2.0.12",
						"express": "^4.18.0",
						"fs-extra": "^10.1.0",
						"oas-validator": "^5.0.8",
						"should": "^13.2.3",
						"sinon": "^11.1.2",
						"supertest": "^6.2.3",
						"tslib": "^2.4.0"
					},
					"dependencies": {
						"@loopback/build": {
							"version": "file:../../packages/build",
							"requires": {
								"@loopback/eslint-config": "^12.0.4",
								"@types/mocha": "^9.1.1",
								"@types/node": "^12.20.50",
								"cross-spawn": "^7.0.3",
								"debug": "^4.3.4",
								"eslint": "^8.14.0",
								"fs-extra": "^10.1.0",
								"glob": "^8.0.1",
								"lodash": "^4.17.21",
								"mocha": "^9.2.2",
								"nyc": "^15.1.0",
								"prettier": "^2.6.2",
								"rimraf": "^3.0.2",
								"source-map-support": "^0.5.21",
								"typescript": "~4.6.3"
							},
							"dependencies": {
								"@loopback/eslint-config": {
									"version": "file:../../packages/eslint-config",
									"requires": {
										"@typescript-eslint/eslint-plugin": "^5.21.0",
										"@typescript-eslint/parser": "^5.21.0",
										"eslint-config-prettier": "^8.5.0",
										"eslint-plugin-eslint-plugin": "^4.1.0",
										"eslint-plugin-mocha": "^10.0.3"
									}
								}
							}
						},
						"@loopback/eslint-config": {
							"version": "file:../../packages/eslint-config",
							"requires": {
								"@typescript-eslint/eslint-plugin": "^5.21.0",
								"@typescript-eslint/parser": "^5.21.0",
								"eslint-config-prettier": "^8.5.0",
								"eslint-plugin-eslint-plugin": "^4.1.0",
								"eslint-plugin-mocha": "^10.0.3"
							}
						}
					}
				}
			}
		},
		"@types/cron": {
			"version": "1.7.3",
			"resolved": "https://registry.npmjs.org/@types/cron/-/cron-1.7.3.tgz",
			"integrity": "sha512-iPmUXyIJG1Js+ldPYhOQcYU3kCAQ2FWrSkm1FJPoii2eYSn6wEW6onPukNTT0bfiflexNSRPl6KWmAIqS+36YA==",
			"requires": {
				"@types/node": "*",
				"moment": ">=2.14.0"
			}
		},
		"@types/debug": {
			"version": "4.1.7",
			"resolved": "https://registry.npmjs.org/@types/debug/-/debug-4.1.7.tgz",
			"integrity": "sha512-9AonUzyTjXXhEOa0DnqpzZi6VHlqKMswga9EXjpXnnqxwLtdvPPtlO8evrI5D9S6asFRCQ6v+wpiUKbw+vKqyg==",
			"requires": {
				"@types/ms": "*"
			}
		},
		"@types/ms": {
			"version": "0.7.31",
			"resolved": "https://registry.npmjs.org/@types/ms/-/ms-0.7.31.tgz",
			"integrity": "sha512-iiUgKzV9AuaEkZqkOLDIvlQiL6ltuZd9tGcW3gwpnX8JbuiuhFlEGmmFXEXkN50Cvq7Os88IY2v0dkDqXYWVgA=="
		},
		"@types/node": {
			"version": "12.20.50",
			"resolved": "https://registry.npmjs.org/@types/node/-/node-12.20.50.tgz",
			"integrity": "sha512-+9axpWx2b2JCVovr7Ilgt96uc6C1zBKOQMpGtRbWT9IoR/8ue32GGMfGA4woP8QyP2gBs6GQWEVM3tCybGCxDA=="
		},
		"cron": {
			"version": "1.8.2",
			"resolved": "https://registry.npmjs.org/cron/-/cron-1.8.2.tgz",
			"integrity": "sha512-Gk2c4y6xKEO8FSAUTklqtfSr7oTq0CiPQeLBG5Fl0qoXpZyMcj1SG59YL+hqq04bu6/IuEA7lMkYDAplQNKkyg==",
			"requires": {
				"moment-timezone": "^0.5.x"
			}
		},
		"debug": {
			"version": "4.3.4",
			"resolved": "https://registry.npmjs.org/debug/-/debug-4.3.4.tgz",
			"integrity": "sha512-PRWFHuSU3eDtQJPvnNY7Jcket1j0t5OuOsFzPPzsekD52Zl8qUfFIPEiswXqIvHWGVHOgX+7G/vCNNhehwxfkQ==",
			"requires": {
				"ms": "2.1.2"
			}
		},
		"moment": {
			"version": "2.29.3",
			"resolved": "https://registry.npmjs.org/moment/-/moment-2.29.3.tgz",
			"integrity": "sha512-c6YRvhEo//6T2Jz/vVtYzqBzwvPT95JBQ+smCytzf7c50oMZRsR/a4w88aD34I+/QVSfnoAnSBFPJHItlOMJVw=="
		},
		"moment-timezone": {
			"version": "0.5.34",
			"resolved": "https://registry.npmjs.org/moment-timezone/-/moment-timezone-0.5.34.tgz",
			"integrity": "sha512-3zAEHh2hKUs3EXLESx/wsgw6IQdusOT8Bxm3D9UrHPQR7zlMmzwybC8zHEM1tQ4LJwP7fcxrWr8tuBg05fFCbg==",
			"requires": {
				"moment": ">= 2.9.0"
			}
		},
		"ms": {
			"version": "2.1.2",
			"resolved": "https://registry.npmjs.org/ms/-/ms-2.1.2.tgz",
			"integrity": "sha512-sGkPx+VjMtmA6MX27oA4FBFELFCZZ4S4XqeGOXCv68tT+jb3vk/RyaKWP0PTKyWtmLSM0b+adUTEvbs1PEaH2w=="
		},
		"tslib": {
			"version": "2.4.0",
			"resolved": "https://registry.npmjs.org/tslib/-/tslib-2.4.0.tgz",
			"integrity": "sha512-d6xOpEDfsi2CZVlPQzGeux8XMwLT9hssAsaPYExaQMuYskwb+x1x7J371tWlbBdWHroy99KnVB6qIkUbs5X3UQ=="
		}
	}
}
