{
	"name": "@loopback/openapi-spec-builder",
	"version": "1.2.10",
	"lockfileVersion": 1,
	"requires": true,
	"dependencies": {
		"@types/node": {
			"version": "10.14.15",
			"resolved": "https://registry.npmjs.org/@types/node/-/node-10.14.15.tgz",
			"integrity": "sha512-CBR5avlLcu0YCILJiDIXeU2pTw7UK/NIxfC63m7d7CVamho1qDEzXKkOtEauQRPMy6MI8mLozth+JJkas7HY6g==",
			"dev": true
		},
		"openapi3-ts": {
			"version": "1.3.0",
			"resolved": "https://registry.npmjs.org/openapi3-ts/-/openapi3-ts-1.3.0.tgz",
			"integrity": "sha512-Xk3hsB0PzB4dzr/r/FdmK+VfQbZH7lQQ2iipMS1/1eoz1wUvh5R7rmOakYvw0bQJJE6PYrOLx8UHsYmzgTr+YQ=="
		}
	}
}
