{
	"name": "@loopback/openapi-spec-builder",
	"version": "1.2.17",
	"lockfileVersion": 1,
	"requires": true,
	"dependencies": {
		"@types/node": {
			"version": "10.17.4",
			"resolved": "https://registry.npmjs.org/@types/node/-/node-10.17.4.tgz",
			"integrity": "sha512-F2pgg+LcIr/elguz+x+fdBX5KeZXGUOp7TV8M0TVIrDezYLFRNt8oMTyps0VQ1kj5WGGoR18RdxnRDHXrIFHMQ==",
			"dev": true
		},
		"openapi3-ts": {
			"version": "1.3.0",
			"resolved": "https://registry.npmjs.org/openapi3-ts/-/openapi3-ts-1.3.0.tgz",
			"integrity": "sha512-Xk3hsB0PzB4dzr/r/FdmK+VfQbZH7lQQ2iipMS1/1eoz1wUvh5R7rmOakYvw0bQJJE6PYrOLx8UHsYmzgTr+YQ=="
		}
	}
}
