{
	"name": "@loopback/openapi-spec-builder",
	"version": "3.2.0",
	"lockfileVersion": 2,
	"requires": true,
	"packages": {
		"": {
			"name": "@loopback/openapi-spec-builder",
			"version": "3.1.1",
			"license": "MIT",
			"dependencies": {
				"openapi3-ts": "^2.0.1",
				"tslib": "^2.2.0"
			},
			"devDependencies": {
				"@types/node": "^10.17.59"
			},
			"engines": {
				"node": "^10.16 || 12 || 14 || 16"
			}
		},
		"node_modules/@types/node": {
			"version": "10.17.59",
			"resolved": "https://registry.npmjs.org/@types/node/-/node-10.17.59.tgz",
			"integrity": "sha512-7Uc8IRrL8yZz5ti45RaFxpbU8TxlzdC3HvxV+hOWo1EyLsuKv/w7y0n+TwZzwL3vdx3oZ2k3ubxPq131hNtXyg==",
			"dev": true
		},
		"node_modules/openapi3-ts": {
			"version": "2.0.1",
			"resolved": "https://registry.npmjs.org/openapi3-ts/-/openapi3-ts-2.0.1.tgz",
			"integrity": "sha512-v6X3iwddhi276siej96jHGIqTx3wzVfMTmpGJEQDt7GPI7pI6sywItURLzpEci21SBRpPN/aOWSF5mVfFVNmcg==",
			"dependencies": {
				"yaml": "^1.10.0"
			}
		},
		"node_modules/tslib": {
			"version": "2.2.0",
			"resolved": "https://registry.npmjs.org/tslib/-/tslib-2.2.0.tgz",
			"integrity": "sha512-gS9GVHRU+RGn5KQM2rllAlR3dU6m7AcpJKdtH8gFvQiC4Otgk98XnmMU+nZenHt/+VhnBPWwgrJsyrdcw6i23w=="
		},
		"node_modules/yaml": {
			"version": "1.10.2",
			"resolved": "https://registry.npmjs.org/yaml/-/yaml-1.10.2.tgz",
			"integrity": "sha512-r3vXyErRCYJ7wg28yvBY5VSoAF8ZvlcW9/BwUzEtUsjvX/DKs24dIkuwjtuprwJJHsbyUbLApepYTR1BN4uHrg==",
			"engines": {
				"node": ">= 6"
			}
		}
	},
	"dependencies": {
		"@types/node": {
			"version": "10.17.59",
			"resolved": "https://registry.npmjs.org/@types/node/-/node-10.17.59.tgz",
			"integrity": "sha512-7Uc8IRrL8yZz5ti45RaFxpbU8TxlzdC3HvxV+hOWo1EyLsuKv/w7y0n+TwZzwL3vdx3oZ2k3ubxPq131hNtXyg==",
			"dev": true
		},
		"openapi3-ts": {
			"version": "2.0.1",
			"resolved": "https://registry.npmjs.org/openapi3-ts/-/openapi3-ts-2.0.1.tgz",
			"integrity": "sha512-v6X3iwddhi276siej96jHGIqTx3wzVfMTmpGJEQDt7GPI7pI6sywItURLzpEci21SBRpPN/aOWSF5mVfFVNmcg==",
			"requires": {
				"yaml": "^1.10.0"
			}
		},
		"tslib": {
			"version": "2.2.0",
			"resolved": "https://registry.npmjs.org/tslib/-/tslib-2.2.0.tgz",
			"integrity": "sha512-gS9GVHRU+RGn5KQM2rllAlR3dU6m7AcpJKdtH8gFvQiC4Otgk98XnmMU+nZenHt/+VhnBPWwgrJsyrdcw6i23w=="
		},
		"yaml": {
			"version": "1.10.2",
			"resolved": "https://registry.npmjs.org/yaml/-/yaml-1.10.2.tgz",
			"integrity": "sha512-r3vXyErRCYJ7wg28yvBY5VSoAF8ZvlcW9/BwUzEtUsjvX/DKs24dIkuwjtuprwJJHsbyUbLApepYTR1BN4uHrg=="
		}
	}
}
