{
	"name": "@loopback/http-server",
	"version": "2.0.4",
	"lockfileVersion": 1,
	"requires": true,
	"dependencies": {
		"@types/node": {
			"version": "10.17.19",
			"resolved": "https://registry.npmjs.org/@types/node/-/node-10.17.19.tgz",
			"integrity": "sha512-46/xThm3zvvc9t9/7M3AaLEqtOpqlYYYcCZbpYVAQHG20+oMZBkae/VMrn4BTi6AJ8cpack0mEXhGiKmDNbLrQ==",
			"dev": true
		},
		"@types/stoppable": {
			"version": "1.1.0",
			"resolved": "https://registry.npmjs.org/@types/stoppable/-/stoppable-1.1.0.tgz",
			"integrity": "sha512-BRR23Q9CJduH7AM6mk4JRttd8XyFkb4qIPZu4mdLF+VoP+wcjIxIWIKiBbN78NBbEuynrAyMPtzOHnIp2B/JPQ==",
			"dev": true,
			"requires": {
				"@types/node": "*"
			}
		},
		"p-event": {
			"version": "4.1.0",
			"resolved": "https://registry.npmjs.org/p-event/-/p-event-4.1.0.tgz",
			"integrity": "sha512-4vAd06GCsgflX4wHN1JqrMzBh/8QZ4j+rzp0cd2scXRwuBEv+QR3wrVA5aLhWDLw4y2WgDKvzWF3CCLmVM1UgA==",
			"requires": {
				"p-timeout": "^2.0.1"
			}
		},
		"p-finally": {
			"version": "1.0.0",
			"resolved": "https://registry.npmjs.org/p-finally/-/p-finally-1.0.0.tgz",
			"integrity": "sha1-P7z7FbiZpEEjs0ttzBi3JDNqLK4="
		},
		"p-timeout": {
			"version": "2.0.1",
			"resolved": "https://registry.npmjs.org/p-timeout/-/p-timeout-2.0.1.tgz",
			"integrity": "sha512-88em58dDVB/KzPEx1X0N3LwFfYZPyDc4B6eF38M1rk9VTZMbxXXgjugz8mmwpS9Ox4BDZ+t6t3QP5+/gazweIA==",
			"requires": {
				"p-finally": "^1.0.0"
			}
		},
		"stoppable": {
			"version": "1.1.0",
			"resolved": "https://registry.npmjs.org/stoppable/-/stoppable-1.1.0.tgz",
			"integrity": "sha512-KXDYZ9dszj6bzvnEMRYvxgeTHU74QBFL54XKtP3nyMuJ81CFYtABZ3bAzL2EdFUaEwJOBOgENyFj3R7oTzDyyw=="
		},
		"tslib": {
			"version": "1.11.1",
			"resolved": "https://registry.npmjs.org/tslib/-/tslib-1.11.1.tgz",
			"integrity": "sha512-aZW88SY8kQbU7gpV19lN24LtXh/yD4ZZg6qieAJDDg+YBsJcSmLGK9QpnUjAKVG/xefmvJGd1WUmfpT/g6AJGA=="
		}
	}
}
