{
	"name": "@loopback/http-server",
	"version": "2.3.2",
	"lockfileVersion": 1,
	"requires": true,
	"dependencies": {
		"@types/debug": {
			"version": "4.1.5",
			"resolved": "https://registry.npmjs.org/@types/debug/-/debug-4.1.5.tgz",
			"integrity": "sha512-Q1y515GcOdTHgagaVFhHnIFQ38ygs/kmxdNpvpou+raI9UO3YZcHDngBSYKQklcKlvA7iuQlmIKbzvmxcOE9CQ==",
			"dev": true
		},
		"@types/node": {
			"version": "10.17.44",
			"resolved": "https://registry.npmjs.org/@types/node/-/node-10.17.44.tgz",
			"integrity": "sha512-vHPAyBX1ffLcy4fQHmDyIUMUb42gHZjPHU66nhvbMzAWJqHnySGZ6STwN3rwrnSd1FHB0DI/RWgGELgKSYRDmw==",
			"dev": true
		},
		"@types/stoppable": {
			"version": "1.1.0",
			"resolved": "https://registry.npmjs.org/@types/stoppable/-/stoppable-1.1.0.tgz",
			"integrity": "sha512-BRR23Q9CJduH7AM6mk4JRttd8XyFkb4qIPZu4mdLF+VoP+wcjIxIWIKiBbN78NBbEuynrAyMPtzOHnIp2B/JPQ==",
			"dev": true,
			"requires": {
				"@types/node": "*"
			}
		},
		"debug": {
			"version": "4.3.1",
			"resolved": "https://registry.npmjs.org/debug/-/debug-4.3.1.tgz",
			"integrity": "sha512-doEwdvm4PCeK4K3RQN2ZC2BYUBaxwLARCqZmMjtF8a51J2Rb0xpVloFRnCODwqjpwnAoao4pelN8l3RJdv3gRQ==",
			"requires": {
				"ms": "2.1.2"
			}
		},
		"ms": {
			"version": "2.1.2",
			"resolved": "https://registry.npmjs.org/ms/-/ms-2.1.2.tgz",
			"integrity": "sha512-sGkPx+VjMtmA6MX27oA4FBFELFCZZ4S4XqeGOXCv68tT+jb3vk/RyaKWP0PTKyWtmLSM0b+adUTEvbs1PEaH2w=="
		},
		"stoppable": {
			"version": "1.1.0",
			"resolved": "https://registry.npmjs.org/stoppable/-/stoppable-1.1.0.tgz",
			"integrity": "sha512-KXDYZ9dszj6bzvnEMRYvxgeTHU74QBFL54XKtP3nyMuJ81CFYtABZ3bAzL2EdFUaEwJOBOgENyFj3R7oTzDyyw=="
		},
		"tslib": {
			"version": "2.0.3",
			"resolved": "https://registry.npmjs.org/tslib/-/tslib-2.0.3.tgz",
			"integrity": "sha512-uZtkfKblCEQtZKBF6EBXVZeQNl82yqtDQdv+eck8u7tdPxjLu2/lp5/uPW+um2tpuxINHWy3GhiccY7QgEaVHQ=="
		}
	}
}
