{
	"name": "@loopback/pooling",
	"version": "0.3.1",
	"lockfileVersion": 1,
	"requires": true,
	"dependencies": {
		"@types/generic-pool": {
			"version": "3.1.9",
			"resolved": "https://registry.npmjs.org/@types/generic-pool/-/generic-pool-3.1.9.tgz",
			"integrity": "sha512-IkXMs8fhV6+E4J8EWv8iL7mLvApcLLQUH4m1Rex3KCPRqT+Xya0DDHIeGAokk/6VXe9zg8oTWyr+FGyeuimEYQ==",
			"requires": {
				"@types/node": "*"
			},
			"dependencies": {
				"@types/node": {
					"version": "14.11.1",
					"resolved": "https://registry.npmjs.org/@types/node/-/node-14.11.1.tgz",
					"integrity": "sha512-oTQgnd0hblfLsJ6BvJzzSL+Inogp3lq9fGgqRkMB/ziKMgEUaFl801OncOzUmalfzt14N0oPHMK47ipl+wbTIw=="
				}
			}
		},
		"@types/node": {
			"version": "10.17.35",
			"resolved": "https://registry.npmjs.org/@types/node/-/node-10.17.35.tgz",
			"integrity": "sha512-gXx7jAWpMddu0f7a+L+txMplp3FnHl53OhQIF9puXKq3hDGY/GjH+MF04oWnV/adPSCrbtHumDCFwzq2VhltWA==",
			"dev": true
		},
		"generic-pool": {
			"version": "3.7.1",
			"resolved": "https://registry.npmjs.org/generic-pool/-/generic-pool-3.7.1.tgz",
			"integrity": "sha512-ug6DAZoNgWm6q5KhPFA+hzXfBLFQu5sTXxPpv44DmE0A2g+CiHoq9LTVdkXpZMkYVMoGw83F6W+WT0h0MFMK/w=="
		},
		"tslib": {
			"version": "2.0.1",
			"resolved": "https://registry.npmjs.org/tslib/-/tslib-2.0.1.tgz",
			"integrity": "sha512-SgIkNheinmEBgx1IUNirK0TUD4X9yjjBRTqqjggWCU3pUEqIk3/Uwl3yRixYKT6WjQuGiwDv4NomL3wqRCj+CQ=="
		},
		"typescript": {
			"version": "4.0.3",
			"resolved": "https://registry.npmjs.org/typescript/-/typescript-4.0.3.tgz",
			"integrity": "sha512-tEu6DGxGgRJPb/mVPIZ48e69xCn2yRmCgYmDugAVwmJ6o+0u1RI18eO7E7WBTLYLaEVVOhwQmcdhQHweux/WPg==",
			"dev": true
		}
	}
}
