{
	"name": "@loopback/tracing",
	"version": "0.0.1",
	"lockfileVersion": 1,
	"requires": true,
	"dependencies": {
		"@opentelemetry/api": {
			"version": "0.11.0",
			"resolved": "https://registry.npmjs.org/@opentelemetry/api/-/api-0.11.0.tgz",
			"integrity": "sha512-K+1ADLMxduhsXoZ0GRfi9Pw162FvzBQLDQlHru1lg86rpIU+4XqdJkSGo6y3Kg+GmOWq1HNHOA/ydw/rzHQkRg==",
			"requires": {
				"@opentelemetry/context-base": "^0.11.0"
			}
		},
		"@opentelemetry/context-async-hooks": {
			"version": "0.11.0",
			"resolved": "https://registry.npmjs.org/@opentelemetry/context-async-hooks/-/context-async-hooks-0.11.0.tgz",
			"integrity": "sha512-4z0X9EfvoLNA6R5yi+2taUyaSCUiyi/ht1qBYZMgpWvWwARgc5hcgGkZo7bekPk1zWfE9NFIhW6ySOXOP9CXyQ==",
			"requires": {
				"@opentelemetry/context-base": "^0.11.0"
			}
		},
		"@opentelemetry/context-base": {
			"version": "0.11.0",
			"resolved": "https://registry.npmjs.org/@opentelemetry/context-base/-/context-base-0.11.0.tgz",
			"integrity": "sha512-ESRk+572bftles7CVlugAj5Azrz61VO0MO0TS2pE9MLVL/zGmWuUBQryART6/nsrFqo+v9HPt37GPNcECTZR1w=="
		},
		"@opentelemetry/core": {
			"version": "0.11.0",
			"resolved": "https://registry.npmjs.org/@opentelemetry/core/-/core-0.11.0.tgz",
			"integrity": "sha512-ZEKjBXeDGBqzouz0uJmrbEKNExEsQOhsZ3tJDCLcz5dUNoVw642oIn2LYWdQK2YdIfZbEmltiF65/csGsaBtFA==",
			"requires": {
				"@opentelemetry/api": "^0.11.0",
				"@opentelemetry/context-base": "^0.11.0",
				"semver": "^7.1.3"
			}
		},
		"@opentelemetry/exporter-jaeger": {
			"version": "0.11.0",
			"resolved": "https://registry.npmjs.org/@opentelemetry/exporter-jaeger/-/exporter-jaeger-0.11.0.tgz",
			"integrity": "sha512-fSmSHU9kK/x5Gid6eGzT8bLW47sPdqQUdlA15U0bVxtkdpiIoArgYYj5cbnQYfCoxwnsTVeYn13TW94G/JsbxA==",
			"requires": {
				"@opentelemetry/api": "^0.11.0",
				"@opentelemetry/core": "^0.11.0",
				"@opentelemetry/tracing": "^0.11.0",
				"jaeger-client": "^3.15.0"
			}
		},
		"@opentelemetry/exporter-prometheus": {
			"version": "0.11.0",
			"resolved": "https://registry.npmjs.org/@opentelemetry/exporter-prometheus/-/exporter-prometheus-0.11.0.tgz",
			"integrity": "sha512-gFdcs+iSdDow4Bf+VRCgR/gibg6Wb1KtwGD7neXn2QV8KDdJByzYrxKAb1mcK5wbMtD6/Ww597PH+AncFTlxwg==",
			"requires": {
				"@opentelemetry/api": "^0.11.0",
				"@opentelemetry/core": "^0.11.0",
				"@opentelemetry/metrics": "^0.11.0"
			}
		},
		"@opentelemetry/metrics": {
			"version": "0.11.0",
			"resolved": "https://registry.npmjs.org/@opentelemetry/metrics/-/metrics-0.11.0.tgz",
			"integrity": "sha512-OlEG1yVrfxkeQinx0c9/J37RPPnFKh0wRov0t2FHf2n2OnS831xhT9jSsopYlrJ5fe3NY0HuHshDoMpBOJXaGg==",
			"requires": {
				"@opentelemetry/api": "^0.11.0",
				"@opentelemetry/core": "^0.11.0",
				"@opentelemetry/resources": "^0.11.0"
			}
		},
		"@opentelemetry/node": {
			"version": "0.11.0",
			"resolved": "https://registry.npmjs.org/@opentelemetry/node/-/node-0.11.0.tgz",
			"integrity": "sha512-1SrZNbF7aBShySvsmWL+3bir6fVugjSnCyXsKMwclinhZIHd2cUfgjKdi42OCcA5G4Pp8TpO7/8ue8qI5yKX8w==",
			"requires": {
				"@opentelemetry/api": "^0.11.0",
				"@opentelemetry/context-async-hooks": "^0.11.0",
				"@opentelemetry/core": "^0.11.0",
				"@opentelemetry/tracing": "^0.11.0",
				"require-in-the-middle": "^5.0.0",
				"semver": "^7.1.3"
			}
		},
		"@opentelemetry/plugin-http": {
			"version": "0.11.0",
			"resolved": "https://registry.npmjs.org/@opentelemetry/plugin-http/-/plugin-http-0.11.0.tgz",
			"integrity": "sha512-oUBRNrmo8nhR6AuzTpW27rc6P7Jz4lfb3liQxiHTuqv9JHlBz2m5q3NfibImfxpiVVq8BMAg6FR264/LcynuUA==",
			"requires": {
				"@opentelemetry/api": "^0.11.0",
				"@opentelemetry/core": "^0.11.0",
				"@opentelemetry/semantic-conventions": "^0.11.0",
				"semver": "^7.1.3",
				"shimmer": "^1.2.1"
			}
		},
		"@opentelemetry/plugin-https": {
			"version": "0.11.0",
			"resolved": "https://registry.npmjs.org/@opentelemetry/plugin-https/-/plugin-https-0.11.0.tgz",
			"integrity": "sha512-odUeyXAj6sRJSjXRytUIEtNsdNDZTPSn0AlHDI/H8saOb/eOXHKUCAJOfEoFFNg4QS/9tyTrr4d1q7+5AKBsFA==",
			"requires": {
				"@opentelemetry/api": "^0.11.0",
				"@opentelemetry/core": "^0.11.0",
				"@opentelemetry/plugin-http": "^0.11.0",
				"@opentelemetry/semantic-conventions": "^0.11.0",
				"semver": "^7.1.3",
				"shimmer": "^1.2.1"
			}
		},
		"@opentelemetry/resources": {
			"version": "0.11.0",
			"resolved": "https://registry.npmjs.org/@opentelemetry/resources/-/resources-0.11.0.tgz",
			"integrity": "sha512-o7DwV1TcezqBtS5YW2AWBcn01nVpPptIbTr966PLlVBcS//w8LkjeOShiSZxQ0lmV4b2en0FiSouSDoXk/5qIQ==",
			"requires": {
				"@opentelemetry/api": "^0.11.0",
				"@opentelemetry/core": "^0.11.0"
			}
		},
		"@opentelemetry/semantic-conventions": {
			"version": "0.11.0",
			"resolved": "https://registry.npmjs.org/@opentelemetry/semantic-conventions/-/semantic-conventions-0.11.0.tgz",
			"integrity": "sha512-xsthnI/J+Cx0YVDGgUzvrH0ZTtfNtl866M454NarYwDrc0JvC24sYw+XS5PJyk2KDzAHtb0vlrumUc1OAut/Fw=="
		},
		"@opentelemetry/tracing": {
			"version": "0.11.0",
			"resolved": "https://registry.npmjs.org/@opentelemetry/tracing/-/tracing-0.11.0.tgz",
			"integrity": "sha512-QweFmxzl32BcyzwdWCNjVXZT1WeENNS/RWETq/ohqu+fAsTcMyGcr6cOq/yDdFmtBy+bm5WVVdeByEjNS+c4/w==",
			"requires": {
				"@opentelemetry/api": "^0.11.0",
				"@opentelemetry/context-base": "^0.11.0",
				"@opentelemetry/core": "^0.11.0",
				"@opentelemetry/resources": "^0.11.0",
				"@opentelemetry/semantic-conventions": "^0.11.0"
			}
		},
		"@types/debug": {
			"version": "4.1.5",
			"resolved": "https://registry.npmjs.org/@types/debug/-/debug-4.1.5.tgz",
			"integrity": "sha512-Q1y515GcOdTHgagaVFhHnIFQ38ygs/kmxdNpvpou+raI9UO3YZcHDngBSYKQklcKlvA7iuQlmIKbzvmxcOE9CQ==",
			"dev": true
		},
		"@types/jaeger-client": {
			"version": "3.15.4",
			"resolved": "https://registry.npmjs.org/@types/jaeger-client/-/jaeger-client-3.15.4.tgz",
			"integrity": "sha512-DdA3jLT6VoAnn9/AI7DBOSXSFFM839f1dXvf/wTWcofs8ajcclEexGPEbELYfC3XuoEIWLPd7OmrqF/6mp4n/A==",
			"requires": {
				"opentracing": "~0.14.3",
				"prom-client": "~11.3.0"
			}
		},
		"@types/node": {
			"version": "10.17.37",
			"resolved": "https://registry.npmjs.org/@types/node/-/node-10.17.37.tgz",
			"integrity": "sha512-4c38N7p9k9yqdcANh/WExTahkBgOTmggCyrTvVcbE8ByqO3g8evt/407v/I4X/gdfUkIyZBSQh/Rc3tvuwlVGw==",
			"dev": true
		},
		"ansi-color": {
			"version": "0.2.1",
			"resolved": "https://registry.npmjs.org/ansi-color/-/ansi-color-0.2.1.tgz",
			"integrity": "sha1-PnXAN0dSF1RO12Oo21cJ+prlv5o="
		},
		"bintrees": {
			"version": "1.0.1",
			"resolved": "https://registry.npmjs.org/bintrees/-/bintrees-1.0.1.tgz",
			"integrity": "sha1-DmVcm5wkNeqraL9AJyJtK1WjRSQ="
		},
		"bufrw": {
			"version": "1.3.0",
			"resolved": "https://registry.npmjs.org/bufrw/-/bufrw-1.3.0.tgz",
			"integrity": "sha512-jzQnSbdJqhIltU9O5KUiTtljP9ccw2u5ix59McQy4pV2xGhVLhRZIndY8GIrgh5HjXa6+QJ9AQhOd2QWQizJFQ==",
			"requires": {
				"ansi-color": "^0.2.1",
				"error": "^7.0.0",
				"hexer": "^1.5.0",
				"xtend": "^4.0.0"
			}
		},
		"debug": {
			"version": "4.2.0",
			"resolved": "https://registry.npmjs.org/debug/-/debug-4.2.0.tgz",
			"integrity": "sha512-IX2ncY78vDTjZMFUdmsvIRFY2Cf4FnD0wRs+nQwJU8Lu99/tPFdb0VybiiMTPe3I6rQmwsqQqRBvxU+bZ/I8sg==",
			"requires": {
				"ms": "2.1.2"
			}
		},
		"error": {
			"version": "7.0.2",
			"resolved": "https://registry.npmjs.org/error/-/error-7.0.2.tgz",
			"integrity": "sha1-pfdf/02ZJhJt2sDqXcOOaJFTywI=",
			"requires": {
				"string-template": "~0.2.1",
				"xtend": "~4.0.0"
			}
		},
		"hexer": {
			"version": "1.5.0",
			"resolved": "https://registry.npmjs.org/hexer/-/hexer-1.5.0.tgz",
			"integrity": "sha1-uGzoCFmOip0YksVx887dhvyfBlM=",
			"requires": {
				"ansi-color": "^0.2.1",
				"minimist": "^1.1.0",
				"process": "^0.10.0",
				"xtend": "^4.0.0"
			}
		},
		"jaeger-client": {
			"version": "3.18.1",
			"resolved": "https://registry.npmjs.org/jaeger-client/-/jaeger-client-3.18.1.tgz",
			"integrity": "sha512-eZLM2U6rJvYo0XbzQYFeMYfp29gQix7SKlmDReorp9hJkUwXZtTyxW81AcKdmFCjLHO5tFysTX+394BnjEnUZg==",
			"requires": {
				"node-int64": "^0.4.0",
				"opentracing": "^0.14.4",
				"thriftrw": "^3.5.0",
				"uuid": "^3.2.1",
				"xorshift": "^0.2.0"
			}
		},
		"long": {
			"version": "2.4.0",
			"resolved": "https://registry.npmjs.org/long/-/long-2.4.0.tgz",
			"integrity": "sha1-n6GAux2VAM3CnEFWdmoZleH0Uk8="
		},
		"minimist": {
			"version": "1.2.5",
			"resolved": "https://registry.npmjs.org/minimist/-/minimist-1.2.5.tgz",
			"integrity": "sha512-FM9nNUYrRBAELZQT3xeZQ7fmMOBg6nWNmJKTcgsJeaLstP/UODVpGsr5OhXhhXg6f+qtJ8uiZ+PUxkDWcgIXLw=="
		},
		"module-details-from-path": {
			"version": "1.0.3",
			"resolved": "https://registry.npmjs.org/module-details-from-path/-/module-details-from-path-1.0.3.tgz",
			"integrity": "sha1-EUyUlnPiqKNenTV4hSeqN7Z52is="
		},
		"ms": {
			"version": "2.1.2",
			"resolved": "https://registry.npmjs.org/ms/-/ms-2.1.2.tgz",
			"integrity": "sha512-sGkPx+VjMtmA6MX27oA4FBFELFCZZ4S4XqeGOXCv68tT+jb3vk/RyaKWP0PTKyWtmLSM0b+adUTEvbs1PEaH2w=="
		},
		"node-int64": {
			"version": "0.4.0",
			"resolved": "https://registry.npmjs.org/node-int64/-/node-int64-0.4.0.tgz",
			"integrity": "sha1-h6kGXNs1XTGC2PlM4RGIuCXGijs="
		},
		"opentracing": {
			"version": "0.14.4",
			"resolved": "https://registry.npmjs.org/opentracing/-/opentracing-0.14.4.tgz",
			"integrity": "sha512-nNnZDkUNExBwEpb7LZaeMeQgvrlO8l4bgY/LvGNZCR0xG/dGWqHqjKrAmR5GUoYo0FIz38kxasvA1aevxWs2CA=="
		},
		"path-parse": {
			"version": "1.0.6",
			"resolved": "https://registry.npmjs.org/path-parse/-/path-parse-1.0.6.tgz",
			"integrity": "sha512-GSmOT2EbHrINBf9SR7CDELwlJ8AENk3Qn7OikK4nFYAu3Ote2+JYNVvkpAEQm3/TLNEJFD/xZJjzyxg3KBWOzw=="
		},
		"process": {
			"version": "0.10.1",
			"resolved": "https://registry.npmjs.org/process/-/process-0.10.1.tgz",
			"integrity": "sha1-hCRXzFHP7XLcd1r+6vuMYDQ3JyU="
		},
		"prom-client": {
			"version": "11.3.0",
			"resolved": "https://registry.npmjs.org/prom-client/-/prom-client-11.3.0.tgz",
			"integrity": "sha512-OqSf5WOvpGZXkfqPXUHNHpjrbEE/q8jxjktO0i7zg1cnULAtf0ET67/J5R4e4iA4MZx2260tzTzSFSWgMdTZmQ==",
			"requires": {
				"tdigest": "^0.1.1"
			}
		},
		"require-in-the-middle": {
			"version": "5.0.3",
			"resolved": "https://registry.npmjs.org/require-in-the-middle/-/require-in-the-middle-5.0.3.tgz",
			"integrity": "sha512-p/ICV8uMlqC4tjOYabLMxAWCIKa0YUQgZZ6KDM0xgXJNgdGQ1WmL2A07TwmrZw+wi6ITUFKzH5v3n+ENEyXVkA==",
			"requires": {
				"debug": "^4.1.1",
				"module-details-from-path": "^1.0.3",
				"resolve": "^1.12.0"
			}
		},
		"resolve": {
			"version": "1.17.0",
			"resolved": "https://registry.npmjs.org/resolve/-/resolve-1.17.0.tgz",
			"integrity": "sha512-ic+7JYiV8Vi2yzQGFWOkiZD5Z9z7O2Zhm9XMaTxdJExKasieFCr+yXZ/WmXsckHiKl12ar0y6XiXDx3m4RHn1w==",
			"requires": {
				"path-parse": "^1.0.6"
			}
		},
		"semver": {
			"version": "7.3.2",
			"resolved": "https://registry.npmjs.org/semver/-/semver-7.3.2.tgz",
			"integrity": "sha512-OrOb32TeeambH6UrhtShmF7CRDqhL6/5XpPNp2DuRH6+9QLw/orhp72j87v8Qa1ScDkvrrBNpZcDejAirJmfXQ=="
		},
		"shimmer": {
			"version": "1.2.1",
			"resolved": "https://registry.npmjs.org/shimmer/-/shimmer-1.2.1.tgz",
			"integrity": "sha512-sQTKC1Re/rM6XyFM6fIAGHRPVGvyXfgzIDvzoq608vM+jeyVD0Tu1E6Np0Kc2zAIFWIj963V2800iF/9LPieQw=="
		},
		"string-template": {
			"version": "0.2.1",
			"resolved": "https://registry.npmjs.org/string-template/-/string-template-0.2.1.tgz",
			"integrity": "sha1-QpMuWYo1LQH8IuwzZ9nYTuxsmt0="
		},
		"tdigest": {
			"version": "0.1.1",
			"resolved": "https://registry.npmjs.org/tdigest/-/tdigest-0.1.1.tgz",
			"integrity": "sha1-Ljyyw56kSeVdHmzZEReszKRYgCE=",
			"requires": {
				"bintrees": "1.0.1"
			}
		},
		"thriftrw": {
			"version": "3.12.0",
			"resolved": "https://registry.npmjs.org/thriftrw/-/thriftrw-3.12.0.tgz",
			"integrity": "sha512-4YZvR4DPEI41n4Opwr4jmrLGG4hndxr7387kzRFIIzxHQjarPusH4lGXrugvgb7TtPrfZVTpZCVe44/xUxowEw==",
			"requires": {
				"bufrw": "^1.3.0",
				"error": "7.0.2",
				"long": "^2.4.0"
			}
		},
		"uuid": {
			"version": "3.4.0",
			"resolved": "https://registry.npmjs.org/uuid/-/uuid-3.4.0.tgz",
			"integrity": "sha512-HjSDRw6gZE5JMggctHBcjVak08+KEVhSIiDzFnT9S9aegmp85S/bReBVTb4QTFaRNptJ9kuYaNhnbNEOkbKb/A=="
		},
		"xorshift": {
			"version": "0.2.1",
			"resolved": "https://registry.npmjs.org/xorshift/-/xorshift-0.2.1.tgz",
			"integrity": "sha1-/NgiZ+k1HBPw+5xzMH8lMx0pxjo="
		},
		"xtend": {
			"version": "4.0.2",
			"resolved": "https://registry.npmjs.org/xtend/-/xtend-4.0.2.tgz",
			"integrity": "sha512-LKYU1iAXJXUgAXn9URjiu+MWhyUXHsvfp7mcuYm9dSUKK0/CjtrUwFAxD82/mCWbtLsGjFIad0wIsod4zrTAEQ=="
		}
	}
}
