{
	"name": "@loopback/context-explorer",
	"version": "0.7.0",
	"lockfileVersion": 1,
	"requires": true,
	"dependencies": {
		"@types/node": {
			"version": "12.20.43",
			"resolved": "https://registry.npmjs.org/@types/node/-/node-12.20.43.tgz",
			"integrity": "sha512-HCfJdaYqJX3BCzeihgZrD7b85Cu05OC/GVJ4kEYIflwUs4jbnUlLLWoq7hw1LBcdvUyehO+gr6P5JQ895/2ZfA==",
			"dev": true
		},
		"ts-graphviz": {
			"version": "0.16.0",
			"resolved": "https://registry.npmjs.org/ts-graphviz/-/ts-graphviz-0.16.0.tgz",
			"integrity": "sha512-3fTPO+G6bSQNvMh/XQQzyiahVLMMj9kqYO99ivUraNJ3Wp05HZOOVtRhi6w9hq7+laP1MKHjLBtGWqTeb1fcpg=="
		},
		"viz.js": {
			"version": "2.1.2",
			"resolved": "https://registry.npmjs.org/viz.js/-/viz.js-2.1.2.tgz",
			"integrity": "sha512-UO6CPAuEMJ8oNR0gLLNl+wUiIzQUsyUOp8SyyDKTqVRBtq7kk1VnFmIZW8QufjxGrGEuI+LVR7p/C7uEKy0LQw=="
		}
	}
}
