{
	"name": "@loopback/context-explorer",
	"version": "0.1.12",
	"lockfileVersion": 1,
	"requires": true,
	"dependencies": {
		"@types/node": {
			"version": "10.17.28",
			"resolved": "https://registry.npmjs.org/@types/node/-/node-10.17.28.tgz",
			"integrity": "sha512-dzjES1Egb4c1a89C7lKwQh8pwjYmlOAG9dW1pBgxEk57tMrLnssOfEthz8kdkNaBd7lIqQx7APm5+mZ619IiCQ==",
			"dev": true
		},
		"ts-graphviz": {
			"version": "0.13.1",
			"resolved": "https://registry.npmjs.org/ts-graphviz/-/ts-graphviz-0.13.1.tgz",
			"integrity": "sha512-9pRbqmQAG6c3kSu6yCaWSGx1aVrFOZPABxf+WQ5poutx82cXF25KD+B6C+CoMZmjTMpwhLq2euhUpDua1Q6C6A==",
			"requires": {
				"tslib": "^2.0.0"
			}
		},
		"tslib": {
			"version": "2.0.1",
			"resolved": "https://registry.npmjs.org/tslib/-/tslib-2.0.1.tgz",
			"integrity": "sha512-SgIkNheinmEBgx1IUNirK0TUD4X9yjjBRTqqjggWCU3pUEqIk3/Uwl3yRixYKT6WjQuGiwDv4NomL3wqRCj+CQ=="
		},
		"viz.js": {
			"version": "2.1.2",
			"resolved": "https://registry.npmjs.org/viz.js/-/viz.js-2.1.2.tgz",
			"integrity": "sha512-UO6CPAuEMJ8oNR0gLLNl+wUiIzQUsyUOp8SyyDKTqVRBtq7kk1VnFmIZW8QufjxGrGEuI+LVR7p/C7uEKy0LQw=="
		}
	}
}
