{
  "name": "@loopback/boot",
  "version": "6.0.0",
  "lockfileVersion": 3,
  "requires": true,
  "packages": {
    "": {
      "name": "@loopback/boot",
      "version": "6.0.0",
      "license": "MIT",
      "dependencies": {
        "@types/debug": "^4.1.7",
        "@types/glob": "^8.1.0",
        "debug": "^4.3.4",
        "glob": "^10.2.6",
        "tslib": "^2.5.2"
      },
      "devDependencies": {
        "@types/node": "^16.18.32"
      },
      "engines": {
        "node": "16 || 18 || 20"
      },
      "peerDependencies": {
        "@loopback/core": "^5.0.0"
      }
    },
    "../build": {
      "name": "@loopback/build",
      "version": "10.0.0",
      "dev": true,
      "license": "MIT",
      "peer": true,
      "dependencies": {
        "@loopback/eslint-config": "^14.0.0",
        "@types/mocha": "^10.0.1",
        "@types/node": "^16.18.32",
        "cross-spawn": "^7.0.3",
        "debug": "^4.3.4",
        "eslint": "^8.40.0",
        "fs-extra": "^11.1.1",
        "glob": "^10.2.6",
        "lodash": "^4.17.21",
        "mocha": "^10.2.0",
        "nyc": "^15.1.0",
        "prettier": "^2.8.8",
        "rimraf": "^5.0.1",
        "source-map-support": "^0.5.21",
        "typescript": "~4.9.5"
      },
      "bin": {
        "lb-clean": "bin/run-clean.js",
        "lb-eslint": "bin/run-eslint.js",
        "lb-mocha": "bin/run-mocha.js",
        "lb-nyc": "bin/run-nyc.js",
        "lb-prettier": "bin/run-prettier.js",
        "lb-tsc": "bin/compile-package.js",
        "lb-ttsc": "bin/compile-package.js"
      },
      "engines": {
        "node": "16 || 18 || 20"
      }
    },
    "../build/node_modules/@loopback/eslint-config": {
      "resolved": "../eslint-config",
      "link": true
    },
    "../context": {
      "name": "@loopback/context",
      "version": "6.0.0",
      "license": "MIT",
      "peer": true,
      "dependencies": {
        "@loopback/metadata": "^6.0.0",
        "@types/debug": "^4.1.7",
        "debug": "^4.3.4",
        "hyperid": "^3.1.1",
        "p-event": "^4.2.0",
        "tslib": "^2.5.2",
        "uuid": "^9.0.0"
      },
      "devDependencies": {
        "@loopback/build": "^10.0.0",
        "@loopback/eslint-config": "^14.0.0",
        "@loopback/testlab": "^6.0.0",
        "@types/bluebird": "^3.5.38",
        "@types/node": "^16.18.32",
        "@types/uuid": "^9.0.1",
        "bluebird": "^3.7.2"
      },
      "engines": {
        "node": "16 || 18 || 20"
      }
    },
    "../context/node_modules/@loopback/build": {
      "resolved": "../build",
      "link": true
    },
    "../context/node_modules/@loopback/eslint-config": {
      "resolved": "../eslint-config",
      "link": true
    },
    "../context/node_modules/@loopback/metadata": {
      "resolved": "../metadata",
      "link": true
    },
    "../context/node_modules/@loopback/testlab": {
      "resolved": "../testlab",
      "link": true
    },
    "../core": {
      "name": "@loopback/core",
      "version": "5.0.0",
      "license": "MIT",
      "peer": true,
      "dependencies": {
        "@loopback/context": "^6.0.0",
        "debug": "^4.3.4",
        "tslib": "^2.5.2"
      },
      "devDependencies": {
        "@loopback/build": "^10.0.0",
        "@loopback/eslint-config": "^14.0.0",
        "@loopback/testlab": "^6.0.0",
        "@types/debug": "^4.1.7",
        "@types/node": "^16.18.32"
      },
      "engines": {
        "node": "16 || 18 || 20"
      }
    },
    "../core/node_modules/@loopback/build": {
      "resolved": "../build",
      "link": true
    },
    "../core/node_modules/@loopback/context": {
      "resolved": "../context",
      "link": true
    },
    "../core/node_modules/@loopback/eslint-config": {
      "resolved": "../eslint-config",
      "link": true
    },
    "../core/node_modules/@loopback/testlab": {
      "resolved": "../testlab",
      "link": true
    },
    "../eslint-config": {
      "name": "@loopback/eslint-config",
      "version": "14.0.0",
      "dev": true,
      "license": "MIT",
      "peer": true,
      "dependencies": {
        "@typescript-eslint/eslint-plugin": "^5.59.6",
        "@typescript-eslint/parser": "^5.59.6",
        "eslint-config-prettier": "^8.8.0",
        "eslint-plugin-eslint-plugin": "^5.0.8",
        "eslint-plugin-mocha": "^10.1.0"
      },
      "engines": {
        "node": "16 || 18 || 20"
      },
      "peerDependencies": {
        "eslint": "^8.40.0"
      }
    },
    "../express": {
      "name": "@loopback/express",
      "version": "6.0.0",
      "extraneous": true,
      "license": "MIT",
      "dependencies": {
        "@loopback/http-server": "^5.0.0",
        "@types/body-parser": "^1.19.2",
        "@types/express": "^4.17.17",
        "@types/express-serve-static-core": "^4.17.35",
        "@types/http-errors": "^2.0.1",
        "body-parser": "^1.20.2",
        "debug": "^4.3.4",
        "express": "^4.18.2",
        "http-errors": "^2.0.0",
        "on-finished": "^2.4.1",
        "toposort": "^2.0.2",
        "tslib": "^2.5.2"
      },
      "devDependencies": {
        "@loopback/build": "^10.0.0",
        "@loopback/core": "^5.0.0",
        "@loopback/testlab": "^6.0.0",
        "@types/debug": "^4.1.7",
        "@types/node": "^16.18.32",
        "@types/on-finished": "^2.3.1",
        "@types/toposort": "^2.0.3",
        "source-map-support": "^0.5.21",
        "typescript": "~4.9.5"
      },
      "engines": {
        "node": "16 || 18 || 20"
      },
      "peerDependencies": {
        "@loopback/core": "^5.0.0"
      }
    },
    "../filter": {
      "name": "@loopback/filter",
      "version": "4.0.0",
      "extraneous": true,
      "license": "MIT",
      "dependencies": {
        "tslib": "^2.5.2"
      },
      "devDependencies": {
        "@loopback/build": "^10.0.0",
        "@loopback/testlab": "^6.0.0",
        "@types/node": "^16.18.32",
        "typescript": "~4.9.5"
      },
      "engines": {
        "node": "16 || 18 || 20"
      }
    },
    "../http-server": {
      "name": "@loopback/http-server",
      "version": "5.0.0",
      "extraneous": true,
      "license": "MIT",
      "dependencies": {
        "debug": "^4.3.4",
        "stoppable": "^1.1.0",
        "tslib": "^2.5.2"
      },
      "devDependencies": {
        "@loopback/build": "^10.0.0",
        "@loopback/core": "^5.0.0",
        "@loopback/eslint-config": "^14.0.0",
        "@loopback/testlab": "^6.0.0",
        "@types/debug": "^4.1.7",
        "@types/node": "^16.18.32",
        "@types/stoppable": "^1.1.1"
      },
      "engines": {
        "node": "16 || 18 || 20"
      }
    },
    "../metadata": {
      "name": "@loopback/metadata",
      "version": "6.0.0",
      "license": "MIT",
      "peer": true,
      "dependencies": {
        "debug": "^4.3.4",
        "lodash": "^4.17.21",
        "reflect-metadata": "^0.1.13",
        "tslib": "^2.5.2"
      },
      "devDependencies": {
        "@loopback/build": "^10.0.0",
        "@loopback/eslint-config": "^14.0.0",
        "@loopback/testlab": "^6.0.0",
        "@types/debug": "^4.1.7",
        "@types/lodash": "^4.14.194",
        "@types/node": "^16.18.32"
      },
      "engines": {
        "node": "16 || 18 || 20"
      }
    },
    "../metadata/node_modules/@loopback/build": {
      "resolved": "../build",
      "link": true
    },
    "../metadata/node_modules/@loopback/eslint-config": {
      "resolved": "../eslint-config",
      "link": true
    },
    "../metadata/node_modules/@loopback/testlab": {
      "resolved": "../testlab",
      "link": true
    },
    "../model-api-builder": {
      "name": "@loopback/model-api-builder",
      "version": "5.0.0",
      "extraneous": true,
      "license": "MIT",
      "dependencies": {
        "tslib": "^2.5.2"
      },
      "devDependencies": {
        "@loopback/build": "^10.0.0",
        "@loopback/core": "^5.0.0",
        "@loopback/repository": "^6.0.0",
        "@types/node": "^16.18.32"
      },
      "engines": {
        "node": "16 || 18 || 20"
      },
      "peerDependencies": {
        "@loopback/core": "^5.0.0",
        "@loopback/repository": "^6.0.0"
      }
    },
    "../openapi-spec-builder": {
      "name": "@loopback/openapi-spec-builder",
      "version": "6.0.0",
      "extraneous": true,
      "license": "MIT",
      "dependencies": {
        "openapi3-ts": "^2.0.2",
        "tslib": "^2.5.2"
      },
      "devDependencies": {
        "@loopback/build": "^10.0.0",
        "@loopback/eslint-config": "^14.0.0",
        "@loopback/testlab": "^6.0.0",
        "@types/node": "^16.18.32"
      },
      "engines": {
        "node": "16 || 18 || 20"
      }
    },
    "../openapi-v3": {
      "name": "@loopback/openapi-v3",
      "version": "9.0.0",
      "extraneous": true,
      "license": "MIT",
      "dependencies": {
        "@loopback/repository-json-schema": "^7.0.0",
        "debug": "^4.3.4",
        "http-status": "^1.6.2",
        "json-merge-patch": "^1.0.2",
        "lodash": "^4.17.21",
        "openapi3-ts": "^2.0.2",
        "tslib": "^2.5.2"
      },
      "devDependencies": {
        "@loopback/build": "^10.0.0",
        "@loopback/core": "^5.0.0",
        "@loopback/eslint-config": "^14.0.0",
        "@loopback/openapi-spec-builder": "^6.0.0",
        "@loopback/repository": "^6.0.0",
        "@loopback/testlab": "^6.0.0",
        "@types/debug": "^4.1.7",
        "@types/json-merge-patch": "0.0.8",
        "@types/lodash": "^4.14.194",
        "@types/node": "^16.18.32"
      },
      "engines": {
        "node": "16 || 18 || 20"
      },
      "peerDependencies": {
        "@loopback/core": "^5.0.0"
      }
    },
    "../repository": {
      "name": "@loopback/repository",
      "version": "6.0.0",
      "extraneous": true,
      "license": "MIT",
      "dependencies": {
        "@loopback/filter": "^4.0.0",
        "@types/debug": "^4.1.7",
        "debug": "^4.3.4",
        "lodash": "^4.17.21",
        "loopback-datasource-juggler": "^4.28.5",
        "tslib": "^2.5.2"
      },
      "devDependencies": {
        "@loopback/build": "^10.0.0",
        "@loopback/core": "^5.0.0",
        "@loopback/eslint-config": "^14.0.0",
        "@loopback/testlab": "^6.0.0",
        "@types/bson": "^4.0.5",
        "@types/json-schema": "^7.0.11",
        "@types/lodash": "^4.14.194",
        "@types/node": "^16.18.32",
        "bson": "5.3.0"
      },
      "engines": {
        "node": "16 || 18 || 20"
      },
      "peerDependencies": {
        "@loopback/core": "^5.0.0"
      }
    },
    "../repository-json-schema": {
      "name": "@loopback/repository-json-schema",
      "version": "7.0.0",
      "extraneous": true,
      "license": "MIT",
      "dependencies": {
        "@types/json-schema": "^7.0.11",
        "debug": "^4.3.4",
        "tslib": "^2.5.2"
      },
      "devDependencies": {
        "@loopback/build": "^10.0.0",
        "@loopback/core": "^5.0.0",
        "@loopback/eslint-config": "^14.0.0",
        "@loopback/repository": "^6.0.0",
        "@loopback/testlab": "^6.0.0",
        "@types/debug": "^4.1.7",
        "@types/node": "^16.18.32",
        "ajv-formats": "^2.1.1"
      },
      "engines": {
        "node": "16 || 18 || 20"
      },
      "peerDependencies": {
        "@loopback/core": "^5.0.0",
        "@loopback/repository": "^6.0.0"
      }
    },
    "../rest": {
      "name": "@loopback/rest",
      "version": "13.0.0",
      "extraneous": true,
      "license": "MIT",
      "dependencies": {
        "@loopback/express": "^6.0.0",
        "@loopback/http-server": "^5.0.0",
        "@loopback/openapi-v3": "^9.0.0",
        "@openapi-contrib/openapi-schema-to-json-schema": "^3.3.2",
        "@types/body-parser": "^1.19.2",
        "@types/cors": "^2.8.13",
        "@types/express": "^4.17.17",
        "@types/express-serve-static-core": "^4.17.35",
        "@types/http-errors": "^2.0.1",
        "@types/on-finished": "^2.3.1",
        "@types/serve-static": "1.15.1",
        "@types/type-is": "^1.6.3",
        "ajv": "^8.12.0",
        "ajv-errors": "^3.0.0",
        "ajv-formats": "^2.1.1",
        "ajv-keywords": "^5.1.0",
        "body-parser": "^1.20.2",
        "cors": "^2.8.5",
        "debug": "^4.3.4",
        "express": "^4.18.2",
        "http-errors": "^2.0.0",
        "js-yaml": "^4.1.0",
        "json-schema-compare": "^0.2.2",
        "lodash": "^4.17.21",
        "on-finished": "^2.4.1",
        "path-to-regexp": "^6.2.1",
        "qs": "^6.11.2",
        "strong-error-handler": "^4.0.4",
        "tslib": "^2.5.2",
        "type-is": "^1.6.18",
        "validator": "^13.9.0"
      },
      "devDependencies": {
        "@loopback/build": "^10.0.0",
        "@loopback/core": "^5.0.0",
        "@loopback/eslint-config": "^14.0.0",
        "@loopback/openapi-spec-builder": "^6.0.0",
        "@loopback/repository": "^6.0.0",
        "@loopback/testlab": "^6.0.0",
        "@types/debug": "^4.1.7",
        "@types/js-yaml": "^4.0.5",
        "@types/json-schema-compare": "^0.2.1",
        "@types/lodash": "^4.14.194",
        "@types/multer": "^1.4.7",
        "@types/node": "^16.18.32",
        "@types/on-finished": "^2.3.1",
        "@types/qs": "^6.9.7",
        "multer": "^1.4.4"
      },
      "engines": {
        "node": "16 || 18 || 20"
      },
      "peerDependencies": {
        "@loopback/core": "^5.0.0"
      }
    },
    "../rest-crud": {
      "name": "@loopback/rest-crud",
      "version": "0.16.0",
      "extraneous": true,
      "license": "MIT",
      "dependencies": {
        "@loopback/model-api-builder": "^5.0.0",
        "debug": "^4.3.4",
        "tslib": "^2.5.2"
      },
      "devDependencies": {
        "@loopback/build": "^10.0.0",
        "@loopback/core": "^5.0.0",
        "@loopback/repository": "^6.0.0",
        "@loopback/rest": "^13.0.0",
        "@loopback/testlab": "^6.0.0",
        "@types/debug": "^4.1.7",
        "@types/node": "^16.18.32"
      },
      "engines": {
        "node": "16 || 18 || 20"
      },
      "peerDependencies": {
        "@loopback/core": "^5.0.0",
        "@loopback/repository": "^6.0.0",
        "@loopback/rest": "^13.0.0"
      }
    },
    "../service-proxy": {
      "name": "@loopback/service-proxy",
      "version": "6.0.0",
      "extraneous": true,
      "license": "MIT",
      "dependencies": {
        "loopback-datasource-juggler": "^4.28.5",
        "tslib": "^2.5.2"
      },
      "devDependencies": {
        "@loopback/build": "^10.0.0",
        "@loopback/core": "^5.0.0",
        "@loopback/eslint-config": "^14.0.0",
        "@loopback/testlab": "^6.0.0",
        "@types/node": "^16.18.32"
      },
      "engines": {
        "node": "16 || 18 || 20"
      },
      "peerDependencies": {
        "@loopback/core": "^5.0.0"
      }
    },
    "../testlab": {
      "name": "@loopback/testlab",
      "version": "6.0.0",
      "dev": true,
      "license": "MIT",
      "peer": true,
      "dependencies": {
        "@hapi/shot": "^6.0.1",
        "@types/express": "^4.17.17",
        "@types/fs-extra": "^11.0.1",
        "@types/shot": "^4.0.1",
        "@types/sinon": "^10.0.15",
        "@types/supertest": "^2.0.12",
        "express": "^4.18.2",
        "fs-extra": "^11.1.1",
        "oas-validator": "^5.0.8",
        "should": "^13.2.3",
        "sinon": "^15.0.4",
        "supertest": "^6.3.3",
        "tslib": "^2.5.2"
      },
      "devDependencies": {
        "@loopback/build": "^10.0.0",
        "@loopback/eslint-config": "^14.0.0",
        "@types/node": "^16.18.32"
      },
      "engines": {
        "node": "16 || 18 || 20"
      }
    },
    "../testlab/node_modules/@loopback/build": {
      "resolved": "../build",
      "link": true
    },
    "../testlab/node_modules/@loopback/eslint-config": {
      "resolved": "../eslint-config",
      "link": true
    },
    "node_modules/@isaacs/cliui": {
      "version": "8.0.2",
      "resolved": "https://registry.npmjs.org/@isaacs/cliui/-/cliui-8.0.2.tgz",
      "integrity": "sha512-O8jcjabXaleOG9DQ0+ARXWZBTfnP4WNAqzuiJK7ll44AmxGKv/J2M4TPjxjY3znBCfvBXFzucm1twdyFybFqEA==",
      "dependencies": {
        "string-width": "^5.1.2",
        "string-width-cjs": "npm:string-width@^4.2.0",
        "strip-ansi": "^7.0.1",
        "strip-ansi-cjs": "npm:strip-ansi@^6.0.1",
        "wrap-ansi": "^8.1.0",
        "wrap-ansi-cjs": "npm:wrap-ansi@^7.0.0"
      },
      "engines": {
        "node": ">=12"
      }
    },
    "node_modules/@loopback/core": {
      "resolved": "../core",
      "link": true
    },
    "node_modules/@pkgjs/parseargs": {
      "version": "0.11.0",
      "resolved": "https://registry.npmjs.org/@pkgjs/parseargs/-/parseargs-0.11.0.tgz",
      "integrity": "sha512-+1VkjdD0QBLPodGrJUeqarH8VAIvQODIbwh9XpP5Syisf7YoQgsJKPNFoqqLQlu+VQ/tVSshMR6loPMn8U+dPg==",
      "optional": true,
      "engines": {
        "node": ">=14"
      }
    },
    "node_modules/@types/debug": {
      "version": "4.1.7",
      "resolved": "https://registry.npmjs.org/@types/debug/-/debug-4.1.7.tgz",
      "integrity": "sha512-9AonUzyTjXXhEOa0DnqpzZi6VHlqKMswga9EXjpXnnqxwLtdvPPtlO8evrI5D9S6asFRCQ6v+wpiUKbw+vKqyg==",
      "dependencies": {
        "@types/ms": "*"
      }
    },
    "node_modules/@types/glob": {
      "version": "8.1.0",
      "resolved": "https://registry.npmjs.org/@types/glob/-/glob-8.1.0.tgz",
      "integrity": "sha512-IO+MJPVhoqz+28h1qLAcBEH2+xHMK6MTyHJc7MTnnYb6wsoLR29POVGJ7LycmVXIqyy/4/2ShP5sUwTXuOwb/w==",
      "dependencies": {
        "@types/minimatch": "^5.1.2",
        "@types/node": "*"
      }
    },
    "node_modules/@types/minimatch": {
      "version": "5.1.2",
      "resolved": "https://registry.npmjs.org/@types/minimatch/-/minimatch-5.1.2.tgz",
      "integrity": "sha512-K0VQKziLUWkVKiRVrx4a40iPaxTUefQmjtkQofBkYRcoaaL/8rhwDWww9qWbrgicNOgnpIsMxyNIUM4+n6dUIA=="
    },
    "node_modules/@types/ms": {
      "version": "0.7.31",
      "resolved": "https://registry.npmjs.org/@types/ms/-/ms-0.7.31.tgz",
      "integrity": "sha512-iiUgKzV9AuaEkZqkOLDIvlQiL6ltuZd9tGcW3gwpnX8JbuiuhFlEGmmFXEXkN50Cvq7Os88IY2v0dkDqXYWVgA=="
    },
    "node_modules/@types/node": {
      "version": "16.18.32",
      "resolved": "https://registry.npmjs.org/@types/node/-/node-16.18.32.tgz",
      "integrity": "sha512-zpnXe4dEz6PrWz9u7dqyRoq9VxwCvoXRPy/ewhmMa1CgEyVmtL1NJPQ2MX+4pf97vetquVKkpiMx0MwI8pjNOw=="
    },
    "node_modules/ansi-regex": {
      "version": "6.0.1",
      "resolved": "https://registry.npmjs.org/ansi-regex/-/ansi-regex-6.0.1.tgz",
      "integrity": "sha512-n5M855fKb2SsfMIiFFoVrABHJC8QtHwVx+mHWP3QcEqBHYienj5dHSgjbxtC0WEZXYt4wcD6zrQElDPhFuZgfA==",
      "engines": {
        "node": ">=12"
      },
      "funding": {
        "url": "https://github.com/chalk/ansi-regex?sponsor=1"
      }
    },
    "node_modules/ansi-styles": {
      "version": "6.2.1",
      "resolved": "https://registry.npmjs.org/ansi-styles/-/ansi-styles-6.2.1.tgz",
      "integrity": "sha512-bN798gFfQX+viw3R7yrGWRqnrN2oRkEkUjjl4JNn4E8GxxbjtG3FbrEIIY3l8/hrwUwIeCZvi4QuOTP4MErVug==",
      "engines": {
        "node": ">=12"
      },
      "funding": {
        "url": "https://github.com/chalk/ansi-styles?sponsor=1"
      }
    },
    "node_modules/balanced-match": {
      "version": "1.0.2",
      "resolved": "https://registry.npmjs.org/balanced-match/-/balanced-match-1.0.2.tgz",
      "integrity": "sha512-3oSeUO0TMV67hN1AmbXsK4yaqU7tjiHlbxRDZOpH0KW9+CeX4bRAaX0Anxt0tx2MrpRpWwQaPwIlISEJhYU5Pw=="
    },
    "node_modules/brace-expansion": {
      "version": "2.0.1",
      "resolved": "https://registry.npmjs.org/brace-expansion/-/brace-expansion-2.0.1.tgz",
      "integrity": "sha512-XnAIvQ8eM+kC6aULx6wuQiwVsnzsi9d3WxzV3FpWTGA19F621kwdbsAcFKXgKUHZWsy+mY6iL1sHTxWEFCytDA==",
      "dependencies": {
        "balanced-match": "^1.0.0"
      }
    },
    "node_modules/color-convert": {
      "version": "2.0.1",
      "resolved": "https://registry.npmjs.org/color-convert/-/color-convert-2.0.1.tgz",
      "integrity": "sha512-RRECPsj7iu/xb5oKYcsFHSppFNnsj/52OVTRKb4zP5onXwVF3zVmmToNcOfGC+CRDpfK/U584fMg38ZHCaElKQ==",
      "dependencies": {
        "color-name": "~1.1.4"
      },
      "engines": {
        "node": ">=7.0.0"
      }
    },
    "node_modules/color-name": {
      "version": "1.1.4",
      "resolved": "https://registry.npmjs.org/color-name/-/color-name-1.1.4.tgz",
      "integrity": "sha512-dOy+3AuW3a2wNbZHIuMZpTcgjGuLU/uBL/ubcZF9OXbDo8ff4O8yVp5Bf0efS8uEoYo5q4Fx7dY9OgQGXgAsQA=="
    },
    "node_modules/cross-spawn": {
      "version": "7.0.3",
      "resolved": "https://registry.npmjs.org/cross-spawn/-/cross-spawn-7.0.3.tgz",
      "integrity": "sha512-iRDPJKUPVEND7dHPO8rkbOnPpyDygcDFtWjpeWNCgy8WP2rXcxXL8TskReQl6OrB2G7+UJrags1q15Fudc7G6w==",
      "dependencies": {
        "path-key": "^3.1.0",
        "shebang-command": "^2.0.0",
        "which": "^2.0.1"
      },
      "engines": {
        "node": ">= 8"
      }
    },
    "node_modules/debug": {
      "version": "4.3.4",
      "resolved": "https://registry.npmjs.org/debug/-/debug-4.3.4.tgz",
      "integrity": "sha512-PRWFHuSU3eDtQJPvnNY7Jcket1j0t5OuOsFzPPzsekD52Zl8qUfFIPEiswXqIvHWGVHOgX+7G/vCNNhehwxfkQ==",
      "dependencies": {
        "ms": "2.1.2"
      },
      "engines": {
        "node": ">=6.0"
      },
      "peerDependenciesMeta": {
        "supports-color": {
          "optional": true
        }
      }
    },
    "node_modules/eastasianwidth": {
      "version": "0.2.0",
      "resolved": "https://registry.npmjs.org/eastasianwidth/-/eastasianwidth-0.2.0.tgz",
      "integrity": "sha512-I88TYZWc9XiYHRQ4/3c5rjjfgkjhLyW2luGIheGERbNQ6OY7yTybanSpDXZa8y7VUP9YmDcYa+eyq4ca7iLqWA=="
    },
    "node_modules/emoji-regex": {
      "version": "9.2.2",
      "resolved": "https://registry.npmjs.org/emoji-regex/-/emoji-regex-9.2.2.tgz",
      "integrity": "sha512-L18DaJsXSUk2+42pv8mLs5jJT2hqFkFE4j21wOmgbUqsZ2hL72NsUU785g9RXgo3s0ZNgVl42TiHp3ZtOv/Vyg=="
    },
    "node_modules/foreground-child": {
      "version": "3.1.1",
      "resolved": "https://registry.npmjs.org/foreground-child/-/foreground-child-3.1.1.tgz",
      "integrity": "sha512-TMKDUnIte6bfb5nWv7V/caI169OHgvwjb7V4WkeUvbQQdjr5rWKqHFiKWb/fcOwB+CzBT+qbWjvj+DVwRskpIg==",
      "dependencies": {
        "cross-spawn": "^7.0.0",
        "signal-exit": "^4.0.1"
      },
      "engines": {
        "node": ">=14"
      },
      "funding": {
        "url": "https://github.com/sponsors/isaacs"
      }
    },
    "node_modules/glob": {
      "version": "10.2.6",
      "resolved": "https://registry.npmjs.org/glob/-/glob-10.2.6.tgz",
      "integrity": "sha512-U/rnDpXJGF414QQQZv5uVsabTVxMSwzS5CH0p3DRCIV6ownl4f7PzGnkGmvlum2wB+9RlJWJZ6ACU1INnBqiPA==",
      "dependencies": {
        "foreground-child": "^3.1.0",
        "jackspeak": "^2.0.3",
        "minimatch": "^9.0.1",
        "minipass": "^5.0.0 || ^6.0.2",
        "path-scurry": "^1.7.0"
      },
      "bin": {
        "glob": "dist/cjs/src/bin.js"
      },
      "engines": {
        "node": ">=16 || 14 >=14.17"
      },
      "funding": {
        "url": "https://github.com/sponsors/isaacs"
      }
    },
    "node_modules/is-fullwidth-code-point": {
      "version": "3.0.0",
      "resolved": "https://registry.npmjs.org/is-fullwidth-code-point/-/is-fullwidth-code-point-3.0.0.tgz",
      "integrity": "sha512-zymm5+u+sCsSWyD9qNaejV3DFvhCKclKdizYaJUuHA83RLjb7nSuGnddCHGv0hk+KY7BMAlsWeK4Ueg6EV6XQg==",
      "engines": {
        "node": ">=8"
      }
    },
    "node_modules/isexe": {
      "version": "2.0.0",
      "resolved": "https://registry.npmjs.org/isexe/-/isexe-2.0.0.tgz",
      "integrity": "sha512-RHxMLp9lnKHGHRng9QFhRCMbYAcVpn69smSGcq3f36xjgVVWThj4qqLbTLlq7Ssj8B+fIQ1EuCEGI2lKsyQeIw=="
    },
    "node_modules/jackspeak": {
      "version": "2.2.1",
      "resolved": "https://registry.npmjs.org/jackspeak/-/jackspeak-2.2.1.tgz",
      "integrity": "sha512-MXbxovZ/Pm42f6cDIDkl3xpwv1AGwObKwfmjs2nQePiy85tP3fatofl3FC1aBsOtP/6fq5SbtgHwWcMsLP+bDw==",
      "dependencies": {
        "@isaacs/cliui": "^8.0.2"
      },
      "engines": {
        "node": ">=14"
      },
      "funding": {
        "url": "https://github.com/sponsors/isaacs"
      },
      "optionalDependencies": {
        "@pkgjs/parseargs": "^0.11.0"
      }
    },
    "node_modules/lru-cache": {
      "version": "9.1.1",
      "resolved": "https://registry.npmjs.org/lru-cache/-/lru-cache-9.1.1.tgz",
      "integrity": "sha512-65/Jky17UwSb0BuB9V+MyDpsOtXKmYwzhyl+cOa9XUiI4uV2Ouy/2voFP3+al0BjZbJgMBD8FojMpAf+Z+qn4A==",
      "engines": {
        "node": "14 || >=16.14"
      }
    },
    "node_modules/minimatch": {
      "version": "9.0.1",
      "resolved": "https://registry.npmjs.org/minimatch/-/minimatch-9.0.1.tgz",
      "integrity": "sha512-0jWhJpD/MdhPXwPuiRkCbfYfSKp2qnn2eOc279qI7f+osl/l+prKSrvhg157zSYvx/1nmgn2NqdT6k2Z7zSH9w==",
      "dependencies": {
        "brace-expansion": "^2.0.1"
      },
      "engines": {
        "node": ">=16 || 14 >=14.17"
      },
      "funding": {
        "url": "https://github.com/sponsors/isaacs"
      }
    },
    "node_modules/minipass": {
      "version": "6.0.2",
      "resolved": "https://registry.npmjs.org/minipass/-/minipass-6.0.2.tgz",
      "integrity": "sha512-MzWSV5nYVT7mVyWCwn2o7JH13w2TBRmmSqSRCKzTw+lmft9X4z+3wjvs06Tzijo5z4W/kahUCDpRXTF+ZrmF/w==",
      "engines": {
        "node": ">=16 || 14 >=14.17"
      }
    },
    "node_modules/ms": {
      "version": "2.1.2",
      "resolved": "https://registry.npmjs.org/ms/-/ms-2.1.2.tgz",
      "integrity": "sha512-sGkPx+VjMtmA6MX27oA4FBFELFCZZ4S4XqeGOXCv68tT+jb3vk/RyaKWP0PTKyWtmLSM0b+adUTEvbs1PEaH2w=="
    },
    "node_modules/path-key": {
      "version": "3.1.1",
      "resolved": "https://registry.npmjs.org/path-key/-/path-key-3.1.1.tgz",
      "integrity": "sha512-ojmeN0qd+y0jszEtoY48r0Peq5dwMEkIlCOu6Q5f41lfkswXuKtYrhgoTpLnyIcHm24Uhqx+5Tqm2InSwLhE6Q==",
      "engines": {
        "node": ">=8"
      }
    },
    "node_modules/path-scurry": {
      "version": "1.9.2",
      "resolved": "https://registry.npmjs.org/path-scurry/-/path-scurry-1.9.2.tgz",
      "integrity": "sha512-qSDLy2aGFPm8i4rsbHd4MNyTcrzHFsLQykrtbuGRknZZCBBVXSv2tSCDN2Cg6Rt/GFRw8GoW9y9Ecw5rIPG1sg==",
      "dependencies": {
        "lru-cache": "^9.1.1",
        "minipass": "^5.0.0 || ^6.0.2"
      },
      "engines": {
        "node": ">=16 || 14 >=14.17"
      },
      "funding": {
        "url": "https://github.com/sponsors/isaacs"
      }
    },
    "node_modules/shebang-command": {
      "version": "2.0.0",
      "resolved": "https://registry.npmjs.org/shebang-command/-/shebang-command-2.0.0.tgz",
      "integrity": "sha512-kHxr2zZpYtdmrN1qDjrrX/Z1rR1kG8Dx+gkpK1G4eXmvXswmcE1hTWBWYUzlraYw1/yZp6YuDY77YtvbN0dmDA==",
      "dependencies": {
        "shebang-regex": "^3.0.0"
      },
      "engines": {
        "node": ">=8"
      }
    },
    "node_modules/shebang-regex": {
      "version": "3.0.0",
      "resolved": "https://registry.npmjs.org/shebang-regex/-/shebang-regex-3.0.0.tgz",
      "integrity": "sha512-7++dFhtcx3353uBaq8DDR4NuxBetBzC7ZQOhmTQInHEd6bSrXdiEyzCvG07Z44UYdLShWUyXt5M/yhz8ekcb1A==",
      "engines": {
        "node": ">=8"
      }
    },
    "node_modules/signal-exit": {
      "version": "4.0.2",
      "resolved": "https://registry.npmjs.org/signal-exit/-/signal-exit-4.0.2.tgz",
      "integrity": "sha512-MY2/qGx4enyjprQnFaZsHib3Yadh3IXyV2C321GY0pjGfVBu4un0uDJkwgdxqO+Rdx8JMT8IfJIRwbYVz3Ob3Q==",
      "engines": {
        "node": ">=14"
      },
      "funding": {
        "url": "https://github.com/sponsors/isaacs"
      }
    },
    "node_modules/string-width": {
      "version": "5.1.2",
      "resolved": "https://registry.npmjs.org/string-width/-/string-width-5.1.2.tgz",
      "integrity": "sha512-HnLOCR3vjcY8beoNLtcjZ5/nxn2afmME6lhrDrebokqMap+XbeW8n9TXpPDOqdGK5qcI3oT0GKTW6wC7EMiVqA==",
      "dependencies": {
        "eastasianwidth": "^0.2.0",
        "emoji-regex": "^9.2.2",
        "strip-ansi": "^7.0.1"
      },
      "engines": {
        "node": ">=12"
      },
      "funding": {
        "url": "https://github.com/sponsors/sindresorhus"
      }
    },
    "node_modules/string-width-cjs": {
      "name": "string-width",
      "version": "4.2.3",
      "resolved": "https://registry.npmjs.org/string-width/-/string-width-4.2.3.tgz",
      "integrity": "sha512-wKyQRQpjJ0sIp62ErSZdGsjMJWsap5oRNihHhu6G7JVO/9jIB6UyevL+tXuOqrng8j/cxKTWyWUwvSTriiZz/g==",
      "dependencies": {
        "emoji-regex": "^8.0.0",
        "is-fullwidth-code-point": "^3.0.0",
        "strip-ansi": "^6.0.1"
      },
      "engines": {
        "node": ">=8"
      }
    },
    "node_modules/string-width-cjs/node_modules/ansi-regex": {
      "version": "5.0.1",
      "resolved": "https://registry.npmjs.org/ansi-regex/-/ansi-regex-5.0.1.tgz",
      "integrity": "sha512-quJQXlTSUGL2LH9SUXo8VwsY4soanhgo6LNSm84E1LBcE8s3O0wpdiRzyR9z/ZZJMlMWv37qOOb9pdJlMUEKFQ==",
      "engines": {
        "node": ">=8"
      }
    },
    "node_modules/string-width-cjs/node_modules/emoji-regex": {
      "version": "8.0.0",
      "resolved": "https://registry.npmjs.org/emoji-regex/-/emoji-regex-8.0.0.tgz",
      "integrity": "sha512-MSjYzcWNOA0ewAHpz0MxpYFvwg6yjy1NG3xteoqz644VCo/RPgnr1/GGt+ic3iJTzQ8Eu3TdM14SawnVUmGE6A=="
    },
    "node_modules/string-width-cjs/node_modules/strip-ansi": {
      "version": "6.0.1",
      "resolved": "https://registry.npmjs.org/strip-ansi/-/strip-ansi-6.0.1.tgz",
      "integrity": "sha512-Y38VPSHcqkFrCpFnQ9vuSXmquuv5oXOKpGeT6aGrr3o3Gc9AlVa6JBfUSOCnbxGGZF+/0ooI7KrPuUSztUdU5A==",
      "dependencies": {
        "ansi-regex": "^5.0.1"
      },
      "engines": {
        "node": ">=8"
      }
    },
    "node_modules/strip-ansi": {
      "version": "7.0.1",
      "resolved": "https://registry.npmjs.org/strip-ansi/-/strip-ansi-7.0.1.tgz",
      "integrity": "sha512-cXNxvT8dFNRVfhVME3JAe98mkXDYN2O1l7jmcwMnOslDeESg1rF/OZMtK0nRAhiari1unG5cD4jG3rapUAkLbw==",
      "dependencies": {
        "ansi-regex": "^6.0.1"
      },
      "engines": {
        "node": ">=12"
      },
      "funding": {
        "url": "https://github.com/chalk/strip-ansi?sponsor=1"
      }
    },
    "node_modules/strip-ansi-cjs": {
      "name": "strip-ansi",
      "version": "6.0.1",
      "resolved": "https://registry.npmjs.org/strip-ansi/-/strip-ansi-6.0.1.tgz",
      "integrity": "sha512-Y38VPSHcqkFrCpFnQ9vuSXmquuv5oXOKpGeT6aGrr3o3Gc9AlVa6JBfUSOCnbxGGZF+/0ooI7KrPuUSztUdU5A==",
      "dependencies": {
        "ansi-regex": "^5.0.1"
      },
      "engines": {
        "node": ">=8"
      }
    },
    "node_modules/strip-ansi-cjs/node_modules/ansi-regex": {
      "version": "5.0.1",
      "resolved": "https://registry.npmjs.org/ansi-regex/-/ansi-regex-5.0.1.tgz",
      "integrity": "sha512-quJQXlTSUGL2LH9SUXo8VwsY4soanhgo6LNSm84E1LBcE8s3O0wpdiRzyR9z/ZZJMlMWv37qOOb9pdJlMUEKFQ==",
      "engines": {
        "node": ">=8"
      }
    },
    "node_modules/tslib": {
      "version": "2.5.2",
      "resolved": "https://registry.npmjs.org/tslib/-/tslib-2.5.2.tgz",
      "integrity": "sha512-5svOrSA2w3iGFDs1HibEVBGbDrAY82bFQ3HZ3ixB+88nsbsWQoKqDRb5UBYAUPEzbBn6dAp5gRNXglySbx1MlA=="
    },
    "node_modules/which": {
      "version": "2.0.2",
      "resolved": "https://registry.npmjs.org/which/-/which-2.0.2.tgz",
      "integrity": "sha512-BLI3Tl1TW3Pvl70l3yq3Y64i+awpwXqsGBYWkkqMtnbXgrMD+yj7rhW0kuEDxzJaYXGjEW5ogapKNMEKNMjibA==",
      "dependencies": {
        "isexe": "^2.0.0"
      },
      "bin": {
        "node-which": "bin/node-which"
      },
      "engines": {
        "node": ">= 8"
      }
    },
    "node_modules/wrap-ansi": {
      "version": "8.1.0",
      "resolved": "https://registry.npmjs.org/wrap-ansi/-/wrap-ansi-8.1.0.tgz",
      "integrity": "sha512-si7QWI6zUMq56bESFvagtmzMdGOtoxfR+Sez11Mobfc7tm+VkUckk9bW2UeffTGVUbOksxmSw0AA2gs8g71NCQ==",
      "dependencies": {
        "ansi-styles": "^6.1.0",
        "string-width": "^5.0.1",
        "strip-ansi": "^7.0.1"
      },
      "engines": {
        "node": ">=12"
      },
      "funding": {
        "url": "https://github.com/chalk/wrap-ansi?sponsor=1"
      }
    },
    "node_modules/wrap-ansi-cjs": {
      "name": "wrap-ansi",
      "version": "7.0.0",
      "resolved": "https://registry.npmjs.org/wrap-ansi/-/wrap-ansi-7.0.0.tgz",
      "integrity": "sha512-YVGIj2kamLSTxw6NsZjoBxfSwsn0ycdesmc4p+Q21c5zPuZ1pl+NfxVdxPtdHvmNVOQ6XSYG4AUtyt/Fi7D16Q==",
      "dependencies": {
        "ansi-styles": "^4.0.0",
        "string-width": "^4.1.0",
        "strip-ansi": "^6.0.0"
      },
      "engines": {
        "node": ">=10"
      },
      "funding": {
        "url": "https://github.com/chalk/wrap-ansi?sponsor=1"
      }
    },
    "node_modules/wrap-ansi-cjs/node_modules/ansi-regex": {
      "version": "5.0.1",
      "resolved": "https://registry.npmjs.org/ansi-regex/-/ansi-regex-5.0.1.tgz",
      "integrity": "sha512-quJQXlTSUGL2LH9SUXo8VwsY4soanhgo6LNSm84E1LBcE8s3O0wpdiRzyR9z/ZZJMlMWv37qOOb9pdJlMUEKFQ==",
      "engines": {
        "node": ">=8"
      }
    },
    "node_modules/wrap-ansi-cjs/node_modules/ansi-styles": {
      "version": "4.3.0",
      "resolved": "https://registry.npmjs.org/ansi-styles/-/ansi-styles-4.3.0.tgz",
      "integrity": "sha512-zbB9rCJAT1rbjiVDb2hqKFHNYLxgtk8NURxZ3IZwD3F6NtxbXZQCnnSi1Lkx+IDohdPlFp222wVALIheZJQSEg==",
      "dependencies": {
        "color-convert": "^2.0.1"
      },
      "engines": {
        "node": ">=8"
      },
      "funding": {
        "url": "https://github.com/chalk/ansi-styles?sponsor=1"
      }
    },
    "node_modules/wrap-ansi-cjs/node_modules/emoji-regex": {
      "version": "8.0.0",
      "resolved": "https://registry.npmjs.org/emoji-regex/-/emoji-regex-8.0.0.tgz",
      "integrity": "sha512-MSjYzcWNOA0ewAHpz0MxpYFvwg6yjy1NG3xteoqz644VCo/RPgnr1/GGt+ic3iJTzQ8Eu3TdM14SawnVUmGE6A=="
    },
    "node_modules/wrap-ansi-cjs/node_modules/string-width": {
      "version": "4.2.3",
      "resolved": "https://registry.npmjs.org/string-width/-/string-width-4.2.3.tgz",
      "integrity": "sha512-wKyQRQpjJ0sIp62ErSZdGsjMJWsap5oRNihHhu6G7JVO/9jIB6UyevL+tXuOqrng8j/cxKTWyWUwvSTriiZz/g==",
      "dependencies": {
        "emoji-regex": "^8.0.0",
        "is-fullwidth-code-point": "^3.0.0",
        "strip-ansi": "^6.0.1"
      },
      "engines": {
        "node": ">=8"
      }
    },
    "node_modules/wrap-ansi-cjs/node_modules/strip-ansi": {
      "version": "6.0.1",
      "resolved": "https://registry.npmjs.org/strip-ansi/-/strip-ansi-6.0.1.tgz",
      "integrity": "sha512-Y38VPSHcqkFrCpFnQ9vuSXmquuv5oXOKpGeT6aGrr3o3Gc9AlVa6JBfUSOCnbxGGZF+/0ooI7KrPuUSztUdU5A==",
      "dependencies": {
        "ansi-regex": "^5.0.1"
      },
      "engines": {
        "node": ">=8"
      }
    }
  }
}
