{
  "name": "@loopback/openapi-v3",
  "version": "8.0.6",
  "lockfileVersion": 2,
  "requires": true,
  "packages": {
    "": {
      "name": "@loopback/openapi-v3",
      "version": "8.0.6",
      "license": "MIT",
      "dependencies": {
        "debug": "^4.3.4",
        "http-status": "^1.5.3",
        "json-merge-patch": "^1.0.2",
        "lodash": "^4.17.21",
        "openapi3-ts": "^2.0.2",
        "tslib": "^2.4.1"
      },
      "devDependencies": {
        "@types/debug": "^4.1.7",
        "@types/json-merge-patch": "0.0.8",
        "@types/lodash": "^4.14.191",
        "@types/node": "^14.18.35"
      },
      "engines": {
        "node": "14 || 16 || 18 || 19"
      },
      "peerDependencies": {
        "@loopback/core": "^4.0.6"
      }
    },
    "node_modules/@loopback/context": {
      "version": "5.0.6",
      "resolved": "https://registry.npmjs.org/@loopback/context/-/context-5.0.6.tgz",
      "integrity": "sha512-j6ECXhcq5ZhLnVpadoOnhZfsVWwaeHzxIsPr6+MiA7+8tI6EgHKbXVNnBVuJLEIKycNd9RWH1nrocpi6v0j24w==",
      "peer": true,
      "dependencies": {
        "@loopback/metadata": "^5.0.6",
        "@types/debug": "^4.1.7",
        "debug": "^4.3.4",
        "hyperid": "^3.0.1",
        "p-event": "^4.2.0",
        "tslib": "^2.4.1",
        "uuid": "^9.0.0"
      },
      "engines": {
        "node": "14 || 16 || 17 || 18"
      }
    },
    "node_modules/@loopback/core": {
      "version": "4.0.6",
      "resolved": "https://registry.npmjs.org/@loopback/core/-/core-4.0.6.tgz",
      "integrity": "sha512-a097kAwwbqoDXnwBWZpJp28jKyk66Fbwkd2mvUkx4CAd1HwRZzFXnSh0e7EuBUw2VBqLyCuqjQvuwjxk2jCUXw==",
      "peer": true,
      "dependencies": {
        "@loopback/context": "^5.0.6",
        "debug": "^4.3.4",
        "tslib": "^2.4.1"
      },
      "engines": {
        "node": "14 || 16 || 17 || 18"
      }
    },
    "node_modules/@loopback/metadata": {
      "version": "5.0.6",
      "resolved": "https://registry.npmjs.org/@loopback/metadata/-/metadata-5.0.6.tgz",
      "integrity": "sha512-erS8OvB7wklLor0enbkwiYeDZDkcFSG/9c/E8X4rBqZl5PwLCtAE6dY8Xi0+v+t9lbF09dVei3fiUvdqya2MrA==",
      "peer": true,
      "dependencies": {
        "debug": "^4.3.4",
        "lodash": "^4.17.21",
        "reflect-metadata": "^0.1.13",
        "tslib": "^2.4.1"
      },
      "engines": {
        "node": "14 || 16 || 17 || 18"
      }
    },
    "node_modules/@types/debug": {
      "version": "4.1.7",
      "resolved": "https://registry.npmjs.org/@types/debug/-/debug-4.1.7.tgz",
      "integrity": "sha512-9AonUzyTjXXhEOa0DnqpzZi6VHlqKMswga9EXjpXnnqxwLtdvPPtlO8evrI5D9S6asFRCQ6v+wpiUKbw+vKqyg==",
      "dependencies": {
        "@types/ms": "*"
      }
    },
    "node_modules/@types/json-merge-patch": {
      "version": "0.0.8",
      "resolved": "https://registry.npmjs.org/@types/json-merge-patch/-/json-merge-patch-0.0.8.tgz",
      "integrity": "sha512-GjTa2VDOzvWKFlFYZTkeOQ4HPDc3UmKiQ3j+cz4C/jzSPjxfZ3K4TI9dkC0PLhxrroNvklP/jRkLlK29c+ZoFw==",
      "dev": true
    },
    "node_modules/@types/lodash": {
      "version": "4.14.191",
      "resolved": "https://registry.npmjs.org/@types/lodash/-/lodash-4.14.191.tgz",
      "integrity": "sha512-BdZ5BCCvho3EIXw6wUCXHe7rS53AIDPLE+JzwgT+OsJk53oBfbSmZZ7CX4VaRoN78N+TJpFi9QPlfIVNmJYWxQ==",
      "dev": true
    },
    "node_modules/@types/ms": {
      "version": "0.7.31",
      "resolved": "https://registry.npmjs.org/@types/ms/-/ms-0.7.31.tgz",
      "integrity": "sha512-iiUgKzV9AuaEkZqkOLDIvlQiL6ltuZd9tGcW3gwpnX8JbuiuhFlEGmmFXEXkN50Cvq7Os88IY2v0dkDqXYWVgA=="
    },
    "node_modules/@types/node": {
      "version": "14.18.35",
      "resolved": "https://registry.npmjs.org/@types/node/-/node-14.18.35.tgz",
      "integrity": "sha512-2ATO8pfhG1kDvw4Lc4C0GXIMSQFFJBCo/R1fSgTwmUlq5oy95LXyjDQinsRVgQY6gp6ghh3H91wk9ES5/5C+Tw==",
      "dev": true
    },
    "node_modules/debug": {
      "version": "4.3.4",
      "resolved": "https://registry.npmjs.org/debug/-/debug-4.3.4.tgz",
      "integrity": "sha512-PRWFHuSU3eDtQJPvnNY7Jcket1j0t5OuOsFzPPzsekD52Zl8qUfFIPEiswXqIvHWGVHOgX+7G/vCNNhehwxfkQ==",
      "dependencies": {
        "ms": "2.1.2"
      },
      "engines": {
        "node": ">=6.0"
      },
      "peerDependenciesMeta": {
        "supports-color": {
          "optional": true
        }
      }
    },
    "node_modules/fast-deep-equal": {
      "version": "3.1.3",
      "resolved": "https://registry.npmjs.org/fast-deep-equal/-/fast-deep-equal-3.1.3.tgz",
      "integrity": "sha512-f3qQ9oQy9j2AhBe/H9VC91wLmKBCCU/gDOnKNAYG5hswO7BLKj09Hc5HYNz9cGI++xlpDCIgDaitVs03ATR84Q=="
    },
    "node_modules/http-status": {
      "version": "1.5.3",
      "resolved": "https://registry.npmjs.org/http-status/-/http-status-1.5.3.tgz",
      "integrity": "sha512-jCClqdnnwigYslmtfb28vPplOgoiZ0siP2Z8C5Ua+3UKbx410v+c+jT+jh1bbI4TvcEySuX0vd/CfFZFbDkJeQ==",
      "engines": {
        "node": ">= 0.4.0"
      }
    },
    "node_modules/hyperid": {
      "version": "3.0.1",
      "resolved": "https://registry.npmjs.org/hyperid/-/hyperid-3.0.1.tgz",
      "integrity": "sha512-I+tl7TS5nsoVhkxqX1rS3Qmqlq44eoPUcgPthW8v3IW8CvWL7lwtd6HQbkDUMrBKJTG0vgEaRsjT35imW/D+9Q==",
      "peer": true,
      "dependencies": {
        "uuid": "^8.3.2",
        "uuid-parse": "^1.1.0"
      }
    },
    "node_modules/hyperid/node_modules/uuid": {
      "version": "8.3.2",
      "resolved": "https://registry.npmjs.org/uuid/-/uuid-8.3.2.tgz",
      "integrity": "sha512-+NYs2QeMWy+GWFOEm9xnn6HCDp0l7QBD7ml8zLUmJ+93Q5NF0NocErnwkTkXVFNiX3/fpC6afS8Dhb/gz7R7eg==",
      "peer": true,
      "bin": {
        "uuid": "dist/bin/uuid"
      }
    },
    "node_modules/json-merge-patch": {
      "version": "1.0.2",
      "resolved": "https://registry.npmjs.org/json-merge-patch/-/json-merge-patch-1.0.2.tgz",
      "integrity": "sha512-M6Vp2GN9L7cfuMXiWOmHj9bEFbeC250iVtcKQbqVgEsDVYnIsrNsbU+h/Y/PkbBQCtEa4Bez+Ebv0zfbC8ObLg==",
      "dependencies": {
        "fast-deep-equal": "^3.1.3"
      }
    },
    "node_modules/lodash": {
      "version": "4.17.21",
      "resolved": "https://registry.npmjs.org/lodash/-/lodash-4.17.21.tgz",
      "integrity": "sha512-v2kDEe57lecTulaDIuNTPy3Ry4gLGJ6Z1O3vE1krgXZNrsQ+LFTGHVxVjcXPs17LhbZVGedAJv8XZ1tvj5FvSg=="
    },
    "node_modules/ms": {
      "version": "2.1.2",
      "resolved": "https://registry.npmjs.org/ms/-/ms-2.1.2.tgz",
      "integrity": "sha512-sGkPx+VjMtmA6MX27oA4FBFELFCZZ4S4XqeGOXCv68tT+jb3vk/RyaKWP0PTKyWtmLSM0b+adUTEvbs1PEaH2w=="
    },
    "node_modules/openapi3-ts": {
      "version": "2.0.2",
      "resolved": "https://registry.npmjs.org/openapi3-ts/-/openapi3-ts-2.0.2.tgz",
      "integrity": "sha512-TxhYBMoqx9frXyOgnRHufjQfPXomTIHYKhSKJ6jHfj13kS8OEIhvmE8CTuQyKtjjWttAjX5DPxM1vmalEpo8Qw==",
      "dependencies": {
        "yaml": "^1.10.2"
      }
    },
    "node_modules/p-event": {
      "version": "4.2.0",
      "resolved": "https://registry.npmjs.org/p-event/-/p-event-4.2.0.tgz",
      "integrity": "sha512-KXatOjCRXXkSePPb1Nbi0p0m+gQAwdlbhi4wQKJPI1HsMQS9g+Sqp2o+QHziPr7eYJyOZet836KoHEVM1mwOrQ==",
      "peer": true,
      "dependencies": {
        "p-timeout": "^3.1.0"
      },
      "engines": {
        "node": ">=8"
      },
      "funding": {
        "url": "https://github.com/sponsors/sindresorhus"
      }
    },
    "node_modules/p-finally": {
      "version": "1.0.0",
      "resolved": "https://registry.npmjs.org/p-finally/-/p-finally-1.0.0.tgz",
      "integrity": "sha512-LICb2p9CB7FS+0eR1oqWnHhp0FljGLZCWBE9aix0Uye9W8LTQPwMTYVGWQWIw9RdQiDg4+epXQODwIYJtSJaow==",
      "peer": true,
      "engines": {
        "node": ">=4"
      }
    },
    "node_modules/p-timeout": {
      "version": "3.2.0",
      "resolved": "https://registry.npmjs.org/p-timeout/-/p-timeout-3.2.0.tgz",
      "integrity": "sha512-rhIwUycgwwKcP9yTOOFK/AKsAopjjCakVqLHePO3CC6Mir1Z99xT+R63jZxAT5lFZLa2inS5h+ZS2GvR99/FBg==",
      "peer": true,
      "dependencies": {
        "p-finally": "^1.0.0"
      },
      "engines": {
        "node": ">=8"
      }
    },
    "node_modules/reflect-metadata": {
      "version": "0.1.13",
      "resolved": "https://registry.npmjs.org/reflect-metadata/-/reflect-metadata-0.1.13.tgz",
      "integrity": "sha512-Ts1Y/anZELhSsjMcU605fU9RE4Oi3p5ORujwbIKXfWa+0Zxs510Qrmrce5/Jowq3cHSZSJqBjypxmHarc+vEWg==",
      "peer": true
    },
    "node_modules/tslib": {
      "version": "2.4.1",
      "resolved": "https://registry.npmjs.org/tslib/-/tslib-2.4.1.tgz",
      "integrity": "sha512-tGyy4dAjRIEwI7BzsB0lynWgOpfqjUdq91XXAlIWD2OwKBH7oCl/GZG/HT4BOHrTlPMOASlMQ7veyTqpmRcrNA=="
    },
    "node_modules/uuid": {
      "version": "9.0.0",
      "resolved": "https://registry.npmjs.org/uuid/-/uuid-9.0.0.tgz",
      "integrity": "sha512-MXcSTerfPa4uqyzStbRoTgt5XIe3x5+42+q1sDuy3R5MDk66URdLMOZe5aPX/SQd+kuYAh0FdP/pO28IkQyTeg==",
      "peer": true,
      "bin": {
        "uuid": "dist/bin/uuid"
      }
    },
    "node_modules/uuid-parse": {
      "version": "1.1.0",
      "resolved": "https://registry.npmjs.org/uuid-parse/-/uuid-parse-1.1.0.tgz",
      "integrity": "sha512-OdmXxA8rDsQ7YpNVbKSJkNzTw2I+S5WsbMDnCtIWSQaosNAcWtFuI/YK1TjzUI6nbkgiqEyh8gWngfcv8Asd9A==",
      "peer": true
    },
    "node_modules/yaml": {
      "version": "1.10.2",
      "resolved": "https://registry.npmjs.org/yaml/-/yaml-1.10.2.tgz",
      "integrity": "sha512-r3vXyErRCYJ7wg28yvBY5VSoAF8ZvlcW9/BwUzEtUsjvX/DKs24dIkuwjtuprwJJHsbyUbLApepYTR1BN4uHrg==",
      "engines": {
        "node": ">= 6"
      }
    }
  },
  "dependencies": {
    "@loopback/context": {
      "version": "5.0.6",
      "resolved": "https://registry.npmjs.org/@loopback/context/-/context-5.0.6.tgz",
      "integrity": "sha512-j6ECXhcq5ZhLnVpadoOnhZfsVWwaeHzxIsPr6+MiA7+8tI6EgHKbXVNnBVuJLEIKycNd9RWH1nrocpi6v0j24w==",
      "peer": true,
      "requires": {
        "@loopback/metadata": "^5.0.6",
        "@types/debug": "^4.1.7",
        "debug": "^4.3.4",
        "hyperid": "^3.0.1",
        "p-event": "^4.2.0",
        "tslib": "^2.4.1",
        "uuid": "^9.0.0"
      }
    },
    "@loopback/core": {
      "version": "4.0.6",
      "resolved": "https://registry.npmjs.org/@loopback/core/-/core-4.0.6.tgz",
      "integrity": "sha512-a097kAwwbqoDXnwBWZpJp28jKyk66Fbwkd2mvUkx4CAd1HwRZzFXnSh0e7EuBUw2VBqLyCuqjQvuwjxk2jCUXw==",
      "peer": true,
      "requires": {
        "@loopback/context": "^5.0.6",
        "debug": "^4.3.4",
        "tslib": "^2.4.1"
      }
    },
    "@loopback/metadata": {
      "version": "5.0.6",
      "resolved": "https://registry.npmjs.org/@loopback/metadata/-/metadata-5.0.6.tgz",
      "integrity": "sha512-erS8OvB7wklLor0enbkwiYeDZDkcFSG/9c/E8X4rBqZl5PwLCtAE6dY8Xi0+v+t9lbF09dVei3fiUvdqya2MrA==",
      "peer": true,
      "requires": {
        "debug": "^4.3.4",
        "lodash": "^4.17.21",
        "reflect-metadata": "^0.1.13",
        "tslib": "^2.4.1"
      }
    },
    "@types/debug": {
      "version": "4.1.7",
      "resolved": "https://registry.npmjs.org/@types/debug/-/debug-4.1.7.tgz",
      "integrity": "sha512-9AonUzyTjXXhEOa0DnqpzZi6VHlqKMswga9EXjpXnnqxwLtdvPPtlO8evrI5D9S6asFRCQ6v+wpiUKbw+vKqyg==",
      "requires": {
        "@types/ms": "*"
      }
    },
    "@types/json-merge-patch": {
      "version": "0.0.8",
      "resolved": "https://registry.npmjs.org/@types/json-merge-patch/-/json-merge-patch-0.0.8.tgz",
      "integrity": "sha512-GjTa2VDOzvWKFlFYZTkeOQ4HPDc3UmKiQ3j+cz4C/jzSPjxfZ3K4TI9dkC0PLhxrroNvklP/jRkLlK29c+ZoFw==",
      "dev": true
    },
    "@types/lodash": {
      "version": "4.14.191",
      "resolved": "https://registry.npmjs.org/@types/lodash/-/lodash-4.14.191.tgz",
      "integrity": "sha512-BdZ5BCCvho3EIXw6wUCXHe7rS53AIDPLE+JzwgT+OsJk53oBfbSmZZ7CX4VaRoN78N+TJpFi9QPlfIVNmJYWxQ==",
      "dev": true
    },
    "@types/ms": {
      "version": "0.7.31",
      "resolved": "https://registry.npmjs.org/@types/ms/-/ms-0.7.31.tgz",
      "integrity": "sha512-iiUgKzV9AuaEkZqkOLDIvlQiL6ltuZd9tGcW3gwpnX8JbuiuhFlEGmmFXEXkN50Cvq7Os88IY2v0dkDqXYWVgA=="
    },
    "@types/node": {
      "version": "14.18.35",
      "resolved": "https://registry.npmjs.org/@types/node/-/node-14.18.35.tgz",
      "integrity": "sha512-2ATO8pfhG1kDvw4Lc4C0GXIMSQFFJBCo/R1fSgTwmUlq5oy95LXyjDQinsRVgQY6gp6ghh3H91wk9ES5/5C+Tw==",
      "dev": true
    },
    "debug": {
      "version": "4.3.4",
      "resolved": "https://registry.npmjs.org/debug/-/debug-4.3.4.tgz",
      "integrity": "sha512-PRWFHuSU3eDtQJPvnNY7Jcket1j0t5OuOsFzPPzsekD52Zl8qUfFIPEiswXqIvHWGVHOgX+7G/vCNNhehwxfkQ==",
      "requires": {
        "ms": "2.1.2"
      }
    },
    "fast-deep-equal": {
      "version": "3.1.3",
      "resolved": "https://registry.npmjs.org/fast-deep-equal/-/fast-deep-equal-3.1.3.tgz",
      "integrity": "sha512-f3qQ9oQy9j2AhBe/H9VC91wLmKBCCU/gDOnKNAYG5hswO7BLKj09Hc5HYNz9cGI++xlpDCIgDaitVs03ATR84Q=="
    },
    "http-status": {
      "version": "1.5.3",
      "resolved": "https://registry.npmjs.org/http-status/-/http-status-1.5.3.tgz",
      "integrity": "sha512-jCClqdnnwigYslmtfb28vPplOgoiZ0siP2Z8C5Ua+3UKbx410v+c+jT+jh1bbI4TvcEySuX0vd/CfFZFbDkJeQ=="
    },
    "hyperid": {
      "version": "3.0.1",
      "resolved": "https://registry.npmjs.org/hyperid/-/hyperid-3.0.1.tgz",
      "integrity": "sha512-I+tl7TS5nsoVhkxqX1rS3Qmqlq44eoPUcgPthW8v3IW8CvWL7lwtd6HQbkDUMrBKJTG0vgEaRsjT35imW/D+9Q==",
      "peer": true,
      "requires": {
        "uuid": "^8.3.2",
        "uuid-parse": "^1.1.0"
      },
      "dependencies": {
        "uuid": {
          "version": "8.3.2",
          "resolved": "https://registry.npmjs.org/uuid/-/uuid-8.3.2.tgz",
          "integrity": "sha512-+NYs2QeMWy+GWFOEm9xnn6HCDp0l7QBD7ml8zLUmJ+93Q5NF0NocErnwkTkXVFNiX3/fpC6afS8Dhb/gz7R7eg==",
          "peer": true
        }
      }
    },
    "json-merge-patch": {
      "version": "1.0.2",
      "resolved": "https://registry.npmjs.org/json-merge-patch/-/json-merge-patch-1.0.2.tgz",
      "integrity": "sha512-M6Vp2GN9L7cfuMXiWOmHj9bEFbeC250iVtcKQbqVgEsDVYnIsrNsbU+h/Y/PkbBQCtEa4Bez+Ebv0zfbC8ObLg==",
      "requires": {
        "fast-deep-equal": "^3.1.3"
      }
    },
    "lodash": {
      "version": "4.17.21",
      "resolved": "https://registry.npmjs.org/lodash/-/lodash-4.17.21.tgz",
      "integrity": "sha512-v2kDEe57lecTulaDIuNTPy3Ry4gLGJ6Z1O3vE1krgXZNrsQ+LFTGHVxVjcXPs17LhbZVGedAJv8XZ1tvj5FvSg=="
    },
    "ms": {
      "version": "2.1.2",
      "resolved": "https://registry.npmjs.org/ms/-/ms-2.1.2.tgz",
      "integrity": "sha512-sGkPx+VjMtmA6MX27oA4FBFELFCZZ4S4XqeGOXCv68tT+jb3vk/RyaKWP0PTKyWtmLSM0b+adUTEvbs1PEaH2w=="
    },
    "openapi3-ts": {
      "version": "2.0.2",
      "resolved": "https://registry.npmjs.org/openapi3-ts/-/openapi3-ts-2.0.2.tgz",
      "integrity": "sha512-TxhYBMoqx9frXyOgnRHufjQfPXomTIHYKhSKJ6jHfj13kS8OEIhvmE8CTuQyKtjjWttAjX5DPxM1vmalEpo8Qw==",
      "requires": {
        "yaml": "^1.10.2"
      }
    },
    "p-event": {
      "version": "4.2.0",
      "resolved": "https://registry.npmjs.org/p-event/-/p-event-4.2.0.tgz",
      "integrity": "sha512-KXatOjCRXXkSePPb1Nbi0p0m+gQAwdlbhi4wQKJPI1HsMQS9g+Sqp2o+QHziPr7eYJyOZet836KoHEVM1mwOrQ==",
      "peer": true,
      "requires": {
        "p-timeout": "^3.1.0"
      }
    },
    "p-finally": {
      "version": "1.0.0",
      "resolved": "https://registry.npmjs.org/p-finally/-/p-finally-1.0.0.tgz",
      "integrity": "sha512-LICb2p9CB7FS+0eR1oqWnHhp0FljGLZCWBE9aix0Uye9W8LTQPwMTYVGWQWIw9RdQiDg4+epXQODwIYJtSJaow==",
      "peer": true
    },
    "p-timeout": {
      "version": "3.2.0",
      "resolved": "https://registry.npmjs.org/p-timeout/-/p-timeout-3.2.0.tgz",
      "integrity": "sha512-rhIwUycgwwKcP9yTOOFK/AKsAopjjCakVqLHePO3CC6Mir1Z99xT+R63jZxAT5lFZLa2inS5h+ZS2GvR99/FBg==",
      "peer": true,
      "requires": {
        "p-finally": "^1.0.0"
      }
    },
    "reflect-metadata": {
      "version": "0.1.13",
      "resolved": "https://registry.npmjs.org/reflect-metadata/-/reflect-metadata-0.1.13.tgz",
      "integrity": "sha512-Ts1Y/anZELhSsjMcU605fU9RE4Oi3p5ORujwbIKXfWa+0Zxs510Qrmrce5/Jowq3cHSZSJqBjypxmHarc+vEWg==",
      "peer": true
    },
    "tslib": {
      "version": "2.4.1",
      "resolved": "https://registry.npmjs.org/tslib/-/tslib-2.4.1.tgz",
      "integrity": "sha512-tGyy4dAjRIEwI7BzsB0lynWgOpfqjUdq91XXAlIWD2OwKBH7oCl/GZG/HT4BOHrTlPMOASlMQ7veyTqpmRcrNA=="
    },
    "uuid": {
      "version": "9.0.0",
      "resolved": "https://registry.npmjs.org/uuid/-/uuid-9.0.0.tgz",
      "integrity": "sha512-MXcSTerfPa4uqyzStbRoTgt5XIe3x5+42+q1sDuy3R5MDk66URdLMOZe5aPX/SQd+kuYAh0FdP/pO28IkQyTeg==",
      "peer": true
    },
    "uuid-parse": {
      "version": "1.1.0",
      "resolved": "https://registry.npmjs.org/uuid-parse/-/uuid-parse-1.1.0.tgz",
      "integrity": "sha512-OdmXxA8rDsQ7YpNVbKSJkNzTw2I+S5WsbMDnCtIWSQaosNAcWtFuI/YK1TjzUI6nbkgiqEyh8gWngfcv8Asd9A==",
      "peer": true
    },
    "yaml": {
      "version": "1.10.2",
      "resolved": "https://registry.npmjs.org/yaml/-/yaml-1.10.2.tgz",
      "integrity": "sha512-r3vXyErRCYJ7wg28yvBY5VSoAF8ZvlcW9/BwUzEtUsjvX/DKs24dIkuwjtuprwJJHsbyUbLApepYTR1BN4uHrg=="
    }
  }
}
